Microsoft Visual Studio Solution File, Format Version 12.00
# Visual Studio 2013
VisualStudioVersion = 12.0.31101.0
MinimumVisualStudioVersion = 10.0.40219.1
Project("{8BC9CEB8-8B4A-11D0-8D11-00A0C91BC942}") = "mruby-cef", "mruby-cef\mruby-cef.vcxproj", "{6AADBA6E-14BE-4A92-BADB-4D5DBAFAC4CD}"
EndProject
Project("{8BC9CEB8-8B4A-11D0-8D11-00A0C91BC942}") = "mruby", "mruby\mruby.vcxproj", "{12866661-9EB3-410E-A14B-D6586D5B977F}"
EndProject
Project("{8BC9CEB8-8B4A-11D0-8D11-00A0C91BC942}") = "mruby-apr", "mruby-apr\mruby-apr.vcxproj", "{5EAF8122-3860-441A-9A12-C824E30BA779}"
EndProject
Project("{8BC9CEB8-8B4A-11D0-8D11-00A0C91BC942}") = "mruby-lamina", "mruby-lamina\mruby-lamina.vcxproj", "{B781F33F-6E01-4C0D-9259-B78D08306B3D}"
EndProject
Project("{8BC9CEB8-8B4A-11D0-8D11-00A0C91BC942}") = "c2lsjson", "c2ldjson\c2lsjson.vcxproj", "{DC5D7E17-3867-4A50-B7AD-474786FF259C}"
EndProject
Global
	GlobalSection(SolutionConfigurationPlatforms) = preSolution
		Debug|Win32 = Debug|Win32
		MinSizeRel|Win32 = MinSizeRel|Win32
		Release|Win32 = Release|Win32
		RelWithDebInfo|Win32 = RelWithDebInfo|Win32
	EndGlobalSection
	GlobalSection(ProjectConfigurationPlatforms) = postSolution
		{6AADBA6E-14BE-4A92-BADB-4D5DBAFAC4CD}.Debug|Win32.ActiveCfg = Debug|Win32
		{6AADBA6E-14BE-4A92-BADB-4D5DBAFAC4CD}.Debug|Win32.Build.0 = Debug|Win32
		{6AADBA6E-14BE-4A92-BADB-4D5DBAFAC4CD}.MinSizeRel|Win32.ActiveCfg = Release|Win32
		{6AADBA6E-14BE-4A92-BADB-4D5DBAFAC4CD}.MinSizeRel|Win32.Build.0 = Release|Win32
		{6AADBA6E-14BE-4A92-BADB-4D5DBAFAC4CD}.Release|Win32.ActiveCfg = Release|Win32
		{6AADBA6E-14BE-4A92-BADB-4D5DBAFAC4CD}.Release|Win32.Build.0 = Release|Win32
		{6AADBA6E-14BE-4A92-BADB-4D5DBAFAC4CD}.RelWithDebInfo|Win32.ActiveCfg = Release|Win32
		{6AADBA6E-14BE-4A92-BADB-4D5DBAFAC4CD}.RelWithDebInfo|Win32.Build.0 = Release|Win32
		{12866661-9EB3-410E-A14B-D6586D5B977F}.Debug|Win32.ActiveCfg = Debug|Win32
		{12866661-9EB3-410E-A14B-D6586D5B977F}.Debug|Win32.Build.0 = Debug|Win32
		{12866661-9EB3-410E-A14B-D6586D5B977F}.MinSizeRel|Win32.ActiveCfg = Release|Win32
		{12866661-9EB3-410E-A14B-D6586D5B977F}.MinSizeRel|Win32.Build.0 = Release|Win32
		{12866661-9EB3-410E-A14B-D6586D5B977F}.Release|Win32.ActiveCfg = Release|Win32
		{12866661-9EB3-410E-A14B-D6586D5B977F}.Release|Win32.Build.0 = Release|Win32
		{12866661-9EB3-410E-A14B-D6586D5B977F}.RelWithDebInfo|Win32.ActiveCfg = Release|Win32
		{12866661-9EB3-410E-A14B-D6586D5B977F}.RelWithDebInfo|Win32.Build.0 = Release|Win32
		{5EAF8122-3860-441A-9A12-C824E30BA779}.Debug|Win32.ActiveCfg = Debug|Win32
		{5EAF8122-3860-441A-9A12-C824E30BA779}.Debug|Win32.Build.0 = Debug|Win32
		{5EAF8122-3860-441A-9A12-C824E30BA779}.MinSizeRel|Win32.ActiveCfg = Release|Win32
		{5EAF8122-3860-441A-9A12-C824E30BA779}.MinSizeRel|Win32.Build.0 = Release|Win32
		{5EAF8122-3860-441A-9A12-C824E30BA779}.Release|Win32.ActiveCfg = Release|Win32
		{5EAF8122-3860-441A-9A12-C824E30BA779}.Release|Win32.Build.0 = Release|Win32
		{5EAF8122-3860-441A-9A12-C824E30BA779}.RelWithDebInfo|Win32.ActiveCfg = Release|Win32
		{5EAF8122-3860-441A-9A12-C824E30BA779}.RelWithDebInfo|Win32.Build.0 = Release|Win32
		{B781F33F-6E01-4C0D-9259-B78D08306B3D}.Debug|Win32.ActiveCfg = Debug|Win32
		{B781F33F-6E01-4C0D-9259-B78D08306B3D}.Debug|Win32.Build.0 = Debug|Win32
		{B781F33F-6E01-4C0D-9259-B78D08306B3D}.MinSizeRel|Win32.ActiveCfg = Release|Win32
		{B781F33F-6E01-4C0D-9259-B78D08306B3D}.MinSizeRel|Win32.Build.0 = Release|Win32
		{B781F33F-6E01-4C0D-9259-B78D08306B3D}.Release|Win32.ActiveCfg = Release|Win32
		{B781F33F-6E01-4C0D-9259-B78D08306B3D}.Release|Win32.Build.0 = Release|Win32
		{B781F33F-6E01-4C0D-9259-B78D08306B3D}.RelWithDebInfo|Win32.ActiveCfg = Release|Win32
		{B781F33F-6E01-4C0D-9259-B78D08306B3D}.RelWithDebInfo|Win32.Build.0 = Release|Win32
		{DC5D7E17-3867-4A50-B7AD-474786FF259C}.Debug|Win32.ActiveCfg = Debug|Win32
		{DC5D7E17-3867-4A50-B7AD-474786FF259C}.Debug|Win32.Build.0 = Debug|Win32
		{DC5D7E17-3867-4A50-B7AD-474786FF259C}.MinSizeRel|Win32.ActiveCfg = Release|Win32
		{DC5D7E17-3867-4A50-B7AD-474786FF259C}.MinSizeRel|Win32.Build.0 = Release|Win32
		{DC5D7E17-3867-4A50-B7AD-474786FF259C}.Release|Win32.ActiveCfg = Release|Win32
		{DC5D7E17-3867-4A50-B7AD-474786FF259C}.Release|Win32.Build.0 = Release|Win32
		{DC5D7E17-3867-4A50-B7AD-474786FF259C}.RelWithDebInfo|Win32.ActiveCfg = Release|Win32
		{DC5D7E17-3867-4A50-B7AD-474786FF259C}.RelWithDebInfo|Win32.Build.0 = Release|Win32
	EndGlobalSection
	GlobalSection(SolutionProperties) = preSolution
		HideSolutionNode = FALSE
	EndGlobalSection
EndGlobal
