<?xml version="1.0" encoding="utf-8"?>
<Project ToolsVersion="4.0" xmlns="http://schemas.microsoft.com/developer/msbuild/2003">
  <ItemGroup>
    <Filter Include="Source Files">
      <UniqueIdentifier>{4FC737F1-C7A5-4376-A066-2A32D752A2FF}</UniqueIdentifier>
      <Extensions>cpp;c;cc;cxx;def;odl;idl;hpj;bat;asm;asmx</Extensions>
    </Filter>
    <Filter Include="Header Files">
      <UniqueIdentifier>{93995380-89BD-4b04-88EB-625FBE52EBFB}</UniqueIdentifier>
      <Extensions>h;hh;hpp;hxx;hm;inl;inc;xsd</Extensions>
    </Filter>
    <Filter Include="Resource Files">
      <UniqueIdentifier>{67DA6AB6-F800-4c08-8B7A-83BB121AAD01}</UniqueIdentifier>
      <Extensions>rc;ico;cur;bmp;dlg;rc2;rct;bin;rgs;gif;jpg;jpeg;jpe;resx;tiff;tif;png;wav;mfcribbon-ms</Extensions>
    </Filter>
  </ItemGroup>
  <ItemGroup>
    <Text Include="readme.txt" />
  </ItemGroup>
  <ItemGroup>
    <ClCompile Include="..\..\mrbgems\mruby-cef\src\mruby_cef.cpp">
      <Filter>Source Files</Filter>
    </ClCompile>
    <ClCompile Include="..\..\mrbgems\mruby-cef\src\mruby_v8_handler.cpp">
      <Filter>Source Files</Filter>
    </ClCompile>
  </ItemGroup>
  <ItemGroup>
    <None Include="..\..\mrbgems\mruby-cef\mrbgem.rake" />
    <None Include="..\..\mrbgems\mruby-cef\README.md" />
    <None Include="..\..\mruby-1.1.0\build_config.rb" />
  </ItemGroup>
  <ItemGroup>
    <ClInclude Include="..\..\mrbgems\mruby-cef\cef\include\base\cef_atomicops.h">
      <Filter>Header Files</Filter>
    </ClInclude>
    <ClInclude Include="..\..\mrbgems\mruby-cef\cef\include\base\cef_atomic_ref_count.h">
      <Filter>Header Files</Filter>
    </ClInclude>
    <ClInclude Include="..\..\mrbgems\mruby-cef\cef\include\base\cef_basictypes.h">
      <Filter>Header Files</Filter>
    </ClInclude>
    <ClInclude Include="..\..\mrbgems\mruby-cef\cef\include\base\cef_bind.h">
      <Filter>Header Files</Filter>
    </ClInclude>
    <ClInclude Include="..\..\mrbgems\mruby-cef\cef\include\base\cef_bind_helpers.h">
      <Filter>Header Files</Filter>
    </ClInclude>
    <ClInclude Include="..\..\mrbgems\mruby-cef\cef\include\base\cef_build.h">
      <Filter>Header Files</Filter>
    </ClInclude>
    <ClInclude Include="..\..\mrbgems\mruby-cef\cef\include\base\cef_callback.h">
      <Filter>Header Files</Filter>
    </ClInclude>
    <ClInclude Include="..\..\mrbgems\mruby-cef\cef\include\base\cef_callback_forward.h">
      <Filter>Header Files</Filter>
    </ClInclude>
    <ClInclude Include="..\..\mrbgems\mruby-cef\cef\include\base\cef_callback_helpers.h">
      <Filter>Header Files</Filter>
    </ClInclude>
    <ClInclude Include="..\..\mrbgems\mruby-cef\cef\include\base\cef_callback_list.h">
      <Filter>Header Files</Filter>
    </ClInclude>
    <ClInclude Include="..\..\mrbgems\mruby-cef\cef\include\base\cef_cancelable_callback.h">
      <Filter>Header Files</Filter>
    </ClInclude>
    <ClInclude Include="..\..\mrbgems\mruby-cef\cef\include\base\cef_lock.h">
      <Filter>Header Files</Filter>
    </ClInclude>
    <ClInclude Include="..\..\mrbgems\mruby-cef\cef\include\base\cef_logging.h">
      <Filter>Header Files</Filter>
    </ClInclude>
    <ClInclude Include="..\..\mrbgems\mruby-cef\cef\include\base\cef_macros.h">
      <Filter>Header Files</Filter>
    </ClInclude>
    <ClInclude Include="..\..\mrbgems\mruby-cef\cef\include\base\cef_move.h">
      <Filter>Header Files</Filter>
    </ClInclude>
    <ClInclude Include="..\..\mrbgems\mruby-cef\cef\include\base\cef_platform_thread.h">
      <Filter>Header Files</Filter>
    </ClInclude>
    <ClInclude Include="..\..\mrbgems\mruby-cef\cef\include\base\cef_ref_counted.h">
      <Filter>Header Files</Filter>
    </ClInclude>
    <ClInclude Include="..\..\mrbgems\mruby-cef\cef\include\base\cef_scoped_ptr.h">
      <Filter>Header Files</Filter>
    </ClInclude>
    <ClInclude Include="..\..\mrbgems\mruby-cef\cef\include\base\cef_string16.h">
      <Filter>Header Files</Filter>
    </ClInclude>
    <ClInclude Include="..\..\mrbgems\mruby-cef\cef\include\base\cef_template_util.h">
      <Filter>Header Files</Filter>
    </ClInclude>
    <ClInclude Include="..\..\mrbgems\mruby-cef\cef\include\base\cef_thread_checker.h">
      <Filter>Header Files</Filter>
    </ClInclude>
    <ClInclude Include="..\..\mrbgems\mruby-cef\cef\include\base\cef_thread_collision_warner.h">
      <Filter>Header Files</Filter>
    </ClInclude>
    <ClInclude Include="..\..\mrbgems\mruby-cef\cef\include\base\cef_trace_event.h">
      <Filter>Header Files</Filter>
    </ClInclude>
    <ClInclude Include="..\..\mrbgems\mruby-cef\cef\include\base\cef_tuple.h">
      <Filter>Header Files</Filter>
    </ClInclude>
    <ClInclude Include="..\..\mrbgems\mruby-cef\cef\include\base\cef_weak_ptr.h">
      <Filter>Header Files</Filter>
    </ClInclude>
    <ClInclude Include="..\..\mrbgems\mruby-cef\cef\include\base\internal\cef_atomicops_x86_msvc.h">
      <Filter>Header Files</Filter>
    </ClInclude>
    <ClInclude Include="..\..\mrbgems\mruby-cef\cef\include\base\internal\cef_bind_internal.h">
      <Filter>Header Files</Filter>
    </ClInclude>
    <ClInclude Include="..\..\mrbgems\mruby-cef\cef\include\base\internal\cef_bind_internal_win.h">
      <Filter>Header Files</Filter>
    </ClInclude>
    <ClInclude Include="..\..\mrbgems\mruby-cef\cef\include\base\internal\cef_callback_internal.h">
      <Filter>Header Files</Filter>
    </ClInclude>
    <ClInclude Include="..\..\mrbgems\mruby-cef\cef\include\base\internal\cef_lock_impl.h">
      <Filter>Header Files</Filter>
    </ClInclude>
    <ClInclude Include="..\..\mrbgems\mruby-cef\cef\include\base\internal\cef_raw_scoped_refptr_mismatch_checker.h">
      <Filter>Header Files</Filter>
    </ClInclude>
    <ClInclude Include="..\..\mrbgems\mruby-cef\cef\include\base\internal\cef_thread_checker_impl.h">
      <Filter>Header Files</Filter>
    </ClInclude>
    <ClInclude Include="..\..\mrbgems\mruby-cef\cef\include\capi\cef_app_capi.h">
      <Filter>Header Files</Filter>
    </ClInclude>
    <ClInclude Include="..\..\mrbgems\mruby-cef\cef\include\capi\cef_auth_callback_capi.h">
      <Filter>Header Files</Filter>
    </ClInclude>
    <ClInclude Include="..\..\mrbgems\mruby-cef\cef\include\capi\cef_base_capi.h">
      <Filter>Header Files</Filter>
    </ClInclude>
    <ClInclude Include="..\..\mrbgems\mruby-cef\cef\include\capi\cef_browser_capi.h">
      <Filter>Header Files</Filter>
    </ClInclude>
    <ClInclude Include="..\..\mrbgems\mruby-cef\cef\include\capi\cef_browser_process_handler_capi.h">
      <Filter>Header Files</Filter>
    </ClInclude>
    <ClInclude Include="..\..\mrbgems\mruby-cef\cef\include\capi\cef_callback_capi.h">
      <Filter>Header Files</Filter>
    </ClInclude>
    <ClInclude Include="..\..\mrbgems\mruby-cef\cef\include\capi\cef_client_capi.h">
      <Filter>Header Files</Filter>
    </ClInclude>
    <ClInclude Include="..\..\mrbgems\mruby-cef\cef\include\capi\cef_command_line_capi.h">
      <Filter>Header Files</Filter>
    </ClInclude>
    <ClInclude Include="..\..\mrbgems\mruby-cef\cef\include\capi\cef_context_menu_handler_capi.h">
      <Filter>Header Files</Filter>
    </ClInclude>
    <ClInclude Include="..\..\mrbgems\mruby-cef\cef\include\capi\cef_cookie_capi.h">
      <Filter>Header Files</Filter>
    </ClInclude>
    <ClInclude Include="..\..\mrbgems\mruby-cef\cef\include\capi\cef_dialog_handler_capi.h">
      <Filter>Header Files</Filter>
    </ClInclude>
    <ClInclude Include="..\..\mrbgems\mruby-cef\cef\include\capi\cef_display_handler_capi.h">
      <Filter>Header Files</Filter>
    </ClInclude>
    <ClInclude Include="..\..\mrbgems\mruby-cef\cef\include\capi\cef_dom_capi.h">
      <Filter>Header Files</Filter>
    </ClInclude>
    <ClInclude Include="..\..\mrbgems\mruby-cef\cef\include\capi\cef_download_handler_capi.h">
      <Filter>Header Files</Filter>
    </ClInclude>
    <ClInclude Include="..\..\mrbgems\mruby-cef\cef\include\capi\cef_download_item_capi.h">
      <Filter>Header Files</Filter>
    </ClInclude>
    <ClInclude Include="..\..\mrbgems\mruby-cef\cef\include\capi\cef_drag_data_capi.h">
      <Filter>Header Files</Filter>
    </ClInclude>
    <ClInclude Include="..\..\mrbgems\mruby-cef\cef\include\capi\cef_drag_handler_capi.h">
      <Filter>Header Files</Filter>
    </ClInclude>
    <ClInclude Include="..\..\mrbgems\mruby-cef\cef\include\capi\cef_focus_handler_capi.h">
      <Filter>Header Files</Filter>
    </ClInclude>
    <ClInclude Include="..\..\mrbgems\mruby-cef\cef\include\capi\cef_frame_capi.h">
      <Filter>Header Files</Filter>
    </ClInclude>
    <ClInclude Include="..\..\mrbgems\mruby-cef\cef\include\capi\cef_geolocation_capi.h">
      <Filter>Header Files</Filter>
    </ClInclude>
    <ClInclude Include="..\..\mrbgems\mruby-cef\cef\include\capi\cef_geolocation_handler_capi.h">
      <Filter>Header Files</Filter>
    </ClInclude>
    <ClInclude Include="..\..\mrbgems\mruby-cef\cef\include\capi\cef_jsdialog_handler_capi.h">
      <Filter>Header Files</Filter>
    </ClInclude>
    <ClInclude Include="..\..\mrbgems\mruby-cef\cef\include\capi\cef_keyboard_handler_capi.h">
      <Filter>Header Files</Filter>
    </ClInclude>
    <ClInclude Include="..\..\mrbgems\mruby-cef\cef\include\capi\cef_life_span_handler_capi.h">
      <Filter>Header Files</Filter>
    </ClInclude>
    <ClInclude Include="..\..\mrbgems\mruby-cef\cef\include\capi\cef_load_handler_capi.h">
      <Filter>Header Files</Filter>
    </ClInclude>
    <ClInclude Include="..\..\mrbgems\mruby-cef\cef\include\capi\cef_menu_model_capi.h">
      <Filter>Header Files</Filter>
    </ClInclude>
    <ClInclude Include="..\..\mrbgems\mruby-cef\cef\include\capi\cef_navigation_entry_capi.h">
      <Filter>Header Files</Filter>
    </ClInclude>
    <ClInclude Include="..\..\mrbgems\mruby-cef\cef\include\capi\cef_origin_whitelist_capi.h">
      <Filter>Header Files</Filter>
    </ClInclude>
    <ClInclude Include="..\..\mrbgems\mruby-cef\cef\include\capi\cef_path_util_capi.h">
      <Filter>Header Files</Filter>
    </ClInclude>
    <ClInclude Include="..\..\mrbgems\mruby-cef\cef\include\capi\cef_print_handler_capi.h">
      <Filter>Header Files</Filter>
    </ClInclude>
    <ClInclude Include="..\..\mrbgems\mruby-cef\cef\include\capi\cef_print_settings_capi.h">
      <Filter>Header Files</Filter>
    </ClInclude>
    <ClInclude Include="..\..\mrbgems\mruby-cef\cef\include\capi\cef_process_message_capi.h">
      <Filter>Header Files</Filter>
    </ClInclude>
    <ClInclude Include="..\..\mrbgems\mruby-cef\cef\include\capi\cef_process_util_capi.h">
      <Filter>Header Files</Filter>
    </ClInclude>
    <ClInclude Include="..\..\mrbgems\mruby-cef\cef\include\capi\cef_render_handler_capi.h">
      <Filter>Header Files</Filter>
    </ClInclude>
    <ClInclude Include="..\..\mrbgems\mruby-cef\cef\include\capi\cef_render_process_handler_capi.h">
      <Filter>Header Files</Filter>
    </ClInclude>
    <ClInclude Include="..\..\mrbgems\mruby-cef\cef\include\capi\cef_request_capi.h">
      <Filter>Header Files</Filter>
    </ClInclude>
    <ClInclude Include="..\..\mrbgems\mruby-cef\cef\include\capi\cef_request_context_capi.h">
      <Filter>Header Files</Filter>
    </ClInclude>
    <ClInclude Include="..\..\mrbgems\mruby-cef\cef\include\capi\cef_request_context_handler_capi.h">
      <Filter>Header Files</Filter>
    </ClInclude>
    <ClInclude Include="..\..\mrbgems\mruby-cef\cef\include\capi\cef_request_handler_capi.h">
      <Filter>Header Files</Filter>
    </ClInclude>
    <ClInclude Include="..\..\mrbgems\mruby-cef\cef\include\capi\cef_resource_bundle_handler_capi.h">
      <Filter>Header Files</Filter>
    </ClInclude>
    <ClInclude Include="..\..\mrbgems\mruby-cef\cef\include\capi\cef_resource_handler_capi.h">
      <Filter>Header Files</Filter>
    </ClInclude>
    <ClInclude Include="..\..\mrbgems\mruby-cef\cef\include\capi\cef_response_capi.h">
      <Filter>Header Files</Filter>
    </ClInclude>
    <ClInclude Include="..\..\mrbgems\mruby-cef\cef\include\capi\cef_scheme_capi.h">
      <Filter>Header Files</Filter>
    </ClInclude>
    <ClInclude Include="..\..\mrbgems\mruby-cef\cef\include\capi\cef_stream_capi.h">
      <Filter>Header Files</Filter>
    </ClInclude>
    <ClInclude Include="..\..\mrbgems\mruby-cef\cef\include\capi\cef_string_visitor_capi.h">
      <Filter>Header Files</Filter>
    </ClInclude>
    <ClInclude Include="..\..\mrbgems\mruby-cef\cef\include\capi\cef_task_capi.h">
      <Filter>Header Files</Filter>
    </ClInclude>
    <ClInclude Include="..\..\mrbgems\mruby-cef\cef\include\capi\cef_trace_capi.h">
      <Filter>Header Files</Filter>
    </ClInclude>
    <ClInclude Include="..\..\mrbgems\mruby-cef\cef\include\capi\cef_urlrequest_capi.h">
      <Filter>Header Files</Filter>
    </ClInclude>
    <ClInclude Include="..\..\mrbgems\mruby-cef\cef\include\capi\cef_url_capi.h">
      <Filter>Header Files</Filter>
    </ClInclude>
    <ClInclude Include="..\..\mrbgems\mruby-cef\cef\include\capi\cef_v8_capi.h">
      <Filter>Header Files</Filter>
    </ClInclude>
    <ClInclude Include="..\..\mrbgems\mruby-cef\cef\include\capi\cef_values_capi.h">
      <Filter>Header Files</Filter>
    </ClInclude>
    <ClInclude Include="..\..\mrbgems\mruby-cef\cef\include\capi\cef_web_plugin_capi.h">
      <Filter>Header Files</Filter>
    </ClInclude>
    <ClInclude Include="..\..\mrbgems\mruby-cef\cef\include\capi\cef_xml_reader_capi.h">
      <Filter>Header Files</Filter>
    </ClInclude>
    <ClInclude Include="..\..\mrbgems\mruby-cef\cef\include\capi\cef_zip_reader_capi.h">
      <Filter>Header Files</Filter>
    </ClInclude>
    <ClInclude Include="..\..\mrbgems\mruby-cef\cef\include\cef_app.h">
      <Filter>Header Files</Filter>
    </ClInclude>
    <ClInclude Include="..\..\mrbgems\mruby-cef\cef\include\cef_auth_callback.h">
      <Filter>Header Files</Filter>
    </ClInclude>
    <ClInclude Include="..\..\mrbgems\mruby-cef\cef\include\cef_base.h">
      <Filter>Header Files</Filter>
    </ClInclude>
    <ClInclude Include="..\..\mrbgems\mruby-cef\cef\include\cef_browser.h">
      <Filter>Header Files</Filter>
    </ClInclude>
    <ClInclude Include="..\..\mrbgems\mruby-cef\cef\include\cef_browser_process_handler.h">
      <Filter>Header Files</Filter>
    </ClInclude>
    <ClInclude Include="..\..\mrbgems\mruby-cef\cef\include\cef_callback.h">
      <Filter>Header Files</Filter>
    </ClInclude>
    <ClInclude Include="..\..\mrbgems\mruby-cef\cef\include\cef_client.h">
      <Filter>Header Files</Filter>
    </ClInclude>
    <ClInclude Include="..\..\mrbgems\mruby-cef\cef\include\cef_command_line.h">
      <Filter>Header Files</Filter>
    </ClInclude>
    <ClInclude Include="..\..\mrbgems\mruby-cef\cef\include\cef_context_menu_handler.h">
      <Filter>Header Files</Filter>
    </ClInclude>
    <ClInclude Include="..\..\mrbgems\mruby-cef\cef\include\cef_cookie.h">
      <Filter>Header Files</Filter>
    </ClInclude>
    <ClInclude Include="..\..\mrbgems\mruby-cef\cef\include\cef_dialog_handler.h">
      <Filter>Header Files</Filter>
    </ClInclude>
    <ClInclude Include="..\..\mrbgems\mruby-cef\cef\include\cef_display_handler.h">
      <Filter>Header Files</Filter>
    </ClInclude>
    <ClInclude Include="..\..\mrbgems\mruby-cef\cef\include\cef_dom.h">
      <Filter>Header Files</Filter>
    </ClInclude>
    <ClInclude Include="..\..\mrbgems\mruby-cef\cef\include\cef_download_handler.h">
      <Filter>Header Files</Filter>
    </ClInclude>
    <ClInclude Include="..\..\mrbgems\mruby-cef\cef\include\cef_download_item.h">
      <Filter>Header Files</Filter>
    </ClInclude>
    <ClInclude Include="..\..\mrbgems\mruby-cef\cef\include\cef_drag_data.h">
      <Filter>Header Files</Filter>
    </ClInclude>
    <ClInclude Include="..\..\mrbgems\mruby-cef\cef\include\cef_drag_handler.h">
      <Filter>Header Files</Filter>
    </ClInclude>
    <ClInclude Include="..\..\mrbgems\mruby-cef\cef\include\cef_focus_handler.h">
      <Filter>Header Files</Filter>
    </ClInclude>
    <ClInclude Include="..\..\mrbgems\mruby-cef\cef\include\cef_frame.h">
      <Filter>Header Files</Filter>
    </ClInclude>
    <ClInclude Include="..\..\mrbgems\mruby-cef\cef\include\cef_geolocation.h">
      <Filter>Header Files</Filter>
    </ClInclude>
    <ClInclude Include="..\..\mrbgems\mruby-cef\cef\include\cef_geolocation_handler.h">
      <Filter>Header Files</Filter>
    </ClInclude>
    <ClInclude Include="..\..\mrbgems\mruby-cef\cef\include\cef_jsdialog_handler.h">
      <Filter>Header Files</Filter>
    </ClInclude>
    <ClInclude Include="..\..\mrbgems\mruby-cef\cef\include\cef_keyboard_handler.h">
      <Filter>Header Files</Filter>
    </ClInclude>
    <ClInclude Include="..\..\mrbgems\mruby-cef\cef\include\cef_life_span_handler.h">
      <Filter>Header Files</Filter>
    </ClInclude>
    <ClInclude Include="..\..\mrbgems\mruby-cef\cef\include\cef_load_handler.h">
      <Filter>Header Files</Filter>
    </ClInclude>
    <ClInclude Include="..\..\mrbgems\mruby-cef\cef\include\cef_menu_model.h">
      <Filter>Header Files</Filter>
    </ClInclude>
    <ClInclude Include="..\..\mrbgems\mruby-cef\cef\include\cef_navigation_entry.h">
      <Filter>Header Files</Filter>
    </ClInclude>
    <ClInclude Include="..\..\mrbgems\mruby-cef\cef\include\cef_origin_whitelist.h">
      <Filter>Header Files</Filter>
    </ClInclude>
    <ClInclude Include="..\..\mrbgems\mruby-cef\cef\include\cef_pack_resources.h">
      <Filter>Header Files</Filter>
    </ClInclude>
    <ClInclude Include="..\..\mrbgems\mruby-cef\cef\include\cef_pack_strings.h">
      <Filter>Header Files</Filter>
    </ClInclude>
    <ClInclude Include="..\..\mrbgems\mruby-cef\cef\include\cef_path_util.h">
      <Filter>Header Files</Filter>
    </ClInclude>
    <ClInclude Include="..\..\mrbgems\mruby-cef\cef\include\cef_print_handler.h">
      <Filter>Header Files</Filter>
    </ClInclude>
    <ClInclude Include="..\..\mrbgems\mruby-cef\cef\include\cef_print_settings.h">
      <Filter>Header Files</Filter>
    </ClInclude>
    <ClInclude Include="..\..\mrbgems\mruby-cef\cef\include\cef_process_message.h">
      <Filter>Header Files</Filter>
    </ClInclude>
    <ClInclude Include="..\..\mrbgems\mruby-cef\cef\include\cef_process_util.h">
      <Filter>Header Files</Filter>
    </ClInclude>
    <ClInclude Include="..\..\mrbgems\mruby-cef\cef\include\cef_render_handler.h">
      <Filter>Header Files</Filter>
    </ClInclude>
    <ClInclude Include="..\..\mrbgems\mruby-cef\cef\include\cef_render_process_handler.h">
      <Filter>Header Files</Filter>
    </ClInclude>
    <ClInclude Include="..\..\mrbgems\mruby-cef\cef\include\cef_request.h">
      <Filter>Header Files</Filter>
    </ClInclude>
    <ClInclude Include="..\..\mrbgems\mruby-cef\cef\include\cef_request_context.h">
      <Filter>Header Files</Filter>
    </ClInclude>
    <ClInclude Include="..\..\mrbgems\mruby-cef\cef\include\cef_request_context_handler.h">
      <Filter>Header Files</Filter>
    </ClInclude>
    <ClInclude Include="..\..\mrbgems\mruby-cef\cef\include\cef_request_handler.h">
      <Filter>Header Files</Filter>
    </ClInclude>
    <ClInclude Include="..\..\mrbgems\mruby-cef\cef\include\cef_resource_bundle_handler.h">
      <Filter>Header Files</Filter>
    </ClInclude>
    <ClInclude Include="..\..\mrbgems\mruby-cef\cef\include\cef_resource_handler.h">
      <Filter>Header Files</Filter>
    </ClInclude>
    <ClInclude Include="..\..\mrbgems\mruby-cef\cef\include\cef_response.h">
      <Filter>Header Files</Filter>
    </ClInclude>
    <ClInclude Include="..\..\mrbgems\mruby-cef\cef\include\cef_runnable.h">
      <Filter>Header Files</Filter>
    </ClInclude>
    <ClInclude Include="..\..\mrbgems\mruby-cef\cef\include\cef_sandbox_win.h">
      <Filter>Header Files</Filter>
    </ClInclude>
    <ClInclude Include="..\..\mrbgems\mruby-cef\cef\include\cef_scheme.h">
      <Filter>Header Files</Filter>
    </ClInclude>
    <ClInclude Include="..\..\mrbgems\mruby-cef\cef\include\cef_stream.h">
      <Filter>Header Files</Filter>
    </ClInclude>
    <ClInclude Include="..\..\mrbgems\mruby-cef\cef\include\cef_string_visitor.h">
      <Filter>Header Files</Filter>
    </ClInclude>
    <ClInclude Include="..\..\mrbgems\mruby-cef\cef\include\cef_task.h">
      <Filter>Header Files</Filter>
    </ClInclude>
    <ClInclude Include="..\..\mrbgems\mruby-cef\cef\include\cef_trace.h">
      <Filter>Header Files</Filter>
    </ClInclude>
    <ClInclude Include="..\..\mrbgems\mruby-cef\cef\include\cef_url.h">
      <Filter>Header Files</Filter>
    </ClInclude>
    <ClInclude Include="..\..\mrbgems\mruby-cef\cef\include\cef_urlrequest.h">
      <Filter>Header Files</Filter>
    </ClInclude>
    <ClInclude Include="..\..\mrbgems\mruby-cef\cef\include\cef_v8.h">
      <Filter>Header Files</Filter>
    </ClInclude>
    <ClInclude Include="..\..\mrbgems\mruby-cef\cef\include\cef_values.h">
      <Filter>Header Files</Filter>
    </ClInclude>
    <ClInclude Include="..\..\mrbgems\mruby-cef\cef\include\cef_version.h">
      <Filter>Header Files</Filter>
    </ClInclude>
    <ClInclude Include="..\..\mrbgems\mruby-cef\cef\include\cef_web_plugin.h">
      <Filter>Header Files</Filter>
    </ClInclude>
    <ClInclude Include="..\..\mrbgems\mruby-cef\cef\include\cef_xml_reader.h">
      <Filter>Header Files</Filter>
    </ClInclude>
    <ClInclude Include="..\..\mrbgems\mruby-cef\cef\include\cef_zip_reader.h">
      <Filter>Header Files</Filter>
    </ClInclude>
    <ClInclude Include="..\..\mrbgems\mruby-cef\cef\include\internal\cef_export.h">
      <Filter>Header Files</Filter>
    </ClInclude>
    <ClInclude Include="..\..\mrbgems\mruby-cef\cef\include\internal\cef_logging_internal.h">
      <Filter>Header Files</Filter>
    </ClInclude>
    <ClInclude Include="..\..\mrbgems\mruby-cef\cef\include\internal\cef_ptr.h">
      <Filter>Header Files</Filter>
    </ClInclude>
    <ClInclude Include="..\..\mrbgems\mruby-cef\cef\include\internal\cef_string.h">
      <Filter>Header Files</Filter>
    </ClInclude>
    <ClInclude Include="..\..\mrbgems\mruby-cef\cef\include\internal\cef_string_list.h">
      <Filter>Header Files</Filter>
    </ClInclude>
    <ClInclude Include="..\..\mrbgems\mruby-cef\cef\include\internal\cef_string_map.h">
      <Filter>Header Files</Filter>
    </ClInclude>
    <ClInclude Include="..\..\mrbgems\mruby-cef\cef\include\internal\cef_string_multimap.h">
      <Filter>Header Files</Filter>
    </ClInclude>
    <ClInclude Include="..\..\mrbgems\mruby-cef\cef\include\internal\cef_string_types.h">
      <Filter>Header Files</Filter>
    </ClInclude>
    <ClInclude Include="..\..\mrbgems\mruby-cef\cef\include\internal\cef_string_wrappers.h">
      <Filter>Header Files</Filter>
    </ClInclude>
    <ClInclude Include="..\..\mrbgems\mruby-cef\cef\include\internal\cef_thread_internal.h">
      <Filter>Header Files</Filter>
    </ClInclude>
    <ClInclude Include="..\..\mrbgems\mruby-cef\cef\include\internal\cef_time.h">
      <Filter>Header Files</Filter>
    </ClInclude>
    <ClInclude Include="..\..\mrbgems\mruby-cef\cef\include\internal\cef_trace_event_internal.h">
      <Filter>Header Files</Filter>
    </ClInclude>
    <ClInclude Include="..\..\mrbgems\mruby-cef\cef\include\internal\cef_types.h">
      <Filter>Header Files</Filter>
    </ClInclude>
    <ClInclude Include="..\..\mrbgems\mruby-cef\cef\include\internal\cef_types_win.h">
      <Filter>Header Files</Filter>
    </ClInclude>
    <ClInclude Include="..\..\mrbgems\mruby-cef\cef\include\internal\cef_types_wrappers.h">
      <Filter>Header Files</Filter>
    </ClInclude>
    <ClInclude Include="..\..\mrbgems\mruby-cef\cef\include\internal\cef_win.h">
      <Filter>Header Files</Filter>
    </ClInclude>
    <ClInclude Include="..\..\mrbgems\mruby-cef\cef\include\wrapper\cef_byte_read_handler.h">
      <Filter>Header Files</Filter>
    </ClInclude>
    <ClInclude Include="..\..\mrbgems\mruby-cef\cef\include\wrapper\cef_closure_task.h">
      <Filter>Header Files</Filter>
    </ClInclude>
    <ClInclude Include="..\..\mrbgems\mruby-cef\cef\include\wrapper\cef_helpers.h">
      <Filter>Header Files</Filter>
    </ClInclude>
    <ClInclude Include="..\..\mrbgems\mruby-cef\cef\include\wrapper\cef_message_router.h">
      <Filter>Header Files</Filter>
    </ClInclude>
    <ClInclude Include="..\..\mrbgems\mruby-cef\cef\include\wrapper\cef_stream_resource_handler.h">
      <Filter>Header Files</Filter>
    </ClInclude>
    <ClInclude Include="..\..\mrbgems\mruby-cef\cef\include\wrapper\cef_xml_object.h">
      <Filter>Header Files</Filter>
    </ClInclude>
    <ClInclude Include="..\..\mrbgems\mruby-cef\cef\include\wrapper\cef_zip_archive.h">
      <Filter>Header Files</Filter>
    </ClInclude>
    <ClInclude Include="..\..\mrbgems\mruby-cef\include\mruby_cef.h">
      <Filter>Header Files</Filter>
    </ClInclude>
    <ClInclude Include="..\..\mruby-1.1.0\include\mruby\array.h">
      <Filter>Header Files</Filter>
    </ClInclude>
    <ClInclude Include="..\..\mruby-1.1.0\include\mruby\boxing_nan.h">
      <Filter>Header Files</Filter>
    </ClInclude>
    <ClInclude Include="..\..\mruby-1.1.0\include\mruby\boxing_no.h">
      <Filter>Header Files</Filter>
    </ClInclude>
    <ClInclude Include="..\..\mruby-1.1.0\include\mruby\boxing_word.h">
      <Filter>Header Files</Filter>
    </ClInclude>
    <ClInclude Include="..\..\mruby-1.1.0\include\mruby\class.h">
      <Filter>Header Files</Filter>
    </ClInclude>
    <ClInclude Include="..\..\mruby-1.1.0\include\mruby\compile.h">
      <Filter>Header Files</Filter>
    </ClInclude>
    <ClInclude Include="..\..\mruby-1.1.0\include\mruby\data.h">
      <Filter>Header Files</Filter>
    </ClInclude>
    <ClInclude Include="..\..\mruby-1.1.0\include\mruby\debug.h">
      <Filter>Header Files</Filter>
    </ClInclude>
    <ClInclude Include="..\..\mruby-1.1.0\include\mruby\dump.h">
      <Filter>Header Files</Filter>
    </ClInclude>
    <ClInclude Include="..\..\mruby-1.1.0\include\mruby\error.h">
      <Filter>Header Files</Filter>
    </ClInclude>
    <ClInclude Include="..\..\mruby-1.1.0\include\mruby\gc.h">
      <Filter>Header Files</Filter>
    </ClInclude>
    <ClInclude Include="..\..\mruby-1.1.0\include\mruby\hash.h">
      <Filter>Header Files</Filter>
    </ClInclude>
    <ClInclude Include="..\..\mruby-1.1.0\include\mruby\irep.h">
      <Filter>Header Files</Filter>
    </ClInclude>
    <ClInclude Include="..\..\mruby-1.1.0\include\mruby\khash.h">
      <Filter>Header Files</Filter>
    </ClInclude>
    <ClInclude Include="..\..\mruby-1.1.0\include\mruby\numeric.h">
      <Filter>Header Files</Filter>
    </ClInclude>
    <ClInclude Include="..\..\mruby-1.1.0\include\mruby\object.h">
      <Filter>Header Files</Filter>
    </ClInclude>
    <ClInclude Include="..\..\mruby-1.1.0\include\mruby\opcode.h">
      <Filter>Header Files</Filter>
    </ClInclude>
    <ClInclude Include="..\..\mruby-1.1.0\include\mruby\proc.h">
      <Filter>Header Files</Filter>
    </ClInclude>
    <ClInclude Include="..\..\mruby-1.1.0\include\mruby\range.h">
      <Filter>Header Files</Filter>
    </ClInclude>
    <ClInclude Include="..\..\mruby-1.1.0\include\mruby\re.h">
      <Filter>Header Files</Filter>
    </ClInclude>
    <ClInclude Include="..\..\mruby-1.1.0\include\mruby\string.h">
      <Filter>Header Files</Filter>
    </ClInclude>
    <ClInclude Include="..\..\mruby-1.1.0\include\mruby\value.h">
      <Filter>Header Files</Filter>
    </ClInclude>
    <ClInclude Include="..\..\mruby-1.1.0\include\mruby\variable.h">
      <Filter>Header Files</Filter>
    </ClInclude>
    <ClInclude Include="..\..\mruby-1.1.0\include\mruby\version.h">
      <Filter>Header Files</Filter>
    </ClInclude>
    <ClInclude Include="..\..\mruby-1.1.0\include\mrbconf.h">
      <Filter>Header Files</Filter>
    </ClInclude>
    <ClInclude Include="..\..\mruby-1.1.0\include\mruby.h">
      <Filter>Header Files</Filter>
    </ClInclude>
    <ClInclude Include="..\..\mrbgems\mruby-cef\include\mruby_v8_handler.h">
      <Filter>Header Files</Filter>
    </ClInclude>
  </ItemGroup>
</Project>