<?xml version="1.0" encoding="Windows-1252"?>
<Project ToolsVersion="12.0" xmlns="http://schemas.microsoft.com/developer/msbuild/2003">
  <ItemGroup>
    <CustomBuild Include="C:\projects\lamina\dev\nanomsg-0.5-beta\win\CMakeFiles\e850c806ef8bc1f8f00c2d50624cdddc\INSTALL_force.rule">
      <Filter>CMake Rules</Filter>
    </CustomBuild>
  </ItemGroup>
  <ItemGroup>
    <Filter Include="CMake Rules">
      <UniqueIdentifier>{768634EE-188E-4541-A8AA-C20B97BA4515}</UniqueIdentifier>
    </Filter>
  </ItemGroup>
</Project>
