<?xml version="1.0" encoding="Windows-1252"?>
<Project ToolsVersion="12.0" xmlns="http://schemas.microsoft.com/developer/msbuild/2003">
  <ItemGroup>
    <ClCompile Include="C:\projects\lamina\dev\nanomsg-0.5-beta\src\core\ep.c">
      <Filter>Source Files</Filter>
    </ClCompile>
    <ClCompile Include="C:\projects\lamina\dev\nanomsg-0.5-beta\src\core\epbase.c">
      <Filter>Source Files</Filter>
    </ClCompile>
    <ClCompile Include="C:\projects\lamina\dev\nanomsg-0.5-beta\src\core\global.c">
      <Filter>Source Files</Filter>
    </ClCompile>
    <ClCompile Include="C:\projects\lamina\dev\nanomsg-0.5-beta\src\core\pipe.c">
      <Filter>Source Files</Filter>
    </ClCompile>
    <ClCompile Include="C:\projects\lamina\dev\nanomsg-0.5-beta\src\core\poll.c">
      <Filter>Source Files</Filter>
    </ClCompile>
    <ClCompile Include="C:\projects\lamina\dev\nanomsg-0.5-beta\src\core\sock.c">
      <Filter>Source Files</Filter>
    </ClCompile>
    <ClCompile Include="C:\projects\lamina\dev\nanomsg-0.5-beta\src\core\sockbase.c">
      <Filter>Source Files</Filter>
    </ClCompile>
    <ClCompile Include="C:\projects\lamina\dev\nanomsg-0.5-beta\src\core\symbol.c">
      <Filter>Source Files</Filter>
    </ClCompile>
    <ClCompile Include="C:\projects\lamina\dev\nanomsg-0.5-beta\src\aio\ctx.c">
      <Filter>Source Files</Filter>
    </ClCompile>
    <ClCompile Include="C:\projects\lamina\dev\nanomsg-0.5-beta\src\aio\fsm.c">
      <Filter>Source Files</Filter>
    </ClCompile>
    <ClCompile Include="C:\projects\lamina\dev\nanomsg-0.5-beta\src\aio\poller.c">
      <Filter>Source Files</Filter>
    </ClCompile>
    <ClCompile Include="C:\projects\lamina\dev\nanomsg-0.5-beta\src\aio\pool.c">
      <Filter>Source Files</Filter>
    </ClCompile>
    <ClCompile Include="C:\projects\lamina\dev\nanomsg-0.5-beta\src\aio\timer.c">
      <Filter>Source Files</Filter>
    </ClCompile>
    <ClCompile Include="C:\projects\lamina\dev\nanomsg-0.5-beta\src\aio\timerset.c">
      <Filter>Source Files</Filter>
    </ClCompile>
    <ClCompile Include="C:\projects\lamina\dev\nanomsg-0.5-beta\src\aio\usock.c">
      <Filter>Source Files</Filter>
    </ClCompile>
    <ClCompile Include="C:\projects\lamina\dev\nanomsg-0.5-beta\src\aio\worker.c">
      <Filter>Source Files</Filter>
    </ClCompile>
    <ClCompile Include="C:\projects\lamina\dev\nanomsg-0.5-beta\src\utils\alloc.c">
      <Filter>Source Files</Filter>
    </ClCompile>
    <ClCompile Include="C:\projects\lamina\dev\nanomsg-0.5-beta\src\utils\atomic.c">
      <Filter>Source Files</Filter>
    </ClCompile>
    <ClCompile Include="C:\projects\lamina\dev\nanomsg-0.5-beta\src\utils\chunk.c">
      <Filter>Source Files</Filter>
    </ClCompile>
    <ClCompile Include="C:\projects\lamina\dev\nanomsg-0.5-beta\src\utils\chunkref.c">
      <Filter>Source Files</Filter>
    </ClCompile>
    <ClCompile Include="C:\projects\lamina\dev\nanomsg-0.5-beta\src\utils\clock.c">
      <Filter>Source Files</Filter>
    </ClCompile>
    <ClCompile Include="C:\projects\lamina\dev\nanomsg-0.5-beta\src\utils\closefd.c">
      <Filter>Source Files</Filter>
    </ClCompile>
    <ClCompile Include="C:\projects\lamina\dev\nanomsg-0.5-beta\src\utils\efd.c">
      <Filter>Source Files</Filter>
    </ClCompile>
    <ClCompile Include="C:\projects\lamina\dev\nanomsg-0.5-beta\src\utils\err.c">
      <Filter>Source Files</Filter>
    </ClCompile>
    <ClCompile Include="C:\projects\lamina\dev\nanomsg-0.5-beta\src\utils\glock.c">
      <Filter>Source Files</Filter>
    </ClCompile>
    <ClCompile Include="C:\projects\lamina\dev\nanomsg-0.5-beta\src\utils\hash.c">
      <Filter>Source Files</Filter>
    </ClCompile>
    <ClCompile Include="C:\projects\lamina\dev\nanomsg-0.5-beta\src\utils\list.c">
      <Filter>Source Files</Filter>
    </ClCompile>
    <ClCompile Include="C:\projects\lamina\dev\nanomsg-0.5-beta\src\utils\msg.c">
      <Filter>Source Files</Filter>
    </ClCompile>
    <ClCompile Include="C:\projects\lamina\dev\nanomsg-0.5-beta\src\utils\mutex.c">
      <Filter>Source Files</Filter>
    </ClCompile>
    <ClCompile Include="C:\projects\lamina\dev\nanomsg-0.5-beta\src\utils\queue.c">
      <Filter>Source Files</Filter>
    </ClCompile>
    <ClCompile Include="C:\projects\lamina\dev\nanomsg-0.5-beta\src\utils\random.c">
      <Filter>Source Files</Filter>
    </ClCompile>
    <ClCompile Include="C:\projects\lamina\dev\nanomsg-0.5-beta\src\utils\sem.c">
      <Filter>Source Files</Filter>
    </ClCompile>
    <ClCompile Include="C:\projects\lamina\dev\nanomsg-0.5-beta\src\utils\sleep.c">
      <Filter>Source Files</Filter>
    </ClCompile>
    <ClCompile Include="C:\projects\lamina\dev\nanomsg-0.5-beta\src\utils\thread.c">
      <Filter>Source Files</Filter>
    </ClCompile>
    <ClCompile Include="C:\projects\lamina\dev\nanomsg-0.5-beta\src\utils\wire.c">
      <Filter>Source Files</Filter>
    </ClCompile>
    <ClCompile Include="C:\projects\lamina\dev\nanomsg-0.5-beta\src\devices\device.c">
      <Filter>Source Files</Filter>
    </ClCompile>
    <ClCompile Include="C:\projects\lamina\dev\nanomsg-0.5-beta\src\protocols\utils\dist.c">
      <Filter>Source Files</Filter>
    </ClCompile>
    <ClCompile Include="C:\projects\lamina\dev\nanomsg-0.5-beta\src\protocols\utils\excl.c">
      <Filter>Source Files</Filter>
    </ClCompile>
    <ClCompile Include="C:\projects\lamina\dev\nanomsg-0.5-beta\src\protocols\utils\fq.c">
      <Filter>Source Files</Filter>
    </ClCompile>
    <ClCompile Include="C:\projects\lamina\dev\nanomsg-0.5-beta\src\protocols\utils\lb.c">
      <Filter>Source Files</Filter>
    </ClCompile>
    <ClCompile Include="C:\projects\lamina\dev\nanomsg-0.5-beta\src\protocols\utils\priolist.c">
      <Filter>Source Files</Filter>
    </ClCompile>
    <ClCompile Include="C:\projects\lamina\dev\nanomsg-0.5-beta\src\protocols\bus\bus.c">
      <Filter>Source Files</Filter>
    </ClCompile>
    <ClCompile Include="C:\projects\lamina\dev\nanomsg-0.5-beta\src\protocols\bus\xbus.c">
      <Filter>Source Files</Filter>
    </ClCompile>
    <ClCompile Include="C:\projects\lamina\dev\nanomsg-0.5-beta\src\protocols\pipeline\push.c">
      <Filter>Source Files</Filter>
    </ClCompile>
    <ClCompile Include="C:\projects\lamina\dev\nanomsg-0.5-beta\src\protocols\pipeline\pull.c">
      <Filter>Source Files</Filter>
    </ClCompile>
    <ClCompile Include="C:\projects\lamina\dev\nanomsg-0.5-beta\src\protocols\pipeline\xpull.c">
      <Filter>Source Files</Filter>
    </ClCompile>
    <ClCompile Include="C:\projects\lamina\dev\nanomsg-0.5-beta\src\protocols\pipeline\xpush.c">
      <Filter>Source Files</Filter>
    </ClCompile>
    <ClCompile Include="C:\projects\lamina\dev\nanomsg-0.5-beta\src\protocols\pair\pair.c">
      <Filter>Source Files</Filter>
    </ClCompile>
    <ClCompile Include="C:\projects\lamina\dev\nanomsg-0.5-beta\src\protocols\pair\xpair.c">
      <Filter>Source Files</Filter>
    </ClCompile>
    <ClCompile Include="C:\projects\lamina\dev\nanomsg-0.5-beta\src\protocols\pubsub\pub.c">
      <Filter>Source Files</Filter>
    </ClCompile>
    <ClCompile Include="C:\projects\lamina\dev\nanomsg-0.5-beta\src\protocols\pubsub\sub.c">
      <Filter>Source Files</Filter>
    </ClCompile>
    <ClCompile Include="C:\projects\lamina\dev\nanomsg-0.5-beta\src\protocols\pubsub\trie.c">
      <Filter>Source Files</Filter>
    </ClCompile>
    <ClCompile Include="C:\projects\lamina\dev\nanomsg-0.5-beta\src\protocols\pubsub\xpub.c">
      <Filter>Source Files</Filter>
    </ClCompile>
    <ClCompile Include="C:\projects\lamina\dev\nanomsg-0.5-beta\src\protocols\pubsub\xsub.c">
      <Filter>Source Files</Filter>
    </ClCompile>
    <ClCompile Include="C:\projects\lamina\dev\nanomsg-0.5-beta\src\protocols\reqrep\req.c">
      <Filter>Source Files</Filter>
    </ClCompile>
    <ClCompile Include="C:\projects\lamina\dev\nanomsg-0.5-beta\src\protocols\reqrep\rep.c">
      <Filter>Source Files</Filter>
    </ClCompile>
    <ClCompile Include="C:\projects\lamina\dev\nanomsg-0.5-beta\src\protocols\reqrep\task.c">
      <Filter>Source Files</Filter>
    </ClCompile>
    <ClCompile Include="C:\projects\lamina\dev\nanomsg-0.5-beta\src\protocols\reqrep\xrep.c">
      <Filter>Source Files</Filter>
    </ClCompile>
    <ClCompile Include="C:\projects\lamina\dev\nanomsg-0.5-beta\src\protocols\reqrep\xreq.c">
      <Filter>Source Files</Filter>
    </ClCompile>
    <ClCompile Include="C:\projects\lamina\dev\nanomsg-0.5-beta\src\protocols\survey\respondent.c">
      <Filter>Source Files</Filter>
    </ClCompile>
    <ClCompile Include="C:\projects\lamina\dev\nanomsg-0.5-beta\src\protocols\survey\surveyor.c">
      <Filter>Source Files</Filter>
    </ClCompile>
    <ClCompile Include="C:\projects\lamina\dev\nanomsg-0.5-beta\src\protocols\survey\xrespondent.c">
      <Filter>Source Files</Filter>
    </ClCompile>
    <ClCompile Include="C:\projects\lamina\dev\nanomsg-0.5-beta\src\protocols\survey\xsurveyor.c">
      <Filter>Source Files</Filter>
    </ClCompile>
    <ClCompile Include="C:\projects\lamina\dev\nanomsg-0.5-beta\src\transports\utils\backoff.c">
      <Filter>Source Files</Filter>
    </ClCompile>
    <ClCompile Include="C:\projects\lamina\dev\nanomsg-0.5-beta\src\transports\utils\dns.c">
      <Filter>Source Files</Filter>
    </ClCompile>
    <ClCompile Include="C:\projects\lamina\dev\nanomsg-0.5-beta\src\transports\utils\iface.c">
      <Filter>Source Files</Filter>
    </ClCompile>
    <ClCompile Include="C:\projects\lamina\dev\nanomsg-0.5-beta\src\transports\utils\literal.c">
      <Filter>Source Files</Filter>
    </ClCompile>
    <ClCompile Include="C:\projects\lamina\dev\nanomsg-0.5-beta\src\transports\utils\port.c">
      <Filter>Source Files</Filter>
    </ClCompile>
    <ClCompile Include="C:\projects\lamina\dev\nanomsg-0.5-beta\src\transports\utils\streamhdr.c">
      <Filter>Source Files</Filter>
    </ClCompile>
    <ClCompile Include="C:\projects\lamina\dev\nanomsg-0.5-beta\src\transports\inproc\binproc.c">
      <Filter>Source Files</Filter>
    </ClCompile>
    <ClCompile Include="C:\projects\lamina\dev\nanomsg-0.5-beta\src\transports\inproc\cinproc.c">
      <Filter>Source Files</Filter>
    </ClCompile>
    <ClCompile Include="C:\projects\lamina\dev\nanomsg-0.5-beta\src\transports\inproc\inproc.c">
      <Filter>Source Files</Filter>
    </ClCompile>
    <ClCompile Include="C:\projects\lamina\dev\nanomsg-0.5-beta\src\transports\inproc\ins.c">
      <Filter>Source Files</Filter>
    </ClCompile>
    <ClCompile Include="C:\projects\lamina\dev\nanomsg-0.5-beta\src\transports\inproc\msgqueue.c">
      <Filter>Source Files</Filter>
    </ClCompile>
    <ClCompile Include="C:\projects\lamina\dev\nanomsg-0.5-beta\src\transports\inproc\sinproc.c">
      <Filter>Source Files</Filter>
    </ClCompile>
    <ClCompile Include="C:\projects\lamina\dev\nanomsg-0.5-beta\src\transports\ipc\aipc.c">
      <Filter>Source Files</Filter>
    </ClCompile>
    <ClCompile Include="C:\projects\lamina\dev\nanomsg-0.5-beta\src\transports\ipc\bipc.c">
      <Filter>Source Files</Filter>
    </ClCompile>
    <ClCompile Include="C:\projects\lamina\dev\nanomsg-0.5-beta\src\transports\ipc\cipc.c">
      <Filter>Source Files</Filter>
    </ClCompile>
    <ClCompile Include="C:\projects\lamina\dev\nanomsg-0.5-beta\src\transports\ipc\ipc.c">
      <Filter>Source Files</Filter>
    </ClCompile>
    <ClCompile Include="C:\projects\lamina\dev\nanomsg-0.5-beta\src\transports\ipc\sipc.c">
      <Filter>Source Files</Filter>
    </ClCompile>
    <ClCompile Include="C:\projects\lamina\dev\nanomsg-0.5-beta\src\transports\tcp\atcp.c">
      <Filter>Source Files</Filter>
    </ClCompile>
    <ClCompile Include="C:\projects\lamina\dev\nanomsg-0.5-beta\src\transports\tcp\btcp.c">
      <Filter>Source Files</Filter>
    </ClCompile>
    <ClCompile Include="C:\projects\lamina\dev\nanomsg-0.5-beta\src\transports\tcp\ctcp.c">
      <Filter>Source Files</Filter>
    </ClCompile>
    <ClCompile Include="C:\projects\lamina\dev\nanomsg-0.5-beta\src\transports\tcp\stcp.c">
      <Filter>Source Files</Filter>
    </ClCompile>
    <ClCompile Include="C:\projects\lamina\dev\nanomsg-0.5-beta\src\transports\tcp\tcp.c">
      <Filter>Source Files</Filter>
    </ClCompile>
  </ItemGroup>
  <ItemGroup>
    <ClInclude Include="C:\projects\lamina\dev\nanomsg-0.5-beta\src\nn.h">
      <Filter>Header Files</Filter>
    </ClInclude>
    <ClInclude Include="C:\projects\lamina\dev\nanomsg-0.5-beta\src\inproc.h">
      <Filter>Header Files</Filter>
    </ClInclude>
    <ClInclude Include="C:\projects\lamina\dev\nanomsg-0.5-beta\src\ipc.h">
      <Filter>Header Files</Filter>
    </ClInclude>
    <ClInclude Include="C:\projects\lamina\dev\nanomsg-0.5-beta\src\tcp.h">
      <Filter>Header Files</Filter>
    </ClInclude>
    <ClInclude Include="C:\projects\lamina\dev\nanomsg-0.5-beta\src\pair.h">
      <Filter>Header Files</Filter>
    </ClInclude>
    <ClInclude Include="C:\projects\lamina\dev\nanomsg-0.5-beta\src\pubsub.h">
      <Filter>Header Files</Filter>
    </ClInclude>
    <ClInclude Include="C:\projects\lamina\dev\nanomsg-0.5-beta\src\reqrep.h">
      <Filter>Header Files</Filter>
    </ClInclude>
    <ClInclude Include="C:\projects\lamina\dev\nanomsg-0.5-beta\src\pipeline.h">
      <Filter>Header Files</Filter>
    </ClInclude>
    <ClInclude Include="C:\projects\lamina\dev\nanomsg-0.5-beta\src\survey.h">
      <Filter>Header Files</Filter>
    </ClInclude>
    <ClInclude Include="C:\projects\lamina\dev\nanomsg-0.5-beta\src\bus.h">
      <Filter>Header Files</Filter>
    </ClInclude>
    <ClInclude Include="C:\projects\lamina\dev\nanomsg-0.5-beta\src\core\ep.h">
      <Filter>Header Files</Filter>
    </ClInclude>
    <ClInclude Include="C:\projects\lamina\dev\nanomsg-0.5-beta\src\core\global.h">
      <Filter>Header Files</Filter>
    </ClInclude>
    <ClInclude Include="C:\projects\lamina\dev\nanomsg-0.5-beta\src\core\sock.h">
      <Filter>Header Files</Filter>
    </ClInclude>
    <ClInclude Include="C:\projects\lamina\dev\nanomsg-0.5-beta\src\aio\ctx.h">
      <Filter>Header Files</Filter>
    </ClInclude>
    <ClInclude Include="C:\projects\lamina\dev\nanomsg-0.5-beta\src\aio\fsm.h">
      <Filter>Header Files</Filter>
    </ClInclude>
    <ClInclude Include="C:\projects\lamina\dev\nanomsg-0.5-beta\src\aio\poller.h">
      <Filter>Header Files</Filter>
    </ClInclude>
    <ClInclude Include="C:\projects\lamina\dev\nanomsg-0.5-beta\src\aio\poller_epoll.h">
      <Filter>Header Files</Filter>
    </ClInclude>
    <ClInclude Include="C:\projects\lamina\dev\nanomsg-0.5-beta\src\aio\poller_kqueue.h">
      <Filter>Header Files</Filter>
    </ClInclude>
    <ClInclude Include="C:\projects\lamina\dev\nanomsg-0.5-beta\src\aio\poller_poll.h">
      <Filter>Header Files</Filter>
    </ClInclude>
    <ClInclude Include="C:\projects\lamina\dev\nanomsg-0.5-beta\src\aio\pool.h">
      <Filter>Header Files</Filter>
    </ClInclude>
    <ClInclude Include="C:\projects\lamina\dev\nanomsg-0.5-beta\src\aio\timer.h">
      <Filter>Header Files</Filter>
    </ClInclude>
    <ClInclude Include="C:\projects\lamina\dev\nanomsg-0.5-beta\src\aio\timerset.h">
      <Filter>Header Files</Filter>
    </ClInclude>
    <ClInclude Include="C:\projects\lamina\dev\nanomsg-0.5-beta\src\aio\usock.h">
      <Filter>Header Files</Filter>
    </ClInclude>
    <ClInclude Include="C:\projects\lamina\dev\nanomsg-0.5-beta\src\aio\usock_posix.h">
      <Filter>Header Files</Filter>
    </ClInclude>
    <ClInclude Include="C:\projects\lamina\dev\nanomsg-0.5-beta\src\aio\usock_win.h">
      <Filter>Header Files</Filter>
    </ClInclude>
    <ClInclude Include="C:\projects\lamina\dev\nanomsg-0.5-beta\src\aio\worker.h">
      <Filter>Header Files</Filter>
    </ClInclude>
    <ClInclude Include="C:\projects\lamina\dev\nanomsg-0.5-beta\src\aio\worker_posix.h">
      <Filter>Header Files</Filter>
    </ClInclude>
    <ClInclude Include="C:\projects\lamina\dev\nanomsg-0.5-beta\src\aio\worker_win.h">
      <Filter>Header Files</Filter>
    </ClInclude>
    <ClInclude Include="C:\projects\lamina\dev\nanomsg-0.5-beta\src\utils\alloc.h">
      <Filter>Header Files</Filter>
    </ClInclude>
    <ClInclude Include="C:\projects\lamina\dev\nanomsg-0.5-beta\src\utils\atomic.h">
      <Filter>Header Files</Filter>
    </ClInclude>
    <ClInclude Include="C:\projects\lamina\dev\nanomsg-0.5-beta\src\utils\attr.h">
      <Filter>Header Files</Filter>
    </ClInclude>
    <ClInclude Include="C:\projects\lamina\dev\nanomsg-0.5-beta\src\utils\chunk.h">
      <Filter>Header Files</Filter>
    </ClInclude>
    <ClInclude Include="C:\projects\lamina\dev\nanomsg-0.5-beta\src\utils\chunkref.h">
      <Filter>Header Files</Filter>
    </ClInclude>
    <ClInclude Include="C:\projects\lamina\dev\nanomsg-0.5-beta\src\utils\clock.h">
      <Filter>Header Files</Filter>
    </ClInclude>
    <ClInclude Include="C:\projects\lamina\dev\nanomsg-0.5-beta\src\utils\closefd.h">
      <Filter>Header Files</Filter>
    </ClInclude>
    <ClInclude Include="C:\projects\lamina\dev\nanomsg-0.5-beta\src\utils\cont.h">
      <Filter>Header Files</Filter>
    </ClInclude>
    <ClInclude Include="C:\projects\lamina\dev\nanomsg-0.5-beta\src\utils\efd.h">
      <Filter>Header Files</Filter>
    </ClInclude>
    <ClInclude Include="C:\projects\lamina\dev\nanomsg-0.5-beta\src\utils\efd_eventfd.h">
      <Filter>Header Files</Filter>
    </ClInclude>
    <ClInclude Include="C:\projects\lamina\dev\nanomsg-0.5-beta\src\utils\efd_pipe.h">
      <Filter>Header Files</Filter>
    </ClInclude>
    <ClInclude Include="C:\projects\lamina\dev\nanomsg-0.5-beta\src\utils\efd_socketpair.h">
      <Filter>Header Files</Filter>
    </ClInclude>
    <ClInclude Include="C:\projects\lamina\dev\nanomsg-0.5-beta\src\utils\efd_win.h">
      <Filter>Header Files</Filter>
    </ClInclude>
    <ClInclude Include="C:\projects\lamina\dev\nanomsg-0.5-beta\src\utils\err.h">
      <Filter>Header Files</Filter>
    </ClInclude>
    <ClInclude Include="C:\projects\lamina\dev\nanomsg-0.5-beta\src\utils\fast.h">
      <Filter>Header Files</Filter>
    </ClInclude>
    <ClInclude Include="C:\projects\lamina\dev\nanomsg-0.5-beta\src\utils\fd.h">
      <Filter>Header Files</Filter>
    </ClInclude>
    <ClInclude Include="C:\projects\lamina\dev\nanomsg-0.5-beta\src\utils\glock.h">
      <Filter>Header Files</Filter>
    </ClInclude>
    <ClInclude Include="C:\projects\lamina\dev\nanomsg-0.5-beta\src\utils\hash.h">
      <Filter>Header Files</Filter>
    </ClInclude>
    <ClInclude Include="C:\projects\lamina\dev\nanomsg-0.5-beta\src\utils\int.h">
      <Filter>Header Files</Filter>
    </ClInclude>
    <ClInclude Include="C:\projects\lamina\dev\nanomsg-0.5-beta\src\utils\list.h">
      <Filter>Header Files</Filter>
    </ClInclude>
    <ClInclude Include="C:\projects\lamina\dev\nanomsg-0.5-beta\src\utils\msg.h">
      <Filter>Header Files</Filter>
    </ClInclude>
    <ClInclude Include="C:\projects\lamina\dev\nanomsg-0.5-beta\src\utils\mutex.h">
      <Filter>Header Files</Filter>
    </ClInclude>
    <ClInclude Include="C:\projects\lamina\dev\nanomsg-0.5-beta\src\utils\queue.h">
      <Filter>Header Files</Filter>
    </ClInclude>
    <ClInclude Include="C:\projects\lamina\dev\nanomsg-0.5-beta\src\utils\random.h">
      <Filter>Header Files</Filter>
    </ClInclude>
    <ClInclude Include="C:\projects\lamina\dev\nanomsg-0.5-beta\src\utils\sem.h">
      <Filter>Header Files</Filter>
    </ClInclude>
    <ClInclude Include="C:\projects\lamina\dev\nanomsg-0.5-beta\src\utils\sleep.h">
      <Filter>Header Files</Filter>
    </ClInclude>
    <ClInclude Include="C:\projects\lamina\dev\nanomsg-0.5-beta\src\utils\thread.h">
      <Filter>Header Files</Filter>
    </ClInclude>
    <ClInclude Include="C:\projects\lamina\dev\nanomsg-0.5-beta\src\utils\thread_posix.h">
      <Filter>Header Files</Filter>
    </ClInclude>
    <ClInclude Include="C:\projects\lamina\dev\nanomsg-0.5-beta\src\utils\thread_win.h">
      <Filter>Header Files</Filter>
    </ClInclude>
    <ClInclude Include="C:\projects\lamina\dev\nanomsg-0.5-beta\src\utils\wire.h">
      <Filter>Header Files</Filter>
    </ClInclude>
    <ClInclude Include="C:\projects\lamina\dev\nanomsg-0.5-beta\src\devices\device.h">
      <Filter>Header Files</Filter>
    </ClInclude>
    <ClInclude Include="C:\projects\lamina\dev\nanomsg-0.5-beta\src\protocols\utils\dist.h">
      <Filter>Header Files</Filter>
    </ClInclude>
    <ClInclude Include="C:\projects\lamina\dev\nanomsg-0.5-beta\src\protocols\utils\excl.h">
      <Filter>Header Files</Filter>
    </ClInclude>
    <ClInclude Include="C:\projects\lamina\dev\nanomsg-0.5-beta\src\protocols\utils\fq.h">
      <Filter>Header Files</Filter>
    </ClInclude>
    <ClInclude Include="C:\projects\lamina\dev\nanomsg-0.5-beta\src\protocols\utils\lb.h">
      <Filter>Header Files</Filter>
    </ClInclude>
    <ClInclude Include="C:\projects\lamina\dev\nanomsg-0.5-beta\src\protocols\utils\priolist.h">
      <Filter>Header Files</Filter>
    </ClInclude>
    <ClInclude Include="C:\projects\lamina\dev\nanomsg-0.5-beta\src\protocols\bus\bus.h">
      <Filter>Header Files</Filter>
    </ClInclude>
    <ClInclude Include="C:\projects\lamina\dev\nanomsg-0.5-beta\src\protocols\bus\xbus.h">
      <Filter>Header Files</Filter>
    </ClInclude>
    <ClInclude Include="C:\projects\lamina\dev\nanomsg-0.5-beta\src\protocols\pipeline\push.h">
      <Filter>Header Files</Filter>
    </ClInclude>
    <ClInclude Include="C:\projects\lamina\dev\nanomsg-0.5-beta\src\protocols\pipeline\pull.h">
      <Filter>Header Files</Filter>
    </ClInclude>
    <ClInclude Include="C:\projects\lamina\dev\nanomsg-0.5-beta\src\protocols\pipeline\xpull.h">
      <Filter>Header Files</Filter>
    </ClInclude>
    <ClInclude Include="C:\projects\lamina\dev\nanomsg-0.5-beta\src\protocols\pipeline\xpush.h">
      <Filter>Header Files</Filter>
    </ClInclude>
    <ClInclude Include="C:\projects\lamina\dev\nanomsg-0.5-beta\src\protocols\pair\pair.h">
      <Filter>Header Files</Filter>
    </ClInclude>
    <ClInclude Include="C:\projects\lamina\dev\nanomsg-0.5-beta\src\protocols\pair\xpair.h">
      <Filter>Header Files</Filter>
    </ClInclude>
    <ClInclude Include="C:\projects\lamina\dev\nanomsg-0.5-beta\src\protocols\pubsub\pub.h">
      <Filter>Header Files</Filter>
    </ClInclude>
    <ClInclude Include="C:\projects\lamina\dev\nanomsg-0.5-beta\src\protocols\pubsub\sub.h">
      <Filter>Header Files</Filter>
    </ClInclude>
    <ClInclude Include="C:\projects\lamina\dev\nanomsg-0.5-beta\src\protocols\pubsub\trie.h">
      <Filter>Header Files</Filter>
    </ClInclude>
    <ClInclude Include="C:\projects\lamina\dev\nanomsg-0.5-beta\src\protocols\pubsub\xpub.h">
      <Filter>Header Files</Filter>
    </ClInclude>
    <ClInclude Include="C:\projects\lamina\dev\nanomsg-0.5-beta\src\protocols\pubsub\xsub.h">
      <Filter>Header Files</Filter>
    </ClInclude>
    <ClInclude Include="C:\projects\lamina\dev\nanomsg-0.5-beta\src\protocols\reqrep\req.h">
      <Filter>Header Files</Filter>
    </ClInclude>
    <ClInclude Include="C:\projects\lamina\dev\nanomsg-0.5-beta\src\protocols\reqrep\rep.h">
      <Filter>Header Files</Filter>
    </ClInclude>
    <ClInclude Include="C:\projects\lamina\dev\nanomsg-0.5-beta\src\protocols\reqrep\task.h">
      <Filter>Header Files</Filter>
    </ClInclude>
    <ClInclude Include="C:\projects\lamina\dev\nanomsg-0.5-beta\src\protocols\reqrep\xrep.h">
      <Filter>Header Files</Filter>
    </ClInclude>
    <ClInclude Include="C:\projects\lamina\dev\nanomsg-0.5-beta\src\protocols\reqrep\xreq.h">
      <Filter>Header Files</Filter>
    </ClInclude>
    <ClInclude Include="C:\projects\lamina\dev\nanomsg-0.5-beta\src\protocols\survey\respondent.h">
      <Filter>Header Files</Filter>
    </ClInclude>
    <ClInclude Include="C:\projects\lamina\dev\nanomsg-0.5-beta\src\protocols\survey\surveyor.h">
      <Filter>Header Files</Filter>
    </ClInclude>
    <ClInclude Include="C:\projects\lamina\dev\nanomsg-0.5-beta\src\protocols\survey\xrespondent.h">
      <Filter>Header Files</Filter>
    </ClInclude>
    <ClInclude Include="C:\projects\lamina\dev\nanomsg-0.5-beta\src\protocols\survey\xsurveyor.h">
      <Filter>Header Files</Filter>
    </ClInclude>
    <ClInclude Include="C:\projects\lamina\dev\nanomsg-0.5-beta\src\transports\utils\backoff.h">
      <Filter>Header Files</Filter>
    </ClInclude>
    <ClInclude Include="C:\projects\lamina\dev\nanomsg-0.5-beta\src\transports\utils\dns.h">
      <Filter>Header Files</Filter>
    </ClInclude>
    <ClInclude Include="C:\projects\lamina\dev\nanomsg-0.5-beta\src\transports\utils\dns_getaddrinfo.h">
      <Filter>Header Files</Filter>
    </ClInclude>
    <ClInclude Include="C:\projects\lamina\dev\nanomsg-0.5-beta\src\transports\utils\dns_getaddrinfo_a.h">
      <Filter>Header Files</Filter>
    </ClInclude>
    <ClInclude Include="C:\projects\lamina\dev\nanomsg-0.5-beta\src\transports\utils\iface.h">
      <Filter>Header Files</Filter>
    </ClInclude>
    <ClInclude Include="C:\projects\lamina\dev\nanomsg-0.5-beta\src\transports\utils\literal.h">
      <Filter>Header Files</Filter>
    </ClInclude>
    <ClInclude Include="C:\projects\lamina\dev\nanomsg-0.5-beta\src\transports\utils\port.h">
      <Filter>Header Files</Filter>
    </ClInclude>
    <ClInclude Include="C:\projects\lamina\dev\nanomsg-0.5-beta\src\transports\utils\streamhdr.h">
      <Filter>Header Files</Filter>
    </ClInclude>
    <ClInclude Include="C:\projects\lamina\dev\nanomsg-0.5-beta\src\transports\inproc\binproc.h">
      <Filter>Header Files</Filter>
    </ClInclude>
    <ClInclude Include="C:\projects\lamina\dev\nanomsg-0.5-beta\src\transports\inproc\cinproc.h">
      <Filter>Header Files</Filter>
    </ClInclude>
    <ClInclude Include="C:\projects\lamina\dev\nanomsg-0.5-beta\src\transports\inproc\inproc.h">
      <Filter>Header Files</Filter>
    </ClInclude>
    <ClInclude Include="C:\projects\lamina\dev\nanomsg-0.5-beta\src\transports\inproc\ins.h">
      <Filter>Header Files</Filter>
    </ClInclude>
    <ClInclude Include="C:\projects\lamina\dev\nanomsg-0.5-beta\src\transports\inproc\msgqueue.h">
      <Filter>Header Files</Filter>
    </ClInclude>
    <ClInclude Include="C:\projects\lamina\dev\nanomsg-0.5-beta\src\transports\inproc\sinproc.h">
      <Filter>Header Files</Filter>
    </ClInclude>
    <ClInclude Include="C:\projects\lamina\dev\nanomsg-0.5-beta\src\transports\ipc\aipc.h">
      <Filter>Header Files</Filter>
    </ClInclude>
    <ClInclude Include="C:\projects\lamina\dev\nanomsg-0.5-beta\src\transports\ipc\bipc.h">
      <Filter>Header Files</Filter>
    </ClInclude>
    <ClInclude Include="C:\projects\lamina\dev\nanomsg-0.5-beta\src\transports\ipc\cipc.h">
      <Filter>Header Files</Filter>
    </ClInclude>
    <ClInclude Include="C:\projects\lamina\dev\nanomsg-0.5-beta\src\transports\ipc\ipc.h">
      <Filter>Header Files</Filter>
    </ClInclude>
    <ClInclude Include="C:\projects\lamina\dev\nanomsg-0.5-beta\src\transports\ipc\sipc.h">
      <Filter>Header Files</Filter>
    </ClInclude>
    <ClInclude Include="C:\projects\lamina\dev\nanomsg-0.5-beta\src\transports\tcp\atcp.h">
      <Filter>Header Files</Filter>
    </ClInclude>
    <ClInclude Include="C:\projects\lamina\dev\nanomsg-0.5-beta\src\transports\tcp\btcp.h">
      <Filter>Header Files</Filter>
    </ClInclude>
    <ClInclude Include="C:\projects\lamina\dev\nanomsg-0.5-beta\src\transports\tcp\ctcp.h">
      <Filter>Header Files</Filter>
    </ClInclude>
    <ClInclude Include="C:\projects\lamina\dev\nanomsg-0.5-beta\src\transports\tcp\stcp.h">
      <Filter>Header Files</Filter>
    </ClInclude>
    <ClInclude Include="C:\projects\lamina\dev\nanomsg-0.5-beta\src\transports\tcp\tcp.h">
      <Filter>Header Files</Filter>
    </ClInclude>
    <ClInclude Include="C:\projects\lamina\dev\nanomsg-0.5-beta\src\utils\win.h">
      <Filter>Header Files</Filter>
    </ClInclude>
  </ItemGroup>
  <ItemGroup>
    <CustomBuild Include="C:\projects\lamina\dev\nanomsg-0.5-beta\src\CMakeLists.txt" />
  </ItemGroup>
  <ItemGroup>
    <None Include="C:\projects\lamina\dev\nanomsg-0.5-beta\src\aio\poller_epoll.inc" />
    <None Include="C:\projects\lamina\dev\nanomsg-0.5-beta\src\aio\poller_kqueue.inc" />
    <None Include="C:\projects\lamina\dev\nanomsg-0.5-beta\src\aio\poller_poll.inc" />
    <None Include="C:\projects\lamina\dev\nanomsg-0.5-beta\src\aio\usock_posix.inc" />
    <None Include="C:\projects\lamina\dev\nanomsg-0.5-beta\src\aio\usock_win.inc" />
    <None Include="C:\projects\lamina\dev\nanomsg-0.5-beta\src\aio\worker_posix.inc" />
    <None Include="C:\projects\lamina\dev\nanomsg-0.5-beta\src\aio\worker_win.inc" />
    <None Include="C:\projects\lamina\dev\nanomsg-0.5-beta\src\utils\efd_eventfd.inc" />
    <None Include="C:\projects\lamina\dev\nanomsg-0.5-beta\src\utils\efd_pipe.inc" />
    <None Include="C:\projects\lamina\dev\nanomsg-0.5-beta\src\utils\efd_socketpair.inc" />
    <None Include="C:\projects\lamina\dev\nanomsg-0.5-beta\src\utils\efd_win.inc" />
    <None Include="C:\projects\lamina\dev\nanomsg-0.5-beta\src\utils\thread_posix.inc" />
    <None Include="C:\projects\lamina\dev\nanomsg-0.5-beta\src\utils\thread_win.inc" />
    <None Include="C:\projects\lamina\dev\nanomsg-0.5-beta\src\transports\utils\dns_getaddrinfo.inc" />
    <None Include="C:\projects\lamina\dev\nanomsg-0.5-beta\src\transports\utils\dns_getaddrinfo_a.inc" />
  </ItemGroup>
  <ItemGroup>
    <Filter Include="Source Files">
      <UniqueIdentifier>{2067A20F-052B-41C3-87D2-F89DA0D4F459}</UniqueIdentifier>
    </Filter>
    <Filter Include="Header Files">
      <UniqueIdentifier>{55AA29DD-8561-46A1-B561-BC49BDFA4F64}</UniqueIdentifier>
    </Filter>
  </ItemGroup>
</Project>
