<?xml version="1.0" encoding="Windows-1252"?>
<Project ToolsVersion="12.0" xmlns="http://schemas.microsoft.com/developer/msbuild/2003">
  <ItemGroup>
    <CustomBuild Include="C:\projects\rb-chrome\nanomsg-0.5-beta\win\CMakeFiles\8f90a664e731e057686c79a5883f913e\RUN_TESTS_force.rule">
      <Filter>CMake Rules</Filter>
    </CustomBuild>
  </ItemGroup>
  <ItemGroup>
    <Filter Include="CMake Rules">
      <UniqueIdentifier>{EA9CC841-2A67-4936-9D70-B48751DBE33F}</UniqueIdentifier>
    </Filter>
  </ItemGroup>
</Project>
