<?xml version="1.0" encoding="utf-8"?>
<Project ToolsVersion="4.0" xmlns="http://schemas.microsoft.com/developer/msbuild/2003">
  <ItemGroup>
    <Filter Include="Source Files">
      <UniqueIdentifier>{4FC737F1-C7A5-4376-A066-2A32D752A2FF}</UniqueIdentifier>
      <Extensions>cpp;c;cc;cxx;def;odl;idl;hpj;bat;asm;asmx</Extensions>
    </Filter>
    <Filter Include="Header Files">
      <UniqueIdentifier>{93995380-89BD-4b04-88EB-625FBE52EBFB}</UniqueIdentifier>
      <Extensions>h;hh;hpp;hxx;hm;inl;inc;xsd</Extensions>
    </Filter>
    <Filter Include="Resource Files">
      <UniqueIdentifier>{67DA6AB6-F800-4c08-8B7A-83BB121AAD01}</UniqueIdentifier>
      <Extensions>rc;ico;cur;bmp;dlg;rc2;rct;bin;rgs;gif;jpg;jpeg;jpe;resx;tiff;tif;png;wav;mfcribbon-ms</Extensions>
    </Filter>
  </ItemGroup>
  <ItemGroup>
    <Text Include="readme.txt" />
  </ItemGroup>
  <ItemGroup>
    <ClCompile Include="..\..\mruby-1.1.0\src\class.c">
      <Filter>Source Files</Filter>
    </ClCompile>
    <ClCompile Include="..\..\mruby-1.1.0\src\codegen.c">
      <Filter>Source Files</Filter>
    </ClCompile>
    <ClCompile Include="..\..\mruby-1.1.0\src\compar.c">
      <Filter>Source Files</Filter>
    </ClCompile>
    <ClCompile Include="..\..\mruby-1.1.0\src\crc.c">
      <Filter>Source Files</Filter>
    </ClCompile>
    <ClCompile Include="..\..\mruby-1.1.0\src\debug.c">
      <Filter>Source Files</Filter>
    </ClCompile>
    <ClCompile Include="..\..\mruby-1.1.0\src\dump.c">
      <Filter>Source Files</Filter>
    </ClCompile>
    <ClCompile Include="..\..\mruby-1.1.0\src\enum.c">
      <Filter>Source Files</Filter>
    </ClCompile>
    <ClCompile Include="..\..\mruby-1.1.0\src\error.c">
      <Filter>Source Files</Filter>
    </ClCompile>
    <ClCompile Include="..\..\mruby-1.1.0\src\etc.c">
      <Filter>Source Files</Filter>
    </ClCompile>
    <ClCompile Include="..\..\mruby-1.1.0\src\gc.c">
      <Filter>Source Files</Filter>
    </ClCompile>
    <ClCompile Include="..\..\mruby-1.1.0\src\hash.c">
      <Filter>Source Files</Filter>
    </ClCompile>
    <ClCompile Include="..\..\mruby-1.1.0\src\init.c">
      <Filter>Source Files</Filter>
    </ClCompile>
    <ClCompile Include="..\..\mruby-1.1.0\src\kernel.c">
      <Filter>Source Files</Filter>
    </ClCompile>
    <ClCompile Include="..\..\mruby-1.1.0\src\load.c">
      <Filter>Source Files</Filter>
    </ClCompile>
    <ClCompile Include="..\..\mruby-1.1.0\src\numeric.c">
      <Filter>Source Files</Filter>
    </ClCompile>
    <ClCompile Include="..\..\mruby-1.1.0\src\object.c">
      <Filter>Source Files</Filter>
    </ClCompile>
    <ClCompile Include="..\..\mruby-1.1.0\src\pool.c">
      <Filter>Source Files</Filter>
    </ClCompile>
    <ClCompile Include="..\..\mruby-1.1.0\src\print.c">
      <Filter>Source Files</Filter>
    </ClCompile>
    <ClCompile Include="..\..\mruby-1.1.0\src\proc.c">
      <Filter>Source Files</Filter>
    </ClCompile>
    <ClCompile Include="..\..\mruby-1.1.0\src\range.c">
      <Filter>Source Files</Filter>
    </ClCompile>
    <ClCompile Include="..\..\mruby-1.1.0\src\state.c">
      <Filter>Source Files</Filter>
    </ClCompile>
    <ClCompile Include="..\..\mruby-1.1.0\src\string.c">
      <Filter>Source Files</Filter>
    </ClCompile>
    <ClCompile Include="..\..\mruby-1.1.0\src\symbol.c">
      <Filter>Source Files</Filter>
    </ClCompile>
    <ClCompile Include="..\..\mruby-1.1.0\src\variable.c">
      <Filter>Source Files</Filter>
    </ClCompile>
    <ClCompile Include="..\..\mruby-1.1.0\src\version.c">
      <Filter>Source Files</Filter>
    </ClCompile>
    <ClCompile Include="..\..\mruby-1.1.0\src\vm.c">
      <Filter>Source Files</Filter>
    </ClCompile>
    <ClCompile Include="..\..\mruby-1.1.0\src\array.c">
      <Filter>Source Files</Filter>
    </ClCompile>
    <ClCompile Include="..\..\mruby-1.1.0\src\backtrace.c">
      <Filter>Source Files</Filter>
    </ClCompile>
  </ItemGroup>
  <ItemGroup>
    <ClInclude Include="..\..\mruby-1.1.0\src\error.h">
      <Filter>Header Files</Filter>
    </ClInclude>
    <ClInclude Include="..\..\mruby-1.1.0\src\mrb_throw.h">
      <Filter>Header Files</Filter>
    </ClInclude>
    <ClInclude Include="..\..\mruby-1.1.0\src\node.h">
      <Filter>Header Files</Filter>
    </ClInclude>
    <ClInclude Include="..\..\mruby-1.1.0\src\opcode.h">
      <Filter>Header Files</Filter>
    </ClInclude>
    <ClInclude Include="..\..\mruby-1.1.0\src\value_array.h">
      <Filter>Header Files</Filter>
    </ClInclude>
    <ClInclude Include="..\..\mruby-1.1.0\include\mruby.h">
      <Filter>Header Files</Filter>
    </ClInclude>
    <ClInclude Include="..\..\mruby-1.1.0\include\mrbconf.h">
      <Filter>Header Files</Filter>
    </ClInclude>
    <ClInclude Include="..\..\mruby-1.1.0\include\mruby\compile.h">
      <Filter>Header Files</Filter>
    </ClInclude>
    <ClInclude Include="..\..\mruby-1.1.0\include\mruby\data.h">
      <Filter>Header Files</Filter>
    </ClInclude>
    <ClInclude Include="..\..\mruby-1.1.0\include\mruby\debug.h">
      <Filter>Header Files</Filter>
    </ClInclude>
    <ClInclude Include="..\..\mruby-1.1.0\include\mruby\dump.h">
      <Filter>Header Files</Filter>
    </ClInclude>
    <ClInclude Include="..\..\mruby-1.1.0\include\mruby\error.h">
      <Filter>Header Files</Filter>
    </ClInclude>
    <ClInclude Include="..\..\mruby-1.1.0\include\mruby\gc.h">
      <Filter>Header Files</Filter>
    </ClInclude>
    <ClInclude Include="..\..\mruby-1.1.0\include\mruby\hash.h">
      <Filter>Header Files</Filter>
    </ClInclude>
    <ClInclude Include="..\..\mruby-1.1.0\include\mruby\irep.h">
      <Filter>Header Files</Filter>
    </ClInclude>
    <ClInclude Include="..\..\mruby-1.1.0\include\mruby\khash.h">
      <Filter>Header Files</Filter>
    </ClInclude>
    <ClInclude Include="..\..\mruby-1.1.0\include\mruby\numeric.h">
      <Filter>Header Files</Filter>
    </ClInclude>
    <ClInclude Include="..\..\mruby-1.1.0\include\mruby\object.h">
      <Filter>Header Files</Filter>
    </ClInclude>
    <ClInclude Include="..\..\mruby-1.1.0\include\mruby\opcode.h">
      <Filter>Header Files</Filter>
    </ClInclude>
    <ClInclude Include="..\..\mruby-1.1.0\include\mruby\proc.h">
      <Filter>Header Files</Filter>
    </ClInclude>
    <ClInclude Include="..\..\mruby-1.1.0\include\mruby\range.h">
      <Filter>Header Files</Filter>
    </ClInclude>
    <ClInclude Include="..\..\mruby-1.1.0\include\mruby\re.h">
      <Filter>Header Files</Filter>
    </ClInclude>
    <ClInclude Include="..\..\mruby-1.1.0\include\mruby\string.h">
      <Filter>Header Files</Filter>
    </ClInclude>
    <ClInclude Include="..\..\mruby-1.1.0\include\mruby\value.h">
      <Filter>Header Files</Filter>
    </ClInclude>
    <ClInclude Include="..\..\mruby-1.1.0\include\mruby\variable.h">
      <Filter>Header Files</Filter>
    </ClInclude>
    <ClInclude Include="..\..\mruby-1.1.0\include\mruby\version.h">
      <Filter>Header Files</Filter>
    </ClInclude>
    <ClInclude Include="..\..\mruby-1.1.0\include\mruby\array.h">
      <Filter>Header Files</Filter>
    </ClInclude>
    <ClInclude Include="..\..\mruby-1.1.0\include\mruby\boxing_nan.h">
      <Filter>Header Files</Filter>
    </ClInclude>
    <ClInclude Include="..\..\mruby-1.1.0\include\mruby\boxing_no.h">
      <Filter>Header Files</Filter>
    </ClInclude>
    <ClInclude Include="..\..\mruby-1.1.0\include\mruby\boxing_word.h">
      <Filter>Header Files</Filter>
    </ClInclude>
    <ClInclude Include="..\..\mruby-1.1.0\include\mruby\class.h">
      <Filter>Header Files</Filter>
    </ClInclude>
  </ItemGroup>
  <ItemGroup>
    <None Include="..\..\mruby-1.1.0\src\keywords" />
    <None Include="..\..\mruby-1.1.0\src\lex.def">
      <Filter>Source Files</Filter>
    </None>
    <None Include="..\..\mruby-1.1.0\src\mruby_core.rake" />
    <None Include="..\..\mruby-1.1.0\src\parse.y" />
  </ItemGroup>
</Project>