Microsoft Visual Studio Solution File, Format Version 12.00
# Visual Studio Express 2013 for Windows Desktop
Project("{8BC9CEB8-8B4A-11D0-8D11-00A0C91BC942}") = "ALL_BUILD", "ALL_BUILD.vcxproj", "{C4D4D796-028B-4819-86A1-C50507B7BAE6}"
	ProjectSection(ProjectDependencies) = postProject
		{C00BBAA5-2507-478E-A099-FCE00C3909D6} = {C00BBAA5-2507-478E-A099-FCE00C3909D6}
		{4A1123B8-91AE-4DE9-B027-ADF3D1B459B1} = {4A1123B8-91AE-4DE9-B027-ADF3D1B459B1}
		{50CA2718-D70C-4517-AE2D-6138856E71FC} = {50CA2718-D70C-4517-AE2D-6138856E71FC}
		{C30A22BE-0989-4CE9-9E1D-801DEBBD0953} = {C30A22BE-0989-4CE9-9E1D-801DEBBD0953}
		{D2CE89C7-D075-4DEB-8BA7-530184D87080} = {D2CE89C7-D075-4DEB-8BA7-530184D87080}
		{A6624F2B-8226-4AEA-A38C-78A8D5EE4CA0} = {A6624F2B-8226-4AEA-A38C-78A8D5EE4CA0}
		{E8EAB57B-C5F4-431E-9EDA-F0FE4C1C3668} = {E8EAB57B-C5F4-431E-9EDA-F0FE4C1C3668}
		{2F569A56-1345-4EDD-92D5-99465EA4B15C} = {2F569A56-1345-4EDD-92D5-99465EA4B15C}
		{689ADDA7-64DE-4C0D-91BB-091EACC26EE0} = {689ADDA7-64DE-4C0D-91BB-091EACC26EE0}
		{FE0374C7-17D2-43AB-83DA-E972B633E6F6} = {FE0374C7-17D2-43AB-83DA-E972B633E6F6}
		{8B6644BD-D61E-4A95-A9C8-11C197601E00} = {8B6644BD-D61E-4A95-A9C8-11C197601E00}
		{CA8DBE90-20BD-43D2-A192-55026088E2B5} = {CA8DBE90-20BD-43D2-A192-55026088E2B5}
		{696E8EFD-156B-401B-9C11-CC2FB4BE3B83} = {696E8EFD-156B-401B-9C11-CC2FB4BE3B83}
		{4E52DB25-0BB7-4724-8C54-345BABAB7ED6} = {4E52DB25-0BB7-4724-8C54-345BABAB7ED6}
		{A5552ECE-03AB-4A9D-B053-7CCD05186F11} = {A5552ECE-03AB-4A9D-B053-7CCD05186F11}
		{9ECA330A-3F16-4BEA-B571-EDA11E4DBB4C} = {9ECA330A-3F16-4BEA-B571-EDA11E4DBB4C}
		{3AC3195D-B010-4EB2-B625-A77A273ACAD5} = {3AC3195D-B010-4EB2-B625-A77A273ACAD5}
		{2D85DB9F-20A5-45CC-8A5C-207098CF4A7F} = {2D85DB9F-20A5-45CC-8A5C-207098CF4A7F}
		{3D185FF7-41B1-48D7-B52D-8D9290945080} = {3D185FF7-41B1-48D7-B52D-8D9290945080}
		{938D6F86-7DD0-42AC-AD1A-2B8D8241BC6D} = {938D6F86-7DD0-42AC-AD1A-2B8D8241BC6D}
		{00A1B654-97D9-4863-A5F3-0D118DBD5AC2} = {00A1B654-97D9-4863-A5F3-0D118DBD5AC2}
		{696CD226-94A6-4EAE-8010-22F1EAC6E6FA} = {696CD226-94A6-4EAE-8010-22F1EAC6E6FA}
		{91B0A45B-4987-4557-8143-8E5138CE7423} = {91B0A45B-4987-4557-8143-8E5138CE7423}
		{E6F789BA-6651-438A-867E-A2160A1B2590} = {E6F789BA-6651-438A-867E-A2160A1B2590}
		{2D29D7B9-8118-4CD4-92B9-D99568D1E4B2} = {2D29D7B9-8118-4CD4-92B9-D99568D1E4B2}
		{87C7FBFF-8C92-4D94-8007-633B188152D4} = {87C7FBFF-8C92-4D94-8007-633B188152D4}
		{92289CE8-409B-4ED5-A787-C7355275DB92} = {92289CE8-409B-4ED5-A787-C7355275DB92}
		{61E9E59D-7632-4B24-8A54-28CF71E5A192} = {61E9E59D-7632-4B24-8A54-28CF71E5A192}
		{ACA7BFD6-5C4B-4659-AFF3-AB4CF619D2FC} = {ACA7BFD6-5C4B-4659-AFF3-AB4CF619D2FC}
		{A55BBA06-5A5B-4E03-BFC0-268073D49B8A} = {A55BBA06-5A5B-4E03-BFC0-268073D49B8A}
		{FE951600-A0BB-4816-8EE5-112501B32C0D} = {FE951600-A0BB-4816-8EE5-112501B32C0D}
		{BDA7BC48-4E50-48CB-A3CC-386ABDCB4C12} = {BDA7BC48-4E50-48CB-A3CC-386ABDCB4C12}
		{AACC0EAB-02B6-4451-BEE9-7CB52AABE082} = {AACC0EAB-02B6-4451-BEE9-7CB52AABE082}
		{4FED6B91-65B6-4568-8E5D-7765E01CE674} = {4FED6B91-65B6-4568-8E5D-7765E01CE674}
		{C9D1515E-A76A-40DF-A741-BF19F100B8A0} = {C9D1515E-A76A-40DF-A741-BF19F100B8A0}
		{BC225367-027D-455D-9D48-F7E8FC03E302} = {BC225367-027D-455D-9D48-F7E8FC03E302}
		{49F4D7AE-3FBE-400E-A3DC-5A4918B4502E} = {49F4D7AE-3FBE-400E-A3DC-5A4918B4502E}
		{90D8FA37-4742-46BB-92F3-762618B94C27} = {90D8FA37-4742-46BB-92F3-762618B94C27}
		{0D526559-310F-4ED5-BBC5-102F42AE0FE3} = {0D526559-310F-4ED5-BBC5-102F42AE0FE3}
		{AB39C6F0-CC24-4159-96B5-5A9547CD337F} = {AB39C6F0-CC24-4159-96B5-5A9547CD337F}
	EndProjectSection
EndProject
Project("{8BC9CEB8-8B4A-11D0-8D11-00A0C91BC942}") = "INSTALL", "INSTALL.vcxproj", "{DD2105A0-B1C6-4EBD-BBAE-5EE784D6CC4E}"
	ProjectSection(ProjectDependencies) = postProject
		{C4D4D796-028B-4819-86A1-C50507B7BAE6} = {C4D4D796-028B-4819-86A1-C50507B7BAE6}
	EndProjectSection
EndProject
Project("{8BC9CEB8-8B4A-11D0-8D11-00A0C91BC942}") = "PACKAGE", "PACKAGE.vcxproj", "{09DBF743-623D-4A1A-9DCC-4F7BCAAA54CD}"
	ProjectSection(ProjectDependencies) = postProject
		{C4D4D796-028B-4819-86A1-C50507B7BAE6} = {C4D4D796-028B-4819-86A1-C50507B7BAE6}
	EndProjectSection
EndProject
Project("{8BC9CEB8-8B4A-11D0-8D11-00A0C91BC942}") = "RUN_TESTS", "RUN_TESTS.vcxproj", "{7A877F5F-962A-489A-AA96-C6BE0403D359}"
	ProjectSection(ProjectDependencies) = postProject
	EndProjectSection
EndProject
Project("{8BC9CEB8-8B4A-11D0-8D11-00A0C91BC942}") = "ZERO_CHECK", "ZERO_CHECK.vcxproj", "{C00BBAA5-2507-478E-A099-FCE00C3909D6}"
	ProjectSection(ProjectDependencies) = postProject
	EndProjectSection
EndProject
Project("{8BC9CEB8-8B4A-11D0-8D11-00A0C91BC942}") = "block", "block.vcxproj", "{4A1123B8-91AE-4DE9-B027-ADF3D1B459B1}"
	ProjectSection(ProjectDependencies) = postProject
		{C00BBAA5-2507-478E-A099-FCE00C3909D6} = {C00BBAA5-2507-478E-A099-FCE00C3909D6}
		{696CD226-94A6-4EAE-8010-22F1EAC6E6FA} = {696CD226-94A6-4EAE-8010-22F1EAC6E6FA}
	EndProjectSection
EndProject
Project("{8BC9CEB8-8B4A-11D0-8D11-00A0C91BC942}") = "bus", "bus.vcxproj", "{50CA2718-D70C-4517-AE2D-6138856E71FC}"
	ProjectSection(ProjectDependencies) = postProject
		{C00BBAA5-2507-478E-A099-FCE00C3909D6} = {C00BBAA5-2507-478E-A099-FCE00C3909D6}
		{696CD226-94A6-4EAE-8010-22F1EAC6E6FA} = {696CD226-94A6-4EAE-8010-22F1EAC6E6FA}
	EndProjectSection
EndProject
Project("{8BC9CEB8-8B4A-11D0-8D11-00A0C91BC942}") = "cmsg", "cmsg.vcxproj", "{C30A22BE-0989-4CE9-9E1D-801DEBBD0953}"
	ProjectSection(ProjectDependencies) = postProject
		{C00BBAA5-2507-478E-A099-FCE00C3909D6} = {C00BBAA5-2507-478E-A099-FCE00C3909D6}
		{696CD226-94A6-4EAE-8010-22F1EAC6E6FA} = {696CD226-94A6-4EAE-8010-22F1EAC6E6FA}
	EndProjectSection
EndProject
Project("{8BC9CEB8-8B4A-11D0-8D11-00A0C91BC942}") = "device", "device.vcxproj", "{D2CE89C7-D075-4DEB-8BA7-530184D87080}"
	ProjectSection(ProjectDependencies) = postProject
		{C00BBAA5-2507-478E-A099-FCE00C3909D6} = {C00BBAA5-2507-478E-A099-FCE00C3909D6}
		{696CD226-94A6-4EAE-8010-22F1EAC6E6FA} = {696CD226-94A6-4EAE-8010-22F1EAC6E6FA}
	EndProjectSection
EndProject
Project("{8BC9CEB8-8B4A-11D0-8D11-00A0C91BC942}") = "domain", "domain.vcxproj", "{A6624F2B-8226-4AEA-A38C-78A8D5EE4CA0}"
	ProjectSection(ProjectDependencies) = postProject
		{C00BBAA5-2507-478E-A099-FCE00C3909D6} = {C00BBAA5-2507-478E-A099-FCE00C3909D6}
		{696CD226-94A6-4EAE-8010-22F1EAC6E6FA} = {696CD226-94A6-4EAE-8010-22F1EAC6E6FA}
	EndProjectSection
EndProject
Project("{8BC9CEB8-8B4A-11D0-8D11-00A0C91BC942}") = "emfile", "emfile.vcxproj", "{E8EAB57B-C5F4-431E-9EDA-F0FE4C1C3668}"
	ProjectSection(ProjectDependencies) = postProject
		{C00BBAA5-2507-478E-A099-FCE00C3909D6} = {C00BBAA5-2507-478E-A099-FCE00C3909D6}
		{696CD226-94A6-4EAE-8010-22F1EAC6E6FA} = {696CD226-94A6-4EAE-8010-22F1EAC6E6FA}
	EndProjectSection
EndProject
Project("{8BC9CEB8-8B4A-11D0-8D11-00A0C91BC942}") = "hash", "hash.vcxproj", "{2F569A56-1345-4EDD-92D5-99465EA4B15C}"
	ProjectSection(ProjectDependencies) = postProject
		{C00BBAA5-2507-478E-A099-FCE00C3909D6} = {C00BBAA5-2507-478E-A099-FCE00C3909D6}
		{696CD226-94A6-4EAE-8010-22F1EAC6E6FA} = {696CD226-94A6-4EAE-8010-22F1EAC6E6FA}
	EndProjectSection
EndProject
Project("{8BC9CEB8-8B4A-11D0-8D11-00A0C91BC942}") = "inproc", "inproc.vcxproj", "{689ADDA7-64DE-4C0D-91BB-091EACC26EE0}"
	ProjectSection(ProjectDependencies) = postProject
		{C00BBAA5-2507-478E-A099-FCE00C3909D6} = {C00BBAA5-2507-478E-A099-FCE00C3909D6}
		{696CD226-94A6-4EAE-8010-22F1EAC6E6FA} = {696CD226-94A6-4EAE-8010-22F1EAC6E6FA}
	EndProjectSection
EndProject
Project("{8BC9CEB8-8B4A-11D0-8D11-00A0C91BC942}") = "inproc_lat", "inproc_lat.vcxproj", "{FE0374C7-17D2-43AB-83DA-E972B633E6F6}"
	ProjectSection(ProjectDependencies) = postProject
		{C00BBAA5-2507-478E-A099-FCE00C3909D6} = {C00BBAA5-2507-478E-A099-FCE00C3909D6}
		{696CD226-94A6-4EAE-8010-22F1EAC6E6FA} = {696CD226-94A6-4EAE-8010-22F1EAC6E6FA}
	EndProjectSection
EndProject
Project("{8BC9CEB8-8B4A-11D0-8D11-00A0C91BC942}") = "inproc_shutdown", "inproc_shutdown.vcxproj", "{8B6644BD-D61E-4A95-A9C8-11C197601E00}"
	ProjectSection(ProjectDependencies) = postProject
		{C00BBAA5-2507-478E-A099-FCE00C3909D6} = {C00BBAA5-2507-478E-A099-FCE00C3909D6}
		{696CD226-94A6-4EAE-8010-22F1EAC6E6FA} = {696CD226-94A6-4EAE-8010-22F1EAC6E6FA}
	EndProjectSection
EndProject
Project("{8BC9CEB8-8B4A-11D0-8D11-00A0C91BC942}") = "inproc_thr", "inproc_thr.vcxproj", "{CA8DBE90-20BD-43D2-A192-55026088E2B5}"
	ProjectSection(ProjectDependencies) = postProject
		{C00BBAA5-2507-478E-A099-FCE00C3909D6} = {C00BBAA5-2507-478E-A099-FCE00C3909D6}
		{696CD226-94A6-4EAE-8010-22F1EAC6E6FA} = {696CD226-94A6-4EAE-8010-22F1EAC6E6FA}
	EndProjectSection
EndProject
Project("{8BC9CEB8-8B4A-11D0-8D11-00A0C91BC942}") = "iovec", "iovec.vcxproj", "{696E8EFD-156B-401B-9C11-CC2FB4BE3B83}"
	ProjectSection(ProjectDependencies) = postProject
		{C00BBAA5-2507-478E-A099-FCE00C3909D6} = {C00BBAA5-2507-478E-A099-FCE00C3909D6}
		{696CD226-94A6-4EAE-8010-22F1EAC6E6FA} = {696CD226-94A6-4EAE-8010-22F1EAC6E6FA}
	EndProjectSection
EndProject
Project("{8BC9CEB8-8B4A-11D0-8D11-00A0C91BC942}") = "ipc", "ipc.vcxproj", "{4E52DB25-0BB7-4724-8C54-345BABAB7ED6}"
	ProjectSection(ProjectDependencies) = postProject
		{C00BBAA5-2507-478E-A099-FCE00C3909D6} = {C00BBAA5-2507-478E-A099-FCE00C3909D6}
		{696CD226-94A6-4EAE-8010-22F1EAC6E6FA} = {696CD226-94A6-4EAE-8010-22F1EAC6E6FA}
	EndProjectSection
EndProject
Project("{8BC9CEB8-8B4A-11D0-8D11-00A0C91BC942}") = "ipc_shutdown", "ipc_shutdown.vcxproj", "{A5552ECE-03AB-4A9D-B053-7CCD05186F11}"
	ProjectSection(ProjectDependencies) = postProject
		{C00BBAA5-2507-478E-A099-FCE00C3909D6} = {C00BBAA5-2507-478E-A099-FCE00C3909D6}
		{696CD226-94A6-4EAE-8010-22F1EAC6E6FA} = {696CD226-94A6-4EAE-8010-22F1EAC6E6FA}
	EndProjectSection
EndProject
Project("{8BC9CEB8-8B4A-11D0-8D11-00A0C91BC942}") = "ipc_stress", "ipc_stress.vcxproj", "{9ECA330A-3F16-4BEA-B571-EDA11E4DBB4C}"
	ProjectSection(ProjectDependencies) = postProject
		{C00BBAA5-2507-478E-A099-FCE00C3909D6} = {C00BBAA5-2507-478E-A099-FCE00C3909D6}
		{696CD226-94A6-4EAE-8010-22F1EAC6E6FA} = {696CD226-94A6-4EAE-8010-22F1EAC6E6FA}
	EndProjectSection
EndProject
Project("{8BC9CEB8-8B4A-11D0-8D11-00A0C91BC942}") = "list", "list.vcxproj", "{3AC3195D-B010-4EB2-B625-A77A273ACAD5}"
	ProjectSection(ProjectDependencies) = postProject
		{C00BBAA5-2507-478E-A099-FCE00C3909D6} = {C00BBAA5-2507-478E-A099-FCE00C3909D6}
		{696CD226-94A6-4EAE-8010-22F1EAC6E6FA} = {696CD226-94A6-4EAE-8010-22F1EAC6E6FA}
	EndProjectSection
EndProject
Project("{8BC9CEB8-8B4A-11D0-8D11-00A0C91BC942}") = "local_lat", "local_lat.vcxproj", "{2D85DB9F-20A5-45CC-8A5C-207098CF4A7F}"
	ProjectSection(ProjectDependencies) = postProject
		{C00BBAA5-2507-478E-A099-FCE00C3909D6} = {C00BBAA5-2507-478E-A099-FCE00C3909D6}
		{696CD226-94A6-4EAE-8010-22F1EAC6E6FA} = {696CD226-94A6-4EAE-8010-22F1EAC6E6FA}
	EndProjectSection
EndProject
Project("{8BC9CEB8-8B4A-11D0-8D11-00A0C91BC942}") = "local_thr", "local_thr.vcxproj", "{3D185FF7-41B1-48D7-B52D-8D9290945080}"
	ProjectSection(ProjectDependencies) = postProject
		{C00BBAA5-2507-478E-A099-FCE00C3909D6} = {C00BBAA5-2507-478E-A099-FCE00C3909D6}
		{696CD226-94A6-4EAE-8010-22F1EAC6E6FA} = {696CD226-94A6-4EAE-8010-22F1EAC6E6FA}
	EndProjectSection
EndProject
Project("{8BC9CEB8-8B4A-11D0-8D11-00A0C91BC942}") = "msg", "msg.vcxproj", "{938D6F86-7DD0-42AC-AD1A-2B8D8241BC6D}"
	ProjectSection(ProjectDependencies) = postProject
		{C00BBAA5-2507-478E-A099-FCE00C3909D6} = {C00BBAA5-2507-478E-A099-FCE00C3909D6}
		{696CD226-94A6-4EAE-8010-22F1EAC6E6FA} = {696CD226-94A6-4EAE-8010-22F1EAC6E6FA}
	EndProjectSection
EndProject
Project("{8BC9CEB8-8B4A-11D0-8D11-00A0C91BC942}") = "nanocat", "nanocat.vcxproj", "{00A1B654-97D9-4863-A5F3-0D118DBD5AC2}"
	ProjectSection(ProjectDependencies) = postProject
		{C00BBAA5-2507-478E-A099-FCE00C3909D6} = {C00BBAA5-2507-478E-A099-FCE00C3909D6}
		{696CD226-94A6-4EAE-8010-22F1EAC6E6FA} = {696CD226-94A6-4EAE-8010-22F1EAC6E6FA}
	EndProjectSection
EndProject
Project("{8BC9CEB8-8B4A-11D0-8D11-00A0C91BC942}") = "nanomsg", "src\nanomsg.vcxproj", "{696CD226-94A6-4EAE-8010-22F1EAC6E6FA}"
	ProjectSection(ProjectDependencies) = postProject
		{C00BBAA5-2507-478E-A099-FCE00C3909D6} = {C00BBAA5-2507-478E-A099-FCE00C3909D6}
	EndProjectSection
EndProject
Project("{8BC9CEB8-8B4A-11D0-8D11-00A0C91BC942}") = "pair", "pair.vcxproj", "{91B0A45B-4987-4557-8143-8E5138CE7423}"
	ProjectSection(ProjectDependencies) = postProject
		{C00BBAA5-2507-478E-A099-FCE00C3909D6} = {C00BBAA5-2507-478E-A099-FCE00C3909D6}
		{696CD226-94A6-4EAE-8010-22F1EAC6E6FA} = {696CD226-94A6-4EAE-8010-22F1EAC6E6FA}
	EndProjectSection
EndProject
Project("{8BC9CEB8-8B4A-11D0-8D11-00A0C91BC942}") = "pipeline", "pipeline.vcxproj", "{E6F789BA-6651-438A-867E-A2160A1B2590}"
	ProjectSection(ProjectDependencies) = postProject
		{C00BBAA5-2507-478E-A099-FCE00C3909D6} = {C00BBAA5-2507-478E-A099-FCE00C3909D6}
		{696CD226-94A6-4EAE-8010-22F1EAC6E6FA} = {696CD226-94A6-4EAE-8010-22F1EAC6E6FA}
	EndProjectSection
EndProject
Project("{8BC9CEB8-8B4A-11D0-8D11-00A0C91BC942}") = "poll", "poll.vcxproj", "{2D29D7B9-8118-4CD4-92B9-D99568D1E4B2}"
	ProjectSection(ProjectDependencies) = postProject
		{C00BBAA5-2507-478E-A099-FCE00C3909D6} = {C00BBAA5-2507-478E-A099-FCE00C3909D6}
		{696CD226-94A6-4EAE-8010-22F1EAC6E6FA} = {696CD226-94A6-4EAE-8010-22F1EAC6E6FA}
	EndProjectSection
EndProject
Project("{8BC9CEB8-8B4A-11D0-8D11-00A0C91BC942}") = "prio", "prio.vcxproj", "{87C7FBFF-8C92-4D94-8007-633B188152D4}"
	ProjectSection(ProjectDependencies) = postProject
		{C00BBAA5-2507-478E-A099-FCE00C3909D6} = {C00BBAA5-2507-478E-A099-FCE00C3909D6}
		{696CD226-94A6-4EAE-8010-22F1EAC6E6FA} = {696CD226-94A6-4EAE-8010-22F1EAC6E6FA}
	EndProjectSection
EndProject
Project("{8BC9CEB8-8B4A-11D0-8D11-00A0C91BC942}") = "pubsub", "pubsub.vcxproj", "{92289CE8-409B-4ED5-A787-C7355275DB92}"
	ProjectSection(ProjectDependencies) = postProject
		{C00BBAA5-2507-478E-A099-FCE00C3909D6} = {C00BBAA5-2507-478E-A099-FCE00C3909D6}
		{696CD226-94A6-4EAE-8010-22F1EAC6E6FA} = {696CD226-94A6-4EAE-8010-22F1EAC6E6FA}
	EndProjectSection
EndProject
Project("{8BC9CEB8-8B4A-11D0-8D11-00A0C91BC942}") = "remote_lat", "remote_lat.vcxproj", "{61E9E59D-7632-4B24-8A54-28CF71E5A192}"
	ProjectSection(ProjectDependencies) = postProject
		{C00BBAA5-2507-478E-A099-FCE00C3909D6} = {C00BBAA5-2507-478E-A099-FCE00C3909D6}
		{696CD226-94A6-4EAE-8010-22F1EAC6E6FA} = {696CD226-94A6-4EAE-8010-22F1EAC6E6FA}
	EndProjectSection
EndProject
Project("{8BC9CEB8-8B4A-11D0-8D11-00A0C91BC942}") = "remote_thr", "remote_thr.vcxproj", "{ACA7BFD6-5C4B-4659-AFF3-AB4CF619D2FC}"
	ProjectSection(ProjectDependencies) = postProject
		{C00BBAA5-2507-478E-A099-FCE00C3909D6} = {C00BBAA5-2507-478E-A099-FCE00C3909D6}
		{696CD226-94A6-4EAE-8010-22F1EAC6E6FA} = {696CD226-94A6-4EAE-8010-22F1EAC6E6FA}
	EndProjectSection
EndProject
Project("{8BC9CEB8-8B4A-11D0-8D11-00A0C91BC942}") = "reqrep", "reqrep.vcxproj", "{A55BBA06-5A5B-4E03-BFC0-268073D49B8A}"
	ProjectSection(ProjectDependencies) = postProject
		{C00BBAA5-2507-478E-A099-FCE00C3909D6} = {C00BBAA5-2507-478E-A099-FCE00C3909D6}
		{696CD226-94A6-4EAE-8010-22F1EAC6E6FA} = {696CD226-94A6-4EAE-8010-22F1EAC6E6FA}
	EndProjectSection
EndProject
Project("{8BC9CEB8-8B4A-11D0-8D11-00A0C91BC942}") = "separation", "separation.vcxproj", "{FE951600-A0BB-4816-8EE5-112501B32C0D}"
	ProjectSection(ProjectDependencies) = postProject
		{C00BBAA5-2507-478E-A099-FCE00C3909D6} = {C00BBAA5-2507-478E-A099-FCE00C3909D6}
		{696CD226-94A6-4EAE-8010-22F1EAC6E6FA} = {696CD226-94A6-4EAE-8010-22F1EAC6E6FA}
	EndProjectSection
EndProject
Project("{8BC9CEB8-8B4A-11D0-8D11-00A0C91BC942}") = "shutdown", "shutdown.vcxproj", "{BDA7BC48-4E50-48CB-A3CC-386ABDCB4C12}"
	ProjectSection(ProjectDependencies) = postProject
		{C00BBAA5-2507-478E-A099-FCE00C3909D6} = {C00BBAA5-2507-478E-A099-FCE00C3909D6}
		{696CD226-94A6-4EAE-8010-22F1EAC6E6FA} = {696CD226-94A6-4EAE-8010-22F1EAC6E6FA}
	EndProjectSection
EndProject
Project("{8BC9CEB8-8B4A-11D0-8D11-00A0C91BC942}") = "survey", "survey.vcxproj", "{AACC0EAB-02B6-4451-BEE9-7CB52AABE082}"
	ProjectSection(ProjectDependencies) = postProject
		{C00BBAA5-2507-478E-A099-FCE00C3909D6} = {C00BBAA5-2507-478E-A099-FCE00C3909D6}
		{696CD226-94A6-4EAE-8010-22F1EAC6E6FA} = {696CD226-94A6-4EAE-8010-22F1EAC6E6FA}
	EndProjectSection
EndProject
Project("{8BC9CEB8-8B4A-11D0-8D11-00A0C91BC942}") = "symbol", "symbol.vcxproj", "{4FED6B91-65B6-4568-8E5D-7765E01CE674}"
	ProjectSection(ProjectDependencies) = postProject
		{C00BBAA5-2507-478E-A099-FCE00C3909D6} = {C00BBAA5-2507-478E-A099-FCE00C3909D6}
		{696CD226-94A6-4EAE-8010-22F1EAC6E6FA} = {696CD226-94A6-4EAE-8010-22F1EAC6E6FA}
	EndProjectSection
EndProject
Project("{8BC9CEB8-8B4A-11D0-8D11-00A0C91BC942}") = "tcp", "tcp.vcxproj", "{C9D1515E-A76A-40DF-A741-BF19F100B8A0}"
	ProjectSection(ProjectDependencies) = postProject
		{C00BBAA5-2507-478E-A099-FCE00C3909D6} = {C00BBAA5-2507-478E-A099-FCE00C3909D6}
		{696CD226-94A6-4EAE-8010-22F1EAC6E6FA} = {696CD226-94A6-4EAE-8010-22F1EAC6E6FA}
	EndProjectSection
EndProject
Project("{8BC9CEB8-8B4A-11D0-8D11-00A0C91BC942}") = "tcp_shutdown", "tcp_shutdown.vcxproj", "{BC225367-027D-455D-9D48-F7E8FC03E302}"
	ProjectSection(ProjectDependencies) = postProject
		{C00BBAA5-2507-478E-A099-FCE00C3909D6} = {C00BBAA5-2507-478E-A099-FCE00C3909D6}
		{696CD226-94A6-4EAE-8010-22F1EAC6E6FA} = {696CD226-94A6-4EAE-8010-22F1EAC6E6FA}
	EndProjectSection
EndProject
Project("{8BC9CEB8-8B4A-11D0-8D11-00A0C91BC942}") = "term", "term.vcxproj", "{49F4D7AE-3FBE-400E-A3DC-5A4918B4502E}"
	ProjectSection(ProjectDependencies) = postProject
		{C00BBAA5-2507-478E-A099-FCE00C3909D6} = {C00BBAA5-2507-478E-A099-FCE00C3909D6}
		{696CD226-94A6-4EAE-8010-22F1EAC6E6FA} = {696CD226-94A6-4EAE-8010-22F1EAC6E6FA}
	EndProjectSection
EndProject
Project("{8BC9CEB8-8B4A-11D0-8D11-00A0C91BC942}") = "timeo", "timeo.vcxproj", "{90D8FA37-4742-46BB-92F3-762618B94C27}"
	ProjectSection(ProjectDependencies) = postProject
		{C00BBAA5-2507-478E-A099-FCE00C3909D6} = {C00BBAA5-2507-478E-A099-FCE00C3909D6}
		{696CD226-94A6-4EAE-8010-22F1EAC6E6FA} = {696CD226-94A6-4EAE-8010-22F1EAC6E6FA}
	EndProjectSection
EndProject
Project("{8BC9CEB8-8B4A-11D0-8D11-00A0C91BC942}") = "trie", "trie.vcxproj", "{0D526559-310F-4ED5-BBC5-102F42AE0FE3}"
	ProjectSection(ProjectDependencies) = postProject
		{C00BBAA5-2507-478E-A099-FCE00C3909D6} = {C00BBAA5-2507-478E-A099-FCE00C3909D6}
		{696CD226-94A6-4EAE-8010-22F1EAC6E6FA} = {696CD226-94A6-4EAE-8010-22F1EAC6E6FA}
	EndProjectSection
EndProject
Project("{8BC9CEB8-8B4A-11D0-8D11-00A0C91BC942}") = "zerocopy", "zerocopy.vcxproj", "{AB39C6F0-CC24-4159-96B5-5A9547CD337F}"
	ProjectSection(ProjectDependencies) = postProject
		{C00BBAA5-2507-478E-A099-FCE00C3909D6} = {C00BBAA5-2507-478E-A099-FCE00C3909D6}
		{696CD226-94A6-4EAE-8010-22F1EAC6E6FA} = {696CD226-94A6-4EAE-8010-22F1EAC6E6FA}
	EndProjectSection
EndProject
Global
	GlobalSection(SolutionConfigurationPlatforms) = preSolution
		Debug|Win32 = Debug|Win32
		Release|Win32 = Release|Win32
		MinSizeRel|Win32 = MinSizeRel|Win32
		RelWithDebInfo|Win32 = RelWithDebInfo|Win32
	EndGlobalSection
	GlobalSection(ProjectConfigurationPlatforms) = postSolution
		{C4D4D796-028B-4819-86A1-C50507B7BAE6}.Debug|Win32.ActiveCfg = Debug|Win32
		{C4D4D796-028B-4819-86A1-C50507B7BAE6}.Debug|Win32.Build.0 = Debug|Win32
		{C4D4D796-028B-4819-86A1-C50507B7BAE6}.Release|Win32.ActiveCfg = Release|Win32
		{C4D4D796-028B-4819-86A1-C50507B7BAE6}.Release|Win32.Build.0 = Release|Win32
		{C4D4D796-028B-4819-86A1-C50507B7BAE6}.MinSizeRel|Win32.ActiveCfg = MinSizeRel|Win32
		{C4D4D796-028B-4819-86A1-C50507B7BAE6}.MinSizeRel|Win32.Build.0 = MinSizeRel|Win32
		{C4D4D796-028B-4819-86A1-C50507B7BAE6}.RelWithDebInfo|Win32.ActiveCfg = RelWithDebInfo|Win32
		{C4D4D796-028B-4819-86A1-C50507B7BAE6}.RelWithDebInfo|Win32.Build.0 = RelWithDebInfo|Win32
		{DD2105A0-B1C6-4EBD-BBAE-5EE784D6CC4E}.Debug|Win32.ActiveCfg = Debug|Win32
		{DD2105A0-B1C6-4EBD-BBAE-5EE784D6CC4E}.Release|Win32.ActiveCfg = Release|Win32
		{DD2105A0-B1C6-4EBD-BBAE-5EE784D6CC4E}.MinSizeRel|Win32.ActiveCfg = MinSizeRel|Win32
		{DD2105A0-B1C6-4EBD-BBAE-5EE784D6CC4E}.RelWithDebInfo|Win32.ActiveCfg = RelWithDebInfo|Win32
		{09DBF743-623D-4A1A-9DCC-4F7BCAAA54CD}.Debug|Win32.ActiveCfg = Debug|Win32
		{09DBF743-623D-4A1A-9DCC-4F7BCAAA54CD}.Release|Win32.ActiveCfg = Release|Win32
		{09DBF743-623D-4A1A-9DCC-4F7BCAAA54CD}.MinSizeRel|Win32.ActiveCfg = MinSizeRel|Win32
		{09DBF743-623D-4A1A-9DCC-4F7BCAAA54CD}.RelWithDebInfo|Win32.ActiveCfg = RelWithDebInfo|Win32
		{7A877F5F-962A-489A-AA96-C6BE0403D359}.Debug|Win32.ActiveCfg = Debug|Win32
		{7A877F5F-962A-489A-AA96-C6BE0403D359}.Release|Win32.ActiveCfg = Release|Win32
		{7A877F5F-962A-489A-AA96-C6BE0403D359}.MinSizeRel|Win32.ActiveCfg = MinSizeRel|Win32
		{7A877F5F-962A-489A-AA96-C6BE0403D359}.RelWithDebInfo|Win32.ActiveCfg = RelWithDebInfo|Win32
		{C00BBAA5-2507-478E-A099-FCE00C3909D6}.Debug|Win32.ActiveCfg = Debug|Win32
		{C00BBAA5-2507-478E-A099-FCE00C3909D6}.Debug|Win32.Build.0 = Debug|Win32
		{C00BBAA5-2507-478E-A099-FCE00C3909D6}.Release|Win32.ActiveCfg = Release|Win32
		{C00BBAA5-2507-478E-A099-FCE00C3909D6}.Release|Win32.Build.0 = Release|Win32
		{C00BBAA5-2507-478E-A099-FCE00C3909D6}.MinSizeRel|Win32.ActiveCfg = MinSizeRel|Win32
		{C00BBAA5-2507-478E-A099-FCE00C3909D6}.MinSizeRel|Win32.Build.0 = MinSizeRel|Win32
		{C00BBAA5-2507-478E-A099-FCE00C3909D6}.RelWithDebInfo|Win32.ActiveCfg = RelWithDebInfo|Win32
		{C00BBAA5-2507-478E-A099-FCE00C3909D6}.RelWithDebInfo|Win32.Build.0 = RelWithDebInfo|Win32
		{4A1123B8-91AE-4DE9-B027-ADF3D1B459B1}.Debug|Win32.ActiveCfg = Debug|Win32
		{4A1123B8-91AE-4DE9-B027-ADF3D1B459B1}.Debug|Win32.Build.0 = Debug|Win32
		{4A1123B8-91AE-4DE9-B027-ADF3D1B459B1}.Release|Win32.ActiveCfg = Release|Win32
		{4A1123B8-91AE-4DE9-B027-ADF3D1B459B1}.Release|Win32.Build.0 = Release|Win32
		{4A1123B8-91AE-4DE9-B027-ADF3D1B459B1}.MinSizeRel|Win32.ActiveCfg = MinSizeRel|Win32
		{4A1123B8-91AE-4DE9-B027-ADF3D1B459B1}.MinSizeRel|Win32.Build.0 = MinSizeRel|Win32
		{4A1123B8-91AE-4DE9-B027-ADF3D1B459B1}.RelWithDebInfo|Win32.ActiveCfg = RelWithDebInfo|Win32
		{4A1123B8-91AE-4DE9-B027-ADF3D1B459B1}.RelWithDebInfo|Win32.Build.0 = RelWithDebInfo|Win32
		{50CA2718-D70C-4517-AE2D-6138856E71FC}.Debug|Win32.ActiveCfg = Debug|Win32
		{50CA2718-D70C-4517-AE2D-6138856E71FC}.Debug|Win32.Build.0 = Debug|Win32
		{50CA2718-D70C-4517-AE2D-6138856E71FC}.Release|Win32.ActiveCfg = Release|Win32
		{50CA2718-D70C-4517-AE2D-6138856E71FC}.Release|Win32.Build.0 = Release|Win32
		{50CA2718-D70C-4517-AE2D-6138856E71FC}.MinSizeRel|Win32.ActiveCfg = MinSizeRel|Win32
		{50CA2718-D70C-4517-AE2D-6138856E71FC}.MinSizeRel|Win32.Build.0 = MinSizeRel|Win32
		{50CA2718-D70C-4517-AE2D-6138856E71FC}.RelWithDebInfo|Win32.ActiveCfg = RelWithDebInfo|Win32
		{50CA2718-D70C-4517-AE2D-6138856E71FC}.RelWithDebInfo|Win32.Build.0 = RelWithDebInfo|Win32
		{C30A22BE-0989-4CE9-9E1D-801DEBBD0953}.Debug|Win32.ActiveCfg = Debug|Win32
		{C30A22BE-0989-4CE9-9E1D-801DEBBD0953}.Debug|Win32.Build.0 = Debug|Win32
		{C30A22BE-0989-4CE9-9E1D-801DEBBD0953}.Release|Win32.ActiveCfg = Release|Win32
		{C30A22BE-0989-4CE9-9E1D-801DEBBD0953}.Release|Win32.Build.0 = Release|Win32
		{C30A22BE-0989-4CE9-9E1D-801DEBBD0953}.MinSizeRel|Win32.ActiveCfg = MinSizeRel|Win32
		{C30A22BE-0989-4CE9-9E1D-801DEBBD0953}.MinSizeRel|Win32.Build.0 = MinSizeRel|Win32
		{C30A22BE-0989-4CE9-9E1D-801DEBBD0953}.RelWithDebInfo|Win32.ActiveCfg = RelWithDebInfo|Win32
		{C30A22BE-0989-4CE9-9E1D-801DEBBD0953}.RelWithDebInfo|Win32.Build.0 = RelWithDebInfo|Win32
		{D2CE89C7-D075-4DEB-8BA7-530184D87080}.Debug|Win32.ActiveCfg = Debug|Win32
		{D2CE89C7-D075-4DEB-8BA7-530184D87080}.Debug|Win32.Build.0 = Debug|Win32
		{D2CE89C7-D075-4DEB-8BA7-530184D87080}.Release|Win32.ActiveCfg = Release|Win32
		{D2CE89C7-D075-4DEB-8BA7-530184D87080}.Release|Win32.Build.0 = Release|Win32
		{D2CE89C7-D075-4DEB-8BA7-530184D87080}.MinSizeRel|Win32.ActiveCfg = MinSizeRel|Win32
		{D2CE89C7-D075-4DEB-8BA7-530184D87080}.MinSizeRel|Win32.Build.0 = MinSizeRel|Win32
		{D2CE89C7-D075-4DEB-8BA7-530184D87080}.RelWithDebInfo|Win32.ActiveCfg = RelWithDebInfo|Win32
		{D2CE89C7-D075-4DEB-8BA7-530184D87080}.RelWithDebInfo|Win32.Build.0 = RelWithDebInfo|Win32
		{A6624F2B-8226-4AEA-A38C-78A8D5EE4CA0}.Debug|Win32.ActiveCfg = Debug|Win32
		{A6624F2B-8226-4AEA-A38C-78A8D5EE4CA0}.Debug|Win32.Build.0 = Debug|Win32
		{A6624F2B-8226-4AEA-A38C-78A8D5EE4CA0}.Release|Win32.ActiveCfg = Release|Win32
		{A6624F2B-8226-4AEA-A38C-78A8D5EE4CA0}.Release|Win32.Build.0 = Release|Win32
		{A6624F2B-8226-4AEA-A38C-78A8D5EE4CA0}.MinSizeRel|Win32.ActiveCfg = MinSizeRel|Win32
		{A6624F2B-8226-4AEA-A38C-78A8D5EE4CA0}.MinSizeRel|Win32.Build.0 = MinSizeRel|Win32
		{A6624F2B-8226-4AEA-A38C-78A8D5EE4CA0}.RelWithDebInfo|Win32.ActiveCfg = RelWithDebInfo|Win32
		{A6624F2B-8226-4AEA-A38C-78A8D5EE4CA0}.RelWithDebInfo|Win32.Build.0 = RelWithDebInfo|Win32
		{E8EAB57B-C5F4-431E-9EDA-F0FE4C1C3668}.Debug|Win32.ActiveCfg = Debug|Win32
		{E8EAB57B-C5F4-431E-9EDA-F0FE4C1C3668}.Debug|Win32.Build.0 = Debug|Win32
		{E8EAB57B-C5F4-431E-9EDA-F0FE4C1C3668}.Release|Win32.ActiveCfg = Release|Win32
		{E8EAB57B-C5F4-431E-9EDA-F0FE4C1C3668}.Release|Win32.Build.0 = Release|Win32
		{E8EAB57B-C5F4-431E-9EDA-F0FE4C1C3668}.MinSizeRel|Win32.ActiveCfg = MinSizeRel|Win32
		{E8EAB57B-C5F4-431E-9EDA-F0FE4C1C3668}.MinSizeRel|Win32.Build.0 = MinSizeRel|Win32
		{E8EAB57B-C5F4-431E-9EDA-F0FE4C1C3668}.RelWithDebInfo|Win32.ActiveCfg = RelWithDebInfo|Win32
		{E8EAB57B-C5F4-431E-9EDA-F0FE4C1C3668}.RelWithDebInfo|Win32.Build.0 = RelWithDebInfo|Win32
		{2F569A56-1345-4EDD-92D5-99465EA4B15C}.Debug|Win32.ActiveCfg = Debug|Win32
		{2F569A56-1345-4EDD-92D5-99465EA4B15C}.Debug|Win32.Build.0 = Debug|Win32
		{2F569A56-1345-4EDD-92D5-99465EA4B15C}.Release|Win32.ActiveCfg = Release|Win32
		{2F569A56-1345-4EDD-92D5-99465EA4B15C}.Release|Win32.Build.0 = Release|Win32
		{2F569A56-1345-4EDD-92D5-99465EA4B15C}.MinSizeRel|Win32.ActiveCfg = MinSizeRel|Win32
		{2F569A56-1345-4EDD-92D5-99465EA4B15C}.MinSizeRel|Win32.Build.0 = MinSizeRel|Win32
		{2F569A56-1345-4EDD-92D5-99465EA4B15C}.RelWithDebInfo|Win32.ActiveCfg = RelWithDebInfo|Win32
		{2F569A56-1345-4EDD-92D5-99465EA4B15C}.RelWithDebInfo|Win32.Build.0 = RelWithDebInfo|Win32
		{689ADDA7-64DE-4C0D-91BB-091EACC26EE0}.Debug|Win32.ActiveCfg = Debug|Win32
		{689ADDA7-64DE-4C0D-91BB-091EACC26EE0}.Debug|Win32.Build.0 = Debug|Win32
		{689ADDA7-64DE-4C0D-91BB-091EACC26EE0}.Release|Win32.ActiveCfg = Release|Win32
		{689ADDA7-64DE-4C0D-91BB-091EACC26EE0}.Release|Win32.Build.0 = Release|Win32
		{689ADDA7-64DE-4C0D-91BB-091EACC26EE0}.MinSizeRel|Win32.ActiveCfg = MinSizeRel|Win32
		{689ADDA7-64DE-4C0D-91BB-091EACC26EE0}.MinSizeRel|Win32.Build.0 = MinSizeRel|Win32
		{689ADDA7-64DE-4C0D-91BB-091EACC26EE0}.RelWithDebInfo|Win32.ActiveCfg = RelWithDebInfo|Win32
		{689ADDA7-64DE-4C0D-91BB-091EACC26EE0}.RelWithDebInfo|Win32.Build.0 = RelWithDebInfo|Win32
		{FE0374C7-17D2-43AB-83DA-E972B633E6F6}.Debug|Win32.ActiveCfg = Debug|Win32
		{FE0374C7-17D2-43AB-83DA-E972B633E6F6}.Debug|Win32.Build.0 = Debug|Win32
		{FE0374C7-17D2-43AB-83DA-E972B633E6F6}.Release|Win32.ActiveCfg = Release|Win32
		{FE0374C7-17D2-43AB-83DA-E972B633E6F6}.Release|Win32.Build.0 = Release|Win32
		{FE0374C7-17D2-43AB-83DA-E972B633E6F6}.MinSizeRel|Win32.ActiveCfg = MinSizeRel|Win32
		{FE0374C7-17D2-43AB-83DA-E972B633E6F6}.MinSizeRel|Win32.Build.0 = MinSizeRel|Win32
		{FE0374C7-17D2-43AB-83DA-E972B633E6F6}.RelWithDebInfo|Win32.ActiveCfg = RelWithDebInfo|Win32
		{FE0374C7-17D2-43AB-83DA-E972B633E6F6}.RelWithDebInfo|Win32.Build.0 = RelWithDebInfo|Win32
		{8B6644BD-D61E-4A95-A9C8-11C197601E00}.Debug|Win32.ActiveCfg = Debug|Win32
		{8B6644BD-D61E-4A95-A9C8-11C197601E00}.Debug|Win32.Build.0 = Debug|Win32
		{8B6644BD-D61E-4A95-A9C8-11C197601E00}.Release|Win32.ActiveCfg = Release|Win32
		{8B6644BD-D61E-4A95-A9C8-11C197601E00}.Release|Win32.Build.0 = Release|Win32
		{8B6644BD-D61E-4A95-A9C8-11C197601E00}.MinSizeRel|Win32.ActiveCfg = MinSizeRel|Win32
		{8B6644BD-D61E-4A95-A9C8-11C197601E00}.MinSizeRel|Win32.Build.0 = MinSizeRel|Win32
		{8B6644BD-D61E-4A95-A9C8-11C197601E00}.RelWithDebInfo|Win32.ActiveCfg = RelWithDebInfo|Win32
		{8B6644BD-D61E-4A95-A9C8-11C197601E00}.RelWithDebInfo|Win32.Build.0 = RelWithDebInfo|Win32
		{CA8DBE90-20BD-43D2-A192-55026088E2B5}.Debug|Win32.ActiveCfg = Debug|Win32
		{CA8DBE90-20BD-43D2-A192-55026088E2B5}.Debug|Win32.Build.0 = Debug|Win32
		{CA8DBE90-20BD-43D2-A192-55026088E2B5}.Release|Win32.ActiveCfg = Release|Win32
		{CA8DBE90-20BD-43D2-A192-55026088E2B5}.Release|Win32.Build.0 = Release|Win32
		{CA8DBE90-20BD-43D2-A192-55026088E2B5}.MinSizeRel|Win32.ActiveCfg = MinSizeRel|Win32
		{CA8DBE90-20BD-43D2-A192-55026088E2B5}.MinSizeRel|Win32.Build.0 = MinSizeRel|Win32
		{CA8DBE90-20BD-43D2-A192-55026088E2B5}.RelWithDebInfo|Win32.ActiveCfg = RelWithDebInfo|Win32
		{CA8DBE90-20BD-43D2-A192-55026088E2B5}.RelWithDebInfo|Win32.Build.0 = RelWithDebInfo|Win32
		{696E8EFD-156B-401B-9C11-CC2FB4BE3B83}.Debug|Win32.ActiveCfg = Debug|Win32
		{696E8EFD-156B-401B-9C11-CC2FB4BE3B83}.Debug|Win32.Build.0 = Debug|Win32
		{696E8EFD-156B-401B-9C11-CC2FB4BE3B83}.Release|Win32.ActiveCfg = Release|Win32
		{696E8EFD-156B-401B-9C11-CC2FB4BE3B83}.Release|Win32.Build.0 = Release|Win32
		{696E8EFD-156B-401B-9C11-CC2FB4BE3B83}.MinSizeRel|Win32.ActiveCfg = MinSizeRel|Win32
		{696E8EFD-156B-401B-9C11-CC2FB4BE3B83}.MinSizeRel|Win32.Build.0 = MinSizeRel|Win32
		{696E8EFD-156B-401B-9C11-CC2FB4BE3B83}.RelWithDebInfo|Win32.ActiveCfg = RelWithDebInfo|Win32
		{696E8EFD-156B-401B-9C11-CC2FB4BE3B83}.RelWithDebInfo|Win32.Build.0 = RelWithDebInfo|Win32
		{4E52DB25-0BB7-4724-8C54-345BABAB7ED6}.Debug|Win32.ActiveCfg = Debug|Win32
		{4E52DB25-0BB7-4724-8C54-345BABAB7ED6}.Debug|Win32.Build.0 = Debug|Win32
		{4E52DB25-0BB7-4724-8C54-345BABAB7ED6}.Release|Win32.ActiveCfg = Release|Win32
		{4E52DB25-0BB7-4724-8C54-345BABAB7ED6}.Release|Win32.Build.0 = Release|Win32
		{4E52DB25-0BB7-4724-8C54-345BABAB7ED6}.MinSizeRel|Win32.ActiveCfg = MinSizeRel|Win32
		{4E52DB25-0BB7-4724-8C54-345BABAB7ED6}.MinSizeRel|Win32.Build.0 = MinSizeRel|Win32
		{4E52DB25-0BB7-4724-8C54-345BABAB7ED6}.RelWithDebInfo|Win32.ActiveCfg = RelWithDebInfo|Win32
		{4E52DB25-0BB7-4724-8C54-345BABAB7ED6}.RelWithDebInfo|Win32.Build.0 = RelWithDebInfo|Win32
		{A5552ECE-03AB-4A9D-B053-7CCD05186F11}.Debug|Win32.ActiveCfg = Debug|Win32
		{A5552ECE-03AB-4A9D-B053-7CCD05186F11}.Debug|Win32.Build.0 = Debug|Win32
		{A5552ECE-03AB-4A9D-B053-7CCD05186F11}.Release|Win32.ActiveCfg = Release|Win32
		{A5552ECE-03AB-4A9D-B053-7CCD05186F11}.Release|Win32.Build.0 = Release|Win32
		{A5552ECE-03AB-4A9D-B053-7CCD05186F11}.MinSizeRel|Win32.ActiveCfg = MinSizeRel|Win32
		{A5552ECE-03AB-4A9D-B053-7CCD05186F11}.MinSizeRel|Win32.Build.0 = MinSizeRel|Win32
		{A5552ECE-03AB-4A9D-B053-7CCD05186F11}.RelWithDebInfo|Win32.ActiveCfg = RelWithDebInfo|Win32
		{A5552ECE-03AB-4A9D-B053-7CCD05186F11}.RelWithDebInfo|Win32.Build.0 = RelWithDebInfo|Win32
		{9ECA330A-3F16-4BEA-B571-EDA11E4DBB4C}.Debug|Win32.ActiveCfg = Debug|Win32
		{9ECA330A-3F16-4BEA-B571-EDA11E4DBB4C}.Debug|Win32.Build.0 = Debug|Win32
		{9ECA330A-3F16-4BEA-B571-EDA11E4DBB4C}.Release|Win32.ActiveCfg = Release|Win32
		{9ECA330A-3F16-4BEA-B571-EDA11E4DBB4C}.Release|Win32.Build.0 = Release|Win32
		{9ECA330A-3F16-4BEA-B571-EDA11E4DBB4C}.MinSizeRel|Win32.ActiveCfg = MinSizeRel|Win32
		{9ECA330A-3F16-4BEA-B571-EDA11E4DBB4C}.MinSizeRel|Win32.Build.0 = MinSizeRel|Win32
		{9ECA330A-3F16-4BEA-B571-EDA11E4DBB4C}.RelWithDebInfo|Win32.ActiveCfg = RelWithDebInfo|Win32
		{9ECA330A-3F16-4BEA-B571-EDA11E4DBB4C}.RelWithDebInfo|Win32.Build.0 = RelWithDebInfo|Win32
		{3AC3195D-B010-4EB2-B625-A77A273ACAD5}.Debug|Win32.ActiveCfg = Debug|Win32
		{3AC3195D-B010-4EB2-B625-A77A273ACAD5}.Debug|Win32.Build.0 = Debug|Win32
		{3AC3195D-B010-4EB2-B625-A77A273ACAD5}.Release|Win32.ActiveCfg = Release|Win32
		{3AC3195D-B010-4EB2-B625-A77A273ACAD5}.Release|Win32.Build.0 = Release|Win32
		{3AC3195D-B010-4EB2-B625-A77A273ACAD5}.MinSizeRel|Win32.ActiveCfg = MinSizeRel|Win32
		{3AC3195D-B010-4EB2-B625-A77A273ACAD5}.MinSizeRel|Win32.Build.0 = MinSizeRel|Win32
		{3AC3195D-B010-4EB2-B625-A77A273ACAD5}.RelWithDebInfo|Win32.ActiveCfg = RelWithDebInfo|Win32
		{3AC3195D-B010-4EB2-B625-A77A273ACAD5}.RelWithDebInfo|Win32.Build.0 = RelWithDebInfo|Win32
		{2D85DB9F-20A5-45CC-8A5C-207098CF4A7F}.Debug|Win32.ActiveCfg = Debug|Win32
		{2D85DB9F-20A5-45CC-8A5C-207098CF4A7F}.Debug|Win32.Build.0 = Debug|Win32
		{2D85DB9F-20A5-45CC-8A5C-207098CF4A7F}.Release|Win32.ActiveCfg = Release|Win32
		{2D85DB9F-20A5-45CC-8A5C-207098CF4A7F}.Release|Win32.Build.0 = Release|Win32
		{2D85DB9F-20A5-45CC-8A5C-207098CF4A7F}.MinSizeRel|Win32.ActiveCfg = MinSizeRel|Win32
		{2D85DB9F-20A5-45CC-8A5C-207098CF4A7F}.MinSizeRel|Win32.Build.0 = MinSizeRel|Win32
		{2D85DB9F-20A5-45CC-8A5C-207098CF4A7F}.RelWithDebInfo|Win32.ActiveCfg = RelWithDebInfo|Win32
		{2D85DB9F-20A5-45CC-8A5C-207098CF4A7F}.RelWithDebInfo|Win32.Build.0 = RelWithDebInfo|Win32
		{3D185FF7-41B1-48D7-B52D-8D9290945080}.Debug|Win32.ActiveCfg = Debug|Win32
		{3D185FF7-41B1-48D7-B52D-8D9290945080}.Debug|Win32.Build.0 = Debug|Win32
		{3D185FF7-41B1-48D7-B52D-8D9290945080}.Release|Win32.ActiveCfg = Release|Win32
		{3D185FF7-41B1-48D7-B52D-8D9290945080}.Release|Win32.Build.0 = Release|Win32
		{3D185FF7-41B1-48D7-B52D-8D9290945080}.MinSizeRel|Win32.ActiveCfg = MinSizeRel|Win32
		{3D185FF7-41B1-48D7-B52D-8D9290945080}.MinSizeRel|Win32.Build.0 = MinSizeRel|Win32
		{3D185FF7-41B1-48D7-B52D-8D9290945080}.RelWithDebInfo|Win32.ActiveCfg = RelWithDebInfo|Win32
		{3D185FF7-41B1-48D7-B52D-8D9290945080}.RelWithDebInfo|Win32.Build.0 = RelWithDebInfo|Win32
		{938D6F86-7DD0-42AC-AD1A-2B8D8241BC6D}.Debug|Win32.ActiveCfg = Debug|Win32
		{938D6F86-7DD0-42AC-AD1A-2B8D8241BC6D}.Debug|Win32.Build.0 = Debug|Win32
		{938D6F86-7DD0-42AC-AD1A-2B8D8241BC6D}.Release|Win32.ActiveCfg = Release|Win32
		{938D6F86-7DD0-42AC-AD1A-2B8D8241BC6D}.Release|Win32.Build.0 = Release|Win32
		{938D6F86-7DD0-42AC-AD1A-2B8D8241BC6D}.MinSizeRel|Win32.ActiveCfg = MinSizeRel|Win32
		{938D6F86-7DD0-42AC-AD1A-2B8D8241BC6D}.MinSizeRel|Win32.Build.0 = MinSizeRel|Win32
		{938D6F86-7DD0-42AC-AD1A-2B8D8241BC6D}.RelWithDebInfo|Win32.ActiveCfg = RelWithDebInfo|Win32
		{938D6F86-7DD0-42AC-AD1A-2B8D8241BC6D}.RelWithDebInfo|Win32.Build.0 = RelWithDebInfo|Win32
		{00A1B654-97D9-4863-A5F3-0D118DBD5AC2}.Debug|Win32.ActiveCfg = Debug|Win32
		{00A1B654-97D9-4863-A5F3-0D118DBD5AC2}.Debug|Win32.Build.0 = Debug|Win32
		{00A1B654-97D9-4863-A5F3-0D118DBD5AC2}.Release|Win32.ActiveCfg = Release|Win32
		{00A1B654-97D9-4863-A5F3-0D118DBD5AC2}.Release|Win32.Build.0 = Release|Win32
		{00A1B654-97D9-4863-A5F3-0D118DBD5AC2}.MinSizeRel|Win32.ActiveCfg = MinSizeRel|Win32
		{00A1B654-97D9-4863-A5F3-0D118DBD5AC2}.MinSizeRel|Win32.Build.0 = MinSizeRel|Win32
		{00A1B654-97D9-4863-A5F3-0D118DBD5AC2}.RelWithDebInfo|Win32.ActiveCfg = RelWithDebInfo|Win32
		{00A1B654-97D9-4863-A5F3-0D118DBD5AC2}.RelWithDebInfo|Win32.Build.0 = RelWithDebInfo|Win32
		{696CD226-94A6-4EAE-8010-22F1EAC6E6FA}.Debug|Win32.ActiveCfg = Debug|Win32
		{696CD226-94A6-4EAE-8010-22F1EAC6E6FA}.Debug|Win32.Build.0 = Debug|Win32
		{696CD226-94A6-4EAE-8010-22F1EAC6E6FA}.Release|Win32.ActiveCfg = Release|Win32
		{696CD226-94A6-4EAE-8010-22F1EAC6E6FA}.Release|Win32.Build.0 = Release|Win32
		{696CD226-94A6-4EAE-8010-22F1EAC6E6FA}.MinSizeRel|Win32.ActiveCfg = MinSizeRel|Win32
		{696CD226-94A6-4EAE-8010-22F1EAC6E6FA}.MinSizeRel|Win32.Build.0 = MinSizeRel|Win32
		{696CD226-94A6-4EAE-8010-22F1EAC6E6FA}.RelWithDebInfo|Win32.ActiveCfg = RelWithDebInfo|Win32
		{696CD226-94A6-4EAE-8010-22F1EAC6E6FA}.RelWithDebInfo|Win32.Build.0 = RelWithDebInfo|Win32
		{91B0A45B-4987-4557-8143-8E5138CE7423}.Debug|Win32.ActiveCfg = Debug|Win32
		{91B0A45B-4987-4557-8143-8E5138CE7423}.Debug|Win32.Build.0 = Debug|Win32
		{91B0A45B-4987-4557-8143-8E5138CE7423}.Release|Win32.ActiveCfg = Release|Win32
		{91B0A45B-4987-4557-8143-8E5138CE7423}.Release|Win32.Build.0 = Release|Win32
		{91B0A45B-4987-4557-8143-8E5138CE7423}.MinSizeRel|Win32.ActiveCfg = MinSizeRel|Win32
		{91B0A45B-4987-4557-8143-8E5138CE7423}.MinSizeRel|Win32.Build.0 = MinSizeRel|Win32
		{91B0A45B-4987-4557-8143-8E5138CE7423}.RelWithDebInfo|Win32.ActiveCfg = RelWithDebInfo|Win32
		{91B0A45B-4987-4557-8143-8E5138CE7423}.RelWithDebInfo|Win32.Build.0 = RelWithDebInfo|Win32
		{E6F789BA-6651-438A-867E-A2160A1B2590}.Debug|Win32.ActiveCfg = Debug|Win32
		{E6F789BA-6651-438A-867E-A2160A1B2590}.Debug|Win32.Build.0 = Debug|Win32
		{E6F789BA-6651-438A-867E-A2160A1B2590}.Release|Win32.ActiveCfg = Release|Win32
		{E6F789BA-6651-438A-867E-A2160A1B2590}.Release|Win32.Build.0 = Release|Win32
		{E6F789BA-6651-438A-867E-A2160A1B2590}.MinSizeRel|Win32.ActiveCfg = MinSizeRel|Win32
		{E6F789BA-6651-438A-867E-A2160A1B2590}.MinSizeRel|Win32.Build.0 = MinSizeRel|Win32
		{E6F789BA-6651-438A-867E-A2160A1B2590}.RelWithDebInfo|Win32.ActiveCfg = RelWithDebInfo|Win32
		{E6F789BA-6651-438A-867E-A2160A1B2590}.RelWithDebInfo|Win32.Build.0 = RelWithDebInfo|Win32
		{2D29D7B9-8118-4CD4-92B9-D99568D1E4B2}.Debug|Win32.ActiveCfg = Debug|Win32
		{2D29D7B9-8118-4CD4-92B9-D99568D1E4B2}.Debug|Win32.Build.0 = Debug|Win32
		{2D29D7B9-8118-4CD4-92B9-D99568D1E4B2}.Release|Win32.ActiveCfg = Release|Win32
		{2D29D7B9-8118-4CD4-92B9-D99568D1E4B2}.Release|Win32.Build.0 = Release|Win32
		{2D29D7B9-8118-4CD4-92B9-D99568D1E4B2}.MinSizeRel|Win32.ActiveCfg = MinSizeRel|Win32
		{2D29D7B9-8118-4CD4-92B9-D99568D1E4B2}.MinSizeRel|Win32.Build.0 = MinSizeRel|Win32
		{2D29D7B9-8118-4CD4-92B9-D99568D1E4B2}.RelWithDebInfo|Win32.ActiveCfg = RelWithDebInfo|Win32
		{2D29D7B9-8118-4CD4-92B9-D99568D1E4B2}.RelWithDebInfo|Win32.Build.0 = RelWithDebInfo|Win32
		{87C7FBFF-8C92-4D94-8007-633B188152D4}.Debug|Win32.ActiveCfg = Debug|Win32
		{87C7FBFF-8C92-4D94-8007-633B188152D4}.Debug|Win32.Build.0 = Debug|Win32
		{87C7FBFF-8C92-4D94-8007-633B188152D4}.Release|Win32.ActiveCfg = Release|Win32
		{87C7FBFF-8C92-4D94-8007-633B188152D4}.Release|Win32.Build.0 = Release|Win32
		{87C7FBFF-8C92-4D94-8007-633B188152D4}.MinSizeRel|Win32.ActiveCfg = MinSizeRel|Win32
		{87C7FBFF-8C92-4D94-8007-633B188152D4}.MinSizeRel|Win32.Build.0 = MinSizeRel|Win32
		{87C7FBFF-8C92-4D94-8007-633B188152D4}.RelWithDebInfo|Win32.ActiveCfg = RelWithDebInfo|Win32
		{87C7FBFF-8C92-4D94-8007-633B188152D4}.RelWithDebInfo|Win32.Build.0 = RelWithDebInfo|Win32
		{92289CE8-409B-4ED5-A787-C7355275DB92}.Debug|Win32.ActiveCfg = Debug|Win32
		{92289CE8-409B-4ED5-A787-C7355275DB92}.Debug|Win32.Build.0 = Debug|Win32
		{92289CE8-409B-4ED5-A787-C7355275DB92}.Release|Win32.ActiveCfg = Release|Win32
		{92289CE8-409B-4ED5-A787-C7355275DB92}.Release|Win32.Build.0 = Release|Win32
		{92289CE8-409B-4ED5-A787-C7355275DB92}.MinSizeRel|Win32.ActiveCfg = MinSizeRel|Win32
		{92289CE8-409B-4ED5-A787-C7355275DB92}.MinSizeRel|Win32.Build.0 = MinSizeRel|Win32
		{92289CE8-409B-4ED5-A787-C7355275DB92}.RelWithDebInfo|Win32.ActiveCfg = RelWithDebInfo|Win32
		{92289CE8-409B-4ED5-A787-C7355275DB92}.RelWithDebInfo|Win32.Build.0 = RelWithDebInfo|Win32
		{61E9E59D-7632-4B24-8A54-28CF71E5A192}.Debug|Win32.ActiveCfg = Debug|Win32
		{61E9E59D-7632-4B24-8A54-28CF71E5A192}.Debug|Win32.Build.0 = Debug|Win32
		{61E9E59D-7632-4B24-8A54-28CF71E5A192}.Release|Win32.ActiveCfg = Release|Win32
		{61E9E59D-7632-4B24-8A54-28CF71E5A192}.Release|Win32.Build.0 = Release|Win32
		{61E9E59D-7632-4B24-8A54-28CF71E5A192}.MinSizeRel|Win32.ActiveCfg = MinSizeRel|Win32
		{61E9E59D-7632-4B24-8A54-28CF71E5A192}.MinSizeRel|Win32.Build.0 = MinSizeRel|Win32
		{61E9E59D-7632-4B24-8A54-28CF71E5A192}.RelWithDebInfo|Win32.ActiveCfg = RelWithDebInfo|Win32
		{61E9E59D-7632-4B24-8A54-28CF71E5A192}.RelWithDebInfo|Win32.Build.0 = RelWithDebInfo|Win32
		{ACA7BFD6-5C4B-4659-AFF3-AB4CF619D2FC}.Debug|Win32.ActiveCfg = Debug|Win32
		{ACA7BFD6-5C4B-4659-AFF3-AB4CF619D2FC}.Debug|Win32.Build.0 = Debug|Win32
		{ACA7BFD6-5C4B-4659-AFF3-AB4CF619D2FC}.Release|Win32.ActiveCfg = Release|Win32
		{ACA7BFD6-5C4B-4659-AFF3-AB4CF619D2FC}.Release|Win32.Build.0 = Release|Win32
		{ACA7BFD6-5C4B-4659-AFF3-AB4CF619D2FC}.MinSizeRel|Win32.ActiveCfg = MinSizeRel|Win32
		{ACA7BFD6-5C4B-4659-AFF3-AB4CF619D2FC}.MinSizeRel|Win32.Build.0 = MinSizeRel|Win32
		{ACA7BFD6-5C4B-4659-AFF3-AB4CF619D2FC}.RelWithDebInfo|Win32.ActiveCfg = RelWithDebInfo|Win32
		{ACA7BFD6-5C4B-4659-AFF3-AB4CF619D2FC}.RelWithDebInfo|Win32.Build.0 = RelWithDebInfo|Win32
		{A55BBA06-5A5B-4E03-BFC0-268073D49B8A}.Debug|Win32.ActiveCfg = Debug|Win32
		{A55BBA06-5A5B-4E03-BFC0-268073D49B8A}.Debug|Win32.Build.0 = Debug|Win32
		{A55BBA06-5A5B-4E03-BFC0-268073D49B8A}.Release|Win32.ActiveCfg = Release|Win32
		{A55BBA06-5A5B-4E03-BFC0-268073D49B8A}.Release|Win32.Build.0 = Release|Win32
		{A55BBA06-5A5B-4E03-BFC0-268073D49B8A}.MinSizeRel|Win32.ActiveCfg = MinSizeRel|Win32
		{A55BBA06-5A5B-4E03-BFC0-268073D49B8A}.MinSizeRel|Win32.Build.0 = MinSizeRel|Win32
		{A55BBA06-5A5B-4E03-BFC0-268073D49B8A}.RelWithDebInfo|Win32.ActiveCfg = RelWithDebInfo|Win32
		{A55BBA06-5A5B-4E03-BFC0-268073D49B8A}.RelWithDebInfo|Win32.Build.0 = RelWithDebInfo|Win32
		{FE951600-A0BB-4816-8EE5-112501B32C0D}.Debug|Win32.ActiveCfg = Debug|Win32
		{FE951600-A0BB-4816-8EE5-112501B32C0D}.Debug|Win32.Build.0 = Debug|Win32
		{FE951600-A0BB-4816-8EE5-112501B32C0D}.Release|Win32.ActiveCfg = Release|Win32
		{FE951600-A0BB-4816-8EE5-112501B32C0D}.Release|Win32.Build.0 = Release|Win32
		{FE951600-A0BB-4816-8EE5-112501B32C0D}.MinSizeRel|Win32.ActiveCfg = MinSizeRel|Win32
		{FE951600-A0BB-4816-8EE5-112501B32C0D}.MinSizeRel|Win32.Build.0 = MinSizeRel|Win32
		{FE951600-A0BB-4816-8EE5-112501B32C0D}.RelWithDebInfo|Win32.ActiveCfg = RelWithDebInfo|Win32
		{FE951600-A0BB-4816-8EE5-112501B32C0D}.RelWithDebInfo|Win32.Build.0 = RelWithDebInfo|Win32
		{BDA7BC48-4E50-48CB-A3CC-386ABDCB4C12}.Debug|Win32.ActiveCfg = Debug|Win32
		{BDA7BC48-4E50-48CB-A3CC-386ABDCB4C12}.Debug|Win32.Build.0 = Debug|Win32
		{BDA7BC48-4E50-48CB-A3CC-386ABDCB4C12}.Release|Win32.ActiveCfg = Release|Win32
		{BDA7BC48-4E50-48CB-A3CC-386ABDCB4C12}.Release|Win32.Build.0 = Release|Win32
		{BDA7BC48-4E50-48CB-A3CC-386ABDCB4C12}.MinSizeRel|Win32.ActiveCfg = MinSizeRel|Win32
		{BDA7BC48-4E50-48CB-A3CC-386ABDCB4C12}.MinSizeRel|Win32.Build.0 = MinSizeRel|Win32
		{BDA7BC48-4E50-48CB-A3CC-386ABDCB4C12}.RelWithDebInfo|Win32.ActiveCfg = RelWithDebInfo|Win32
		{BDA7BC48-4E50-48CB-A3CC-386ABDCB4C12}.RelWithDebInfo|Win32.Build.0 = RelWithDebInfo|Win32
		{AACC0EAB-02B6-4451-BEE9-7CB52AABE082}.Debug|Win32.ActiveCfg = Debug|Win32
		{AACC0EAB-02B6-4451-BEE9-7CB52AABE082}.Debug|Win32.Build.0 = Debug|Win32
		{AACC0EAB-02B6-4451-BEE9-7CB52AABE082}.Release|Win32.ActiveCfg = Release|Win32
		{AACC0EAB-02B6-4451-BEE9-7CB52AABE082}.Release|Win32.Build.0 = Release|Win32
		{AACC0EAB-02B6-4451-BEE9-7CB52AABE082}.MinSizeRel|Win32.ActiveCfg = MinSizeRel|Win32
		{AACC0EAB-02B6-4451-BEE9-7CB52AABE082}.MinSizeRel|Win32.Build.0 = MinSizeRel|Win32
		{AACC0EAB-02B6-4451-BEE9-7CB52AABE082}.RelWithDebInfo|Win32.ActiveCfg = RelWithDebInfo|Win32
		{AACC0EAB-02B6-4451-BEE9-7CB52AABE082}.RelWithDebInfo|Win32.Build.0 = RelWithDebInfo|Win32
		{4FED6B91-65B6-4568-8E5D-7765E01CE674}.Debug|Win32.ActiveCfg = Debug|Win32
		{4FED6B91-65B6-4568-8E5D-7765E01CE674}.Debug|Win32.Build.0 = Debug|Win32
		{4FED6B91-65B6-4568-8E5D-7765E01CE674}.Release|Win32.ActiveCfg = Release|Win32
		{4FED6B91-65B6-4568-8E5D-7765E01CE674}.Release|Win32.Build.0 = Release|Win32
		{4FED6B91-65B6-4568-8E5D-7765E01CE674}.MinSizeRel|Win32.ActiveCfg = MinSizeRel|Win32
		{4FED6B91-65B6-4568-8E5D-7765E01CE674}.MinSizeRel|Win32.Build.0 = MinSizeRel|Win32
		{4FED6B91-65B6-4568-8E5D-7765E01CE674}.RelWithDebInfo|Win32.ActiveCfg = RelWithDebInfo|Win32
		{4FED6B91-65B6-4568-8E5D-7765E01CE674}.RelWithDebInfo|Win32.Build.0 = RelWithDebInfo|Win32
		{C9D1515E-A76A-40DF-A741-BF19F100B8A0}.Debug|Win32.ActiveCfg = Debug|Win32
		{C9D1515E-A76A-40DF-A741-BF19F100B8A0}.Debug|Win32.Build.0 = Debug|Win32
		{C9D1515E-A76A-40DF-A741-BF19F100B8A0}.Release|Win32.ActiveCfg = Release|Win32
		{C9D1515E-A76A-40DF-A741-BF19F100B8A0}.Release|Win32.Build.0 = Release|Win32
		{C9D1515E-A76A-40DF-A741-BF19F100B8A0}.MinSizeRel|Win32.ActiveCfg = MinSizeRel|Win32
		{C9D1515E-A76A-40DF-A741-BF19F100B8A0}.MinSizeRel|Win32.Build.0 = MinSizeRel|Win32
		{C9D1515E-A76A-40DF-A741-BF19F100B8A0}.RelWithDebInfo|Win32.ActiveCfg = RelWithDebInfo|Win32
		{C9D1515E-A76A-40DF-A741-BF19F100B8A0}.RelWithDebInfo|Win32.Build.0 = RelWithDebInfo|Win32
		{BC225367-027D-455D-9D48-F7E8FC03E302}.Debug|Win32.ActiveCfg = Debug|Win32
		{BC225367-027D-455D-9D48-F7E8FC03E302}.Debug|Win32.Build.0 = Debug|Win32
		{BC225367-027D-455D-9D48-F7E8FC03E302}.Release|Win32.ActiveCfg = Release|Win32
		{BC225367-027D-455D-9D48-F7E8FC03E302}.Release|Win32.Build.0 = Release|Win32
		{BC225367-027D-455D-9D48-F7E8FC03E302}.MinSizeRel|Win32.ActiveCfg = MinSizeRel|Win32
		{BC225367-027D-455D-9D48-F7E8FC03E302}.MinSizeRel|Win32.Build.0 = MinSizeRel|Win32
		{BC225367-027D-455D-9D48-F7E8FC03E302}.RelWithDebInfo|Win32.ActiveCfg = RelWithDebInfo|Win32
		{BC225367-027D-455D-9D48-F7E8FC03E302}.RelWithDebInfo|Win32.Build.0 = RelWithDebInfo|Win32
		{49F4D7AE-3FBE-400E-A3DC-5A4918B4502E}.Debug|Win32.ActiveCfg = Debug|Win32
		{49F4D7AE-3FBE-400E-A3DC-5A4918B4502E}.Debug|Win32.Build.0 = Debug|Win32
		{49F4D7AE-3FBE-400E-A3DC-5A4918B4502E}.Release|Win32.ActiveCfg = Release|Win32
		{49F4D7AE-3FBE-400E-A3DC-5A4918B4502E}.Release|Win32.Build.0 = Release|Win32
		{49F4D7AE-3FBE-400E-A3DC-5A4918B4502E}.MinSizeRel|Win32.ActiveCfg = MinSizeRel|Win32
		{49F4D7AE-3FBE-400E-A3DC-5A4918B4502E}.MinSizeRel|Win32.Build.0 = MinSizeRel|Win32
		{49F4D7AE-3FBE-400E-A3DC-5A4918B4502E}.RelWithDebInfo|Win32.ActiveCfg = RelWithDebInfo|Win32
		{49F4D7AE-3FBE-400E-A3DC-5A4918B4502E}.RelWithDebInfo|Win32.Build.0 = RelWithDebInfo|Win32
		{90D8FA37-4742-46BB-92F3-762618B94C27}.Debug|Win32.ActiveCfg = Debug|Win32
		{90D8FA37-4742-46BB-92F3-762618B94C27}.Debug|Win32.Build.0 = Debug|Win32
		{90D8FA37-4742-46BB-92F3-762618B94C27}.Release|Win32.ActiveCfg = Release|Win32
		{90D8FA37-4742-46BB-92F3-762618B94C27}.Release|Win32.Build.0 = Release|Win32
		{90D8FA37-4742-46BB-92F3-762618B94C27}.MinSizeRel|Win32.ActiveCfg = MinSizeRel|Win32
		{90D8FA37-4742-46BB-92F3-762618B94C27}.MinSizeRel|Win32.Build.0 = MinSizeRel|Win32
		{90D8FA37-4742-46BB-92F3-762618B94C27}.RelWithDebInfo|Win32.ActiveCfg = RelWithDebInfo|Win32
		{90D8FA37-4742-46BB-92F3-762618B94C27}.RelWithDebInfo|Win32.Build.0 = RelWithDebInfo|Win32
		{0D526559-310F-4ED5-BBC5-102F42AE0FE3}.Debug|Win32.ActiveCfg = Debug|Win32
		{0D526559-310F-4ED5-BBC5-102F42AE0FE3}.Debug|Win32.Build.0 = Debug|Win32
		{0D526559-310F-4ED5-BBC5-102F42AE0FE3}.Release|Win32.ActiveCfg = Release|Win32
		{0D526559-310F-4ED5-BBC5-102F42AE0FE3}.Release|Win32.Build.0 = Release|Win32
		{0D526559-310F-4ED5-BBC5-102F42AE0FE3}.MinSizeRel|Win32.ActiveCfg = MinSizeRel|Win32
		{0D526559-310F-4ED5-BBC5-102F42AE0FE3}.MinSizeRel|Win32.Build.0 = MinSizeRel|Win32
		{0D526559-310F-4ED5-BBC5-102F42AE0FE3}.RelWithDebInfo|Win32.ActiveCfg = RelWithDebInfo|Win32
		{0D526559-310F-4ED5-BBC5-102F42AE0FE3}.RelWithDebInfo|Win32.Build.0 = RelWithDebInfo|Win32
		{AB39C6F0-CC24-4159-96B5-5A9547CD337F}.Debug|Win32.ActiveCfg = Debug|Win32
		{AB39C6F0-CC24-4159-96B5-5A9547CD337F}.Debug|Win32.Build.0 = Debug|Win32
		{AB39C6F0-CC24-4159-96B5-5A9547CD337F}.Release|Win32.ActiveCfg = Release|Win32
		{AB39C6F0-CC24-4159-96B5-5A9547CD337F}.Release|Win32.Build.0 = Release|Win32
		{AB39C6F0-CC24-4159-96B5-5A9547CD337F}.MinSizeRel|Win32.ActiveCfg = MinSizeRel|Win32
		{AB39C6F0-CC24-4159-96B5-5A9547CD337F}.MinSizeRel|Win32.Build.0 = MinSizeRel|Win32
		{AB39C6F0-CC24-4159-96B5-5A9547CD337F}.RelWithDebInfo|Win32.ActiveCfg = RelWithDebInfo|Win32
		{AB39C6F0-CC24-4159-96B5-5A9547CD337F}.RelWithDebInfo|Win32.Build.0 = RelWithDebInfo|Win32
	EndGlobalSection
	GlobalSection(ExtensibilityGlobals) = postSolution
	EndGlobalSection
	GlobalSection(ExtensibilityAddIns) = postSolution
	EndGlobalSection
EndGlobal
