Microsoft Visual Studio Solution File, Format Version 12.00
# Visual Studio Express 2013 for Windows Desktop
Project("{8BC9CEB8-8B4A-11D0-8D11-00A0C91BC942}") = "ALL_BUILD", "ALL_BUILD.vcxproj", "{22C7252F-32FF-427C-B00A-23714DC9DBBB}"
	ProjectSection(ProjectDependencies) = postProject
		{F702BF6F-4BD3-4912-B150-FEBB141E75F5} = {F702BF6F-4BD3-4912-B150-FEBB141E75F5}
		{F5F0F5DF-8F78-4534-ACE0-A5E10FC41616} = {F5F0F5DF-8F78-4534-ACE0-A5E10FC41616}
		{13722B3F-E8EF-404F-AD9A-13DEC381984C} = {13722B3F-E8EF-404F-AD9A-13DEC381984C}
		{95AA8F7B-F85F-4AE4-AD03-9F0A363B7A9E} = {95AA8F7B-F85F-4AE4-AD03-9F0A363B7A9E}
		{DC116AC4-B90F-4E66-873A-2055503DCB04} = {DC116AC4-B90F-4E66-873A-2055503DCB04}
		{83C7B727-01EF-48C8-8D56-78154CF90623} = {83C7B727-01EF-48C8-8D56-78154CF90623}
		{FFE47B40-9E6D-4C24-A336-8C04DBDB1EFA} = {FFE47B40-9E6D-4C24-A336-8C04DBDB1EFA}
		{0501360A-39C7-4F37-B246-F47AB445F06A} = {0501360A-39C7-4F37-B246-F47AB445F06A}
		{2363F47C-D4ED-4285-8670-024B2A84F5C6} = {2363F47C-D4ED-4285-8670-024B2A84F5C6}
		{622027F7-A6E0-4E0A-A723-4651E7A9C626} = {622027F7-A6E0-4E0A-A723-4651E7A9C626}
		{A6DF9470-E615-4DB4-A683-962CE17BDB0A} = {A6DF9470-E615-4DB4-A683-962CE17BDB0A}
		{59C513D1-DDFA-48EB-A011-D4151CC23E34} = {59C513D1-DDFA-48EB-A011-D4151CC23E34}
		{F662EBF9-C4BC-4F45-944A-523915E00B62} = {F662EBF9-C4BC-4F45-944A-523915E00B62}
		{DE4B043D-426F-4015-9991-4E6F74F14C4C} = {DE4B043D-426F-4015-9991-4E6F74F14C4C}
		{76997C97-88E0-4A7F-B537-8125F59BDC4E} = {76997C97-88E0-4A7F-B537-8125F59BDC4E}
		{A6A6180E-83A9-481E-AA6A-8F11B3B27DDD} = {A6A6180E-83A9-481E-AA6A-8F11B3B27DDD}
		{09D21315-6C07-4846-80C6-A29D09EFA654} = {09D21315-6C07-4846-80C6-A29D09EFA654}
		{451F45F9-886E-443B-AA59-6E19A9766200} = {451F45F9-886E-443B-AA59-6E19A9766200}
		{85DE3B47-8D84-4B49-92AF-FF07CD00DAA8} = {85DE3B47-8D84-4B49-92AF-FF07CD00DAA8}
		{059062E1-5325-42B2-B066-593DD1901584} = {059062E1-5325-42B2-B066-593DD1901584}
		{1EBB0040-9783-4267-92B2-0E1A48AC6DC5} = {1EBB0040-9783-4267-92B2-0E1A48AC6DC5}
		{2164528E-D715-4ACC-BD03-F0DD6D7A72E3} = {2164528E-D715-4ACC-BD03-F0DD6D7A72E3}
		{B188ACF3-9048-4D0E-94D2-AC5A9CBD6D22} = {B188ACF3-9048-4D0E-94D2-AC5A9CBD6D22}
		{3F7A1981-982F-4111-8F67-57ED21CABD87} = {3F7A1981-982F-4111-8F67-57ED21CABD87}
		{60693D51-F427-493A-82F4-BF30C1EA6473} = {60693D51-F427-493A-82F4-BF30C1EA6473}
		{7AB49292-8B41-43AE-9A9B-59E117ECADF1} = {7AB49292-8B41-43AE-9A9B-59E117ECADF1}
		{E015BCB1-AAE0-4635-BF2C-87EEE7541148} = {E015BCB1-AAE0-4635-BF2C-87EEE7541148}
		{E4FD8266-798B-4C66-AD6D-0B771340D188} = {E4FD8266-798B-4C66-AD6D-0B771340D188}
		{790FA9D9-3259-4316-B5E4-C6C442A241D9} = {790FA9D9-3259-4316-B5E4-C6C442A241D9}
		{DDDB4ACE-7114-472D-A0EB-E8D833EDFC47} = {DDDB4ACE-7114-472D-A0EB-E8D833EDFC47}
		{DC9F2541-42BE-401C-9E3B-7570B3A5EC11} = {DC9F2541-42BE-401C-9E3B-7570B3A5EC11}
		{18935A34-5D42-4C66-82A8-B9FE7163D21B} = {18935A34-5D42-4C66-82A8-B9FE7163D21B}
		{4954AE85-935A-48BC-9974-9311BF313D61} = {4954AE85-935A-48BC-9974-9311BF313D61}
		{615BFC68-E241-4729-A51E-A7C3AC4A7978} = {615BFC68-E241-4729-A51E-A7C3AC4A7978}
		{B57C42B5-29A9-416F-9BC2-17C95E3C00A8} = {B57C42B5-29A9-416F-9BC2-17C95E3C00A8}
		{04DFCAE3-9F62-4C8D-A923-9E644935E82D} = {04DFCAE3-9F62-4C8D-A923-9E644935E82D}
		{5B421E49-C96F-4D42-9ED1-D373E13DFC98} = {5B421E49-C96F-4D42-9ED1-D373E13DFC98}
		{F1B1F545-FB43-4CA7-9C56-B7ECAC1144B9} = {F1B1F545-FB43-4CA7-9C56-B7ECAC1144B9}
		{4A006FDF-1C7A-47E0-B4D9-61EC564EB07B} = {4A006FDF-1C7A-47E0-B4D9-61EC564EB07B}
		{629BDE99-34DE-4C22-9FE3-DD03DC15DE70} = {629BDE99-34DE-4C22-9FE3-DD03DC15DE70}
	EndProjectSection
EndProject
Project("{8BC9CEB8-8B4A-11D0-8D11-00A0C91BC942}") = "INSTALL", "INSTALL.vcxproj", "{4BFE9262-217B-44DF-AD2A-B22027875119}"
	ProjectSection(ProjectDependencies) = postProject
		{22C7252F-32FF-427C-B00A-23714DC9DBBB} = {22C7252F-32FF-427C-B00A-23714DC9DBBB}
	EndProjectSection
EndProject
Project("{8BC9CEB8-8B4A-11D0-8D11-00A0C91BC942}") = "PACKAGE", "PACKAGE.vcxproj", "{8039BE07-7F66-403D-8305-0BC77F8E94AD}"
	ProjectSection(ProjectDependencies) = postProject
		{22C7252F-32FF-427C-B00A-23714DC9DBBB} = {22C7252F-32FF-427C-B00A-23714DC9DBBB}
	EndProjectSection
EndProject
Project("{8BC9CEB8-8B4A-11D0-8D11-00A0C91BC942}") = "RUN_TESTS", "RUN_TESTS.vcxproj", "{8601DEF8-5080-4EC3-912F-89C43741BA56}"
	ProjectSection(ProjectDependencies) = postProject
	EndProjectSection
EndProject
Project("{8BC9CEB8-8B4A-11D0-8D11-00A0C91BC942}") = "ZERO_CHECK", "ZERO_CHECK.vcxproj", "{F702BF6F-4BD3-4912-B150-FEBB141E75F5}"
	ProjectSection(ProjectDependencies) = postProject
	EndProjectSection
EndProject
Project("{8BC9CEB8-8B4A-11D0-8D11-00A0C91BC942}") = "block", "block.vcxproj", "{F5F0F5DF-8F78-4534-ACE0-A5E10FC41616}"
	ProjectSection(ProjectDependencies) = postProject
		{F702BF6F-4BD3-4912-B150-FEBB141E75F5} = {F702BF6F-4BD3-4912-B150-FEBB141E75F5}
		{2164528E-D715-4ACC-BD03-F0DD6D7A72E3} = {2164528E-D715-4ACC-BD03-F0DD6D7A72E3}
	EndProjectSection
EndProject
Project("{8BC9CEB8-8B4A-11D0-8D11-00A0C91BC942}") = "bus", "bus.vcxproj", "{13722B3F-E8EF-404F-AD9A-13DEC381984C}"
	ProjectSection(ProjectDependencies) = postProject
		{F702BF6F-4BD3-4912-B150-FEBB141E75F5} = {F702BF6F-4BD3-4912-B150-FEBB141E75F5}
		{2164528E-D715-4ACC-BD03-F0DD6D7A72E3} = {2164528E-D715-4ACC-BD03-F0DD6D7A72E3}
	EndProjectSection
EndProject
Project("{8BC9CEB8-8B4A-11D0-8D11-00A0C91BC942}") = "cmsg", "cmsg.vcxproj", "{95AA8F7B-F85F-4AE4-AD03-9F0A363B7A9E}"
	ProjectSection(ProjectDependencies) = postProject
		{F702BF6F-4BD3-4912-B150-FEBB141E75F5} = {F702BF6F-4BD3-4912-B150-FEBB141E75F5}
		{2164528E-D715-4ACC-BD03-F0DD6D7A72E3} = {2164528E-D715-4ACC-BD03-F0DD6D7A72E3}
	EndProjectSection
EndProject
Project("{8BC9CEB8-8B4A-11D0-8D11-00A0C91BC942}") = "device", "device.vcxproj", "{DC116AC4-B90F-4E66-873A-2055503DCB04}"
	ProjectSection(ProjectDependencies) = postProject
		{F702BF6F-4BD3-4912-B150-FEBB141E75F5} = {F702BF6F-4BD3-4912-B150-FEBB141E75F5}
		{2164528E-D715-4ACC-BD03-F0DD6D7A72E3} = {2164528E-D715-4ACC-BD03-F0DD6D7A72E3}
	EndProjectSection
EndProject
Project("{8BC9CEB8-8B4A-11D0-8D11-00A0C91BC942}") = "domain", "domain.vcxproj", "{83C7B727-01EF-48C8-8D56-78154CF90623}"
	ProjectSection(ProjectDependencies) = postProject
		{F702BF6F-4BD3-4912-B150-FEBB141E75F5} = {F702BF6F-4BD3-4912-B150-FEBB141E75F5}
		{2164528E-D715-4ACC-BD03-F0DD6D7A72E3} = {2164528E-D715-4ACC-BD03-F0DD6D7A72E3}
	EndProjectSection
EndProject
Project("{8BC9CEB8-8B4A-11D0-8D11-00A0C91BC942}") = "emfile", "emfile.vcxproj", "{FFE47B40-9E6D-4C24-A336-8C04DBDB1EFA}"
	ProjectSection(ProjectDependencies) = postProject
		{F702BF6F-4BD3-4912-B150-FEBB141E75F5} = {F702BF6F-4BD3-4912-B150-FEBB141E75F5}
		{2164528E-D715-4ACC-BD03-F0DD6D7A72E3} = {2164528E-D715-4ACC-BD03-F0DD6D7A72E3}
	EndProjectSection
EndProject
Project("{8BC9CEB8-8B4A-11D0-8D11-00A0C91BC942}") = "hash", "hash.vcxproj", "{0501360A-39C7-4F37-B246-F47AB445F06A}"
	ProjectSection(ProjectDependencies) = postProject
		{F702BF6F-4BD3-4912-B150-FEBB141E75F5} = {F702BF6F-4BD3-4912-B150-FEBB141E75F5}
		{2164528E-D715-4ACC-BD03-F0DD6D7A72E3} = {2164528E-D715-4ACC-BD03-F0DD6D7A72E3}
	EndProjectSection
EndProject
Project("{8BC9CEB8-8B4A-11D0-8D11-00A0C91BC942}") = "inproc", "inproc.vcxproj", "{2363F47C-D4ED-4285-8670-024B2A84F5C6}"
	ProjectSection(ProjectDependencies) = postProject
		{F702BF6F-4BD3-4912-B150-FEBB141E75F5} = {F702BF6F-4BD3-4912-B150-FEBB141E75F5}
		{2164528E-D715-4ACC-BD03-F0DD6D7A72E3} = {2164528E-D715-4ACC-BD03-F0DD6D7A72E3}
	EndProjectSection
EndProject
Project("{8BC9CEB8-8B4A-11D0-8D11-00A0C91BC942}") = "inproc_lat", "inproc_lat.vcxproj", "{622027F7-A6E0-4E0A-A723-4651E7A9C626}"
	ProjectSection(ProjectDependencies) = postProject
		{F702BF6F-4BD3-4912-B150-FEBB141E75F5} = {F702BF6F-4BD3-4912-B150-FEBB141E75F5}
		{2164528E-D715-4ACC-BD03-F0DD6D7A72E3} = {2164528E-D715-4ACC-BD03-F0DD6D7A72E3}
	EndProjectSection
EndProject
Project("{8BC9CEB8-8B4A-11D0-8D11-00A0C91BC942}") = "inproc_shutdown", "inproc_shutdown.vcxproj", "{A6DF9470-E615-4DB4-A683-962CE17BDB0A}"
	ProjectSection(ProjectDependencies) = postProject
		{F702BF6F-4BD3-4912-B150-FEBB141E75F5} = {F702BF6F-4BD3-4912-B150-FEBB141E75F5}
		{2164528E-D715-4ACC-BD03-F0DD6D7A72E3} = {2164528E-D715-4ACC-BD03-F0DD6D7A72E3}
	EndProjectSection
EndProject
Project("{8BC9CEB8-8B4A-11D0-8D11-00A0C91BC942}") = "inproc_thr", "inproc_thr.vcxproj", "{59C513D1-DDFA-48EB-A011-D4151CC23E34}"
	ProjectSection(ProjectDependencies) = postProject
		{F702BF6F-4BD3-4912-B150-FEBB141E75F5} = {F702BF6F-4BD3-4912-B150-FEBB141E75F5}
		{2164528E-D715-4ACC-BD03-F0DD6D7A72E3} = {2164528E-D715-4ACC-BD03-F0DD6D7A72E3}
	EndProjectSection
EndProject
Project("{8BC9CEB8-8B4A-11D0-8D11-00A0C91BC942}") = "iovec", "iovec.vcxproj", "{F662EBF9-C4BC-4F45-944A-523915E00B62}"
	ProjectSection(ProjectDependencies) = postProject
		{F702BF6F-4BD3-4912-B150-FEBB141E75F5} = {F702BF6F-4BD3-4912-B150-FEBB141E75F5}
		{2164528E-D715-4ACC-BD03-F0DD6D7A72E3} = {2164528E-D715-4ACC-BD03-F0DD6D7A72E3}
	EndProjectSection
EndProject
Project("{8BC9CEB8-8B4A-11D0-8D11-00A0C91BC942}") = "ipc", "ipc.vcxproj", "{DE4B043D-426F-4015-9991-4E6F74F14C4C}"
	ProjectSection(ProjectDependencies) = postProject
		{F702BF6F-4BD3-4912-B150-FEBB141E75F5} = {F702BF6F-4BD3-4912-B150-FEBB141E75F5}
		{2164528E-D715-4ACC-BD03-F0DD6D7A72E3} = {2164528E-D715-4ACC-BD03-F0DD6D7A72E3}
	EndProjectSection
EndProject
Project("{8BC9CEB8-8B4A-11D0-8D11-00A0C91BC942}") = "ipc_shutdown", "ipc_shutdown.vcxproj", "{76997C97-88E0-4A7F-B537-8125F59BDC4E}"
	ProjectSection(ProjectDependencies) = postProject
		{F702BF6F-4BD3-4912-B150-FEBB141E75F5} = {F702BF6F-4BD3-4912-B150-FEBB141E75F5}
		{2164528E-D715-4ACC-BD03-F0DD6D7A72E3} = {2164528E-D715-4ACC-BD03-F0DD6D7A72E3}
	EndProjectSection
EndProject
Project("{8BC9CEB8-8B4A-11D0-8D11-00A0C91BC942}") = "ipc_stress", "ipc_stress.vcxproj", "{A6A6180E-83A9-481E-AA6A-8F11B3B27DDD}"
	ProjectSection(ProjectDependencies) = postProject
		{F702BF6F-4BD3-4912-B150-FEBB141E75F5} = {F702BF6F-4BD3-4912-B150-FEBB141E75F5}
		{2164528E-D715-4ACC-BD03-F0DD6D7A72E3} = {2164528E-D715-4ACC-BD03-F0DD6D7A72E3}
	EndProjectSection
EndProject
Project("{8BC9CEB8-8B4A-11D0-8D11-00A0C91BC942}") = "list", "list.vcxproj", "{09D21315-6C07-4846-80C6-A29D09EFA654}"
	ProjectSection(ProjectDependencies) = postProject
		{F702BF6F-4BD3-4912-B150-FEBB141E75F5} = {F702BF6F-4BD3-4912-B150-FEBB141E75F5}
		{2164528E-D715-4ACC-BD03-F0DD6D7A72E3} = {2164528E-D715-4ACC-BD03-F0DD6D7A72E3}
	EndProjectSection
EndProject
Project("{8BC9CEB8-8B4A-11D0-8D11-00A0C91BC942}") = "local_lat", "local_lat.vcxproj", "{451F45F9-886E-443B-AA59-6E19A9766200}"
	ProjectSection(ProjectDependencies) = postProject
		{F702BF6F-4BD3-4912-B150-FEBB141E75F5} = {F702BF6F-4BD3-4912-B150-FEBB141E75F5}
		{2164528E-D715-4ACC-BD03-F0DD6D7A72E3} = {2164528E-D715-4ACC-BD03-F0DD6D7A72E3}
	EndProjectSection
EndProject
Project("{8BC9CEB8-8B4A-11D0-8D11-00A0C91BC942}") = "local_thr", "local_thr.vcxproj", "{85DE3B47-8D84-4B49-92AF-FF07CD00DAA8}"
	ProjectSection(ProjectDependencies) = postProject
		{F702BF6F-4BD3-4912-B150-FEBB141E75F5} = {F702BF6F-4BD3-4912-B150-FEBB141E75F5}
		{2164528E-D715-4ACC-BD03-F0DD6D7A72E3} = {2164528E-D715-4ACC-BD03-F0DD6D7A72E3}
	EndProjectSection
EndProject
Project("{8BC9CEB8-8B4A-11D0-8D11-00A0C91BC942}") = "msg", "msg.vcxproj", "{059062E1-5325-42B2-B066-593DD1901584}"
	ProjectSection(ProjectDependencies) = postProject
		{F702BF6F-4BD3-4912-B150-FEBB141E75F5} = {F702BF6F-4BD3-4912-B150-FEBB141E75F5}
		{2164528E-D715-4ACC-BD03-F0DD6D7A72E3} = {2164528E-D715-4ACC-BD03-F0DD6D7A72E3}
	EndProjectSection
EndProject
Project("{8BC9CEB8-8B4A-11D0-8D11-00A0C91BC942}") = "nanocat", "nanocat.vcxproj", "{1EBB0040-9783-4267-92B2-0E1A48AC6DC5}"
	ProjectSection(ProjectDependencies) = postProject
		{F702BF6F-4BD3-4912-B150-FEBB141E75F5} = {F702BF6F-4BD3-4912-B150-FEBB141E75F5}
		{2164528E-D715-4ACC-BD03-F0DD6D7A72E3} = {2164528E-D715-4ACC-BD03-F0DD6D7A72E3}
	EndProjectSection
EndProject
Project("{8BC9CEB8-8B4A-11D0-8D11-00A0C91BC942}") = "nanomsg", "src\nanomsg.vcxproj", "{2164528E-D715-4ACC-BD03-F0DD6D7A72E3}"
	ProjectSection(ProjectDependencies) = postProject
		{F702BF6F-4BD3-4912-B150-FEBB141E75F5} = {F702BF6F-4BD3-4912-B150-FEBB141E75F5}
	EndProjectSection
EndProject
Project("{8BC9CEB8-8B4A-11D0-8D11-00A0C91BC942}") = "pair", "pair.vcxproj", "{B188ACF3-9048-4D0E-94D2-AC5A9CBD6D22}"
	ProjectSection(ProjectDependencies) = postProject
		{F702BF6F-4BD3-4912-B150-FEBB141E75F5} = {F702BF6F-4BD3-4912-B150-FEBB141E75F5}
		{2164528E-D715-4ACC-BD03-F0DD6D7A72E3} = {2164528E-D715-4ACC-BD03-F0DD6D7A72E3}
	EndProjectSection
EndProject
Project("{8BC9CEB8-8B4A-11D0-8D11-00A0C91BC942}") = "pipeline", "pipeline.vcxproj", "{3F7A1981-982F-4111-8F67-57ED21CABD87}"
	ProjectSection(ProjectDependencies) = postProject
		{F702BF6F-4BD3-4912-B150-FEBB141E75F5} = {F702BF6F-4BD3-4912-B150-FEBB141E75F5}
		{2164528E-D715-4ACC-BD03-F0DD6D7A72E3} = {2164528E-D715-4ACC-BD03-F0DD6D7A72E3}
	EndProjectSection
EndProject
Project("{8BC9CEB8-8B4A-11D0-8D11-00A0C91BC942}") = "poll", "poll.vcxproj", "{60693D51-F427-493A-82F4-BF30C1EA6473}"
	ProjectSection(ProjectDependencies) = postProject
		{F702BF6F-4BD3-4912-B150-FEBB141E75F5} = {F702BF6F-4BD3-4912-B150-FEBB141E75F5}
		{2164528E-D715-4ACC-BD03-F0DD6D7A72E3} = {2164528E-D715-4ACC-BD03-F0DD6D7A72E3}
	EndProjectSection
EndProject
Project("{8BC9CEB8-8B4A-11D0-8D11-00A0C91BC942}") = "prio", "prio.vcxproj", "{7AB49292-8B41-43AE-9A9B-59E117ECADF1}"
	ProjectSection(ProjectDependencies) = postProject
		{F702BF6F-4BD3-4912-B150-FEBB141E75F5} = {F702BF6F-4BD3-4912-B150-FEBB141E75F5}
		{2164528E-D715-4ACC-BD03-F0DD6D7A72E3} = {2164528E-D715-4ACC-BD03-F0DD6D7A72E3}
	EndProjectSection
EndProject
Project("{8BC9CEB8-8B4A-11D0-8D11-00A0C91BC942}") = "pubsub", "pubsub.vcxproj", "{E015BCB1-AAE0-4635-BF2C-87EEE7541148}"
	ProjectSection(ProjectDependencies) = postProject
		{F702BF6F-4BD3-4912-B150-FEBB141E75F5} = {F702BF6F-4BD3-4912-B150-FEBB141E75F5}
		{2164528E-D715-4ACC-BD03-F0DD6D7A72E3} = {2164528E-D715-4ACC-BD03-F0DD6D7A72E3}
	EndProjectSection
EndProject
Project("{8BC9CEB8-8B4A-11D0-8D11-00A0C91BC942}") = "remote_lat", "remote_lat.vcxproj", "{E4FD8266-798B-4C66-AD6D-0B771340D188}"
	ProjectSection(ProjectDependencies) = postProject
		{F702BF6F-4BD3-4912-B150-FEBB141E75F5} = {F702BF6F-4BD3-4912-B150-FEBB141E75F5}
		{2164528E-D715-4ACC-BD03-F0DD6D7A72E3} = {2164528E-D715-4ACC-BD03-F0DD6D7A72E3}
	EndProjectSection
EndProject
Project("{8BC9CEB8-8B4A-11D0-8D11-00A0C91BC942}") = "remote_thr", "remote_thr.vcxproj", "{790FA9D9-3259-4316-B5E4-C6C442A241D9}"
	ProjectSection(ProjectDependencies) = postProject
		{F702BF6F-4BD3-4912-B150-FEBB141E75F5} = {F702BF6F-4BD3-4912-B150-FEBB141E75F5}
		{2164528E-D715-4ACC-BD03-F0DD6D7A72E3} = {2164528E-D715-4ACC-BD03-F0DD6D7A72E3}
	EndProjectSection
EndProject
Project("{8BC9CEB8-8B4A-11D0-8D11-00A0C91BC942}") = "reqrep", "reqrep.vcxproj", "{DDDB4ACE-7114-472D-A0EB-E8D833EDFC47}"
	ProjectSection(ProjectDependencies) = postProject
		{F702BF6F-4BD3-4912-B150-FEBB141E75F5} = {F702BF6F-4BD3-4912-B150-FEBB141E75F5}
		{2164528E-D715-4ACC-BD03-F0DD6D7A72E3} = {2164528E-D715-4ACC-BD03-F0DD6D7A72E3}
	EndProjectSection
EndProject
Project("{8BC9CEB8-8B4A-11D0-8D11-00A0C91BC942}") = "separation", "separation.vcxproj", "{DC9F2541-42BE-401C-9E3B-7570B3A5EC11}"
	ProjectSection(ProjectDependencies) = postProject
		{F702BF6F-4BD3-4912-B150-FEBB141E75F5} = {F702BF6F-4BD3-4912-B150-FEBB141E75F5}
		{2164528E-D715-4ACC-BD03-F0DD6D7A72E3} = {2164528E-D715-4ACC-BD03-F0DD6D7A72E3}
	EndProjectSection
EndProject
Project("{8BC9CEB8-8B4A-11D0-8D11-00A0C91BC942}") = "shutdown", "shutdown.vcxproj", "{18935A34-5D42-4C66-82A8-B9FE7163D21B}"
	ProjectSection(ProjectDependencies) = postProject
		{F702BF6F-4BD3-4912-B150-FEBB141E75F5} = {F702BF6F-4BD3-4912-B150-FEBB141E75F5}
		{2164528E-D715-4ACC-BD03-F0DD6D7A72E3} = {2164528E-D715-4ACC-BD03-F0DD6D7A72E3}
	EndProjectSection
EndProject
Project("{8BC9CEB8-8B4A-11D0-8D11-00A0C91BC942}") = "survey", "survey.vcxproj", "{4954AE85-935A-48BC-9974-9311BF313D61}"
	ProjectSection(ProjectDependencies) = postProject
		{F702BF6F-4BD3-4912-B150-FEBB141E75F5} = {F702BF6F-4BD3-4912-B150-FEBB141E75F5}
		{2164528E-D715-4ACC-BD03-F0DD6D7A72E3} = {2164528E-D715-4ACC-BD03-F0DD6D7A72E3}
	EndProjectSection
EndProject
Project("{8BC9CEB8-8B4A-11D0-8D11-00A0C91BC942}") = "symbol", "symbol.vcxproj", "{615BFC68-E241-4729-A51E-A7C3AC4A7978}"
	ProjectSection(ProjectDependencies) = postProject
		{F702BF6F-4BD3-4912-B150-FEBB141E75F5} = {F702BF6F-4BD3-4912-B150-FEBB141E75F5}
		{2164528E-D715-4ACC-BD03-F0DD6D7A72E3} = {2164528E-D715-4ACC-BD03-F0DD6D7A72E3}
	EndProjectSection
EndProject
Project("{8BC9CEB8-8B4A-11D0-8D11-00A0C91BC942}") = "tcp", "tcp.vcxproj", "{B57C42B5-29A9-416F-9BC2-17C95E3C00A8}"
	ProjectSection(ProjectDependencies) = postProject
		{F702BF6F-4BD3-4912-B150-FEBB141E75F5} = {F702BF6F-4BD3-4912-B150-FEBB141E75F5}
		{2164528E-D715-4ACC-BD03-F0DD6D7A72E3} = {2164528E-D715-4ACC-BD03-F0DD6D7A72E3}
	EndProjectSection
EndProject
Project("{8BC9CEB8-8B4A-11D0-8D11-00A0C91BC942}") = "tcp_shutdown", "tcp_shutdown.vcxproj", "{04DFCAE3-9F62-4C8D-A923-9E644935E82D}"
	ProjectSection(ProjectDependencies) = postProject
		{F702BF6F-4BD3-4912-B150-FEBB141E75F5} = {F702BF6F-4BD3-4912-B150-FEBB141E75F5}
		{2164528E-D715-4ACC-BD03-F0DD6D7A72E3} = {2164528E-D715-4ACC-BD03-F0DD6D7A72E3}
	EndProjectSection
EndProject
Project("{8BC9CEB8-8B4A-11D0-8D11-00A0C91BC942}") = "term", "term.vcxproj", "{5B421E49-C96F-4D42-9ED1-D373E13DFC98}"
	ProjectSection(ProjectDependencies) = postProject
		{F702BF6F-4BD3-4912-B150-FEBB141E75F5} = {F702BF6F-4BD3-4912-B150-FEBB141E75F5}
		{2164528E-D715-4ACC-BD03-F0DD6D7A72E3} = {2164528E-D715-4ACC-BD03-F0DD6D7A72E3}
	EndProjectSection
EndProject
Project("{8BC9CEB8-8B4A-11D0-8D11-00A0C91BC942}") = "timeo", "timeo.vcxproj", "{F1B1F545-FB43-4CA7-9C56-B7ECAC1144B9}"
	ProjectSection(ProjectDependencies) = postProject
		{F702BF6F-4BD3-4912-B150-FEBB141E75F5} = {F702BF6F-4BD3-4912-B150-FEBB141E75F5}
		{2164528E-D715-4ACC-BD03-F0DD6D7A72E3} = {2164528E-D715-4ACC-BD03-F0DD6D7A72E3}
	EndProjectSection
EndProject
Project("{8BC9CEB8-8B4A-11D0-8D11-00A0C91BC942}") = "trie", "trie.vcxproj", "{4A006FDF-1C7A-47E0-B4D9-61EC564EB07B}"
	ProjectSection(ProjectDependencies) = postProject
		{F702BF6F-4BD3-4912-B150-FEBB141E75F5} = {F702BF6F-4BD3-4912-B150-FEBB141E75F5}
		{2164528E-D715-4ACC-BD03-F0DD6D7A72E3} = {2164528E-D715-4ACC-BD03-F0DD6D7A72E3}
	EndProjectSection
EndProject
Project("{8BC9CEB8-8B4A-11D0-8D11-00A0C91BC942}") = "zerocopy", "zerocopy.vcxproj", "{629BDE99-34DE-4C22-9FE3-DD03DC15DE70}"
	ProjectSection(ProjectDependencies) = postProject
		{F702BF6F-4BD3-4912-B150-FEBB141E75F5} = {F702BF6F-4BD3-4912-B150-FEBB141E75F5}
		{2164528E-D715-4ACC-BD03-F0DD6D7A72E3} = {2164528E-D715-4ACC-BD03-F0DD6D7A72E3}
	EndProjectSection
EndProject
Global
	GlobalSection(SolutionConfigurationPlatforms) = preSolution
		Debug|Win32 = Debug|Win32
		Release|Win32 = Release|Win32
		MinSizeRel|Win32 = MinSizeRel|Win32
		RelWithDebInfo|Win32 = RelWithDebInfo|Win32
	EndGlobalSection
	GlobalSection(ProjectConfigurationPlatforms) = postSolution
		{22C7252F-32FF-427C-B00A-23714DC9DBBB}.Debug|Win32.ActiveCfg = Debug|Win32
		{22C7252F-32FF-427C-B00A-23714DC9DBBB}.Debug|Win32.Build.0 = Debug|Win32
		{22C7252F-32FF-427C-B00A-23714DC9DBBB}.Release|Win32.ActiveCfg = Release|Win32
		{22C7252F-32FF-427C-B00A-23714DC9DBBB}.Release|Win32.Build.0 = Release|Win32
		{22C7252F-32FF-427C-B00A-23714DC9DBBB}.MinSizeRel|Win32.ActiveCfg = MinSizeRel|Win32
		{22C7252F-32FF-427C-B00A-23714DC9DBBB}.MinSizeRel|Win32.Build.0 = MinSizeRel|Win32
		{22C7252F-32FF-427C-B00A-23714DC9DBBB}.RelWithDebInfo|Win32.ActiveCfg = RelWithDebInfo|Win32
		{22C7252F-32FF-427C-B00A-23714DC9DBBB}.RelWithDebInfo|Win32.Build.0 = RelWithDebInfo|Win32
		{4BFE9262-217B-44DF-AD2A-B22027875119}.Debug|Win32.ActiveCfg = Debug|Win32
		{4BFE9262-217B-44DF-AD2A-B22027875119}.Release|Win32.ActiveCfg = Release|Win32
		{4BFE9262-217B-44DF-AD2A-B22027875119}.MinSizeRel|Win32.ActiveCfg = MinSizeRel|Win32
		{4BFE9262-217B-44DF-AD2A-B22027875119}.RelWithDebInfo|Win32.ActiveCfg = RelWithDebInfo|Win32
		{8039BE07-7F66-403D-8305-0BC77F8E94AD}.Debug|Win32.ActiveCfg = Debug|Win32
		{8039BE07-7F66-403D-8305-0BC77F8E94AD}.Release|Win32.ActiveCfg = Release|Win32
		{8039BE07-7F66-403D-8305-0BC77F8E94AD}.MinSizeRel|Win32.ActiveCfg = MinSizeRel|Win32
		{8039BE07-7F66-403D-8305-0BC77F8E94AD}.RelWithDebInfo|Win32.ActiveCfg = RelWithDebInfo|Win32
		{8601DEF8-5080-4EC3-912F-89C43741BA56}.Debug|Win32.ActiveCfg = Debug|Win32
		{8601DEF8-5080-4EC3-912F-89C43741BA56}.Release|Win32.ActiveCfg = Release|Win32
		{8601DEF8-5080-4EC3-912F-89C43741BA56}.MinSizeRel|Win32.ActiveCfg = MinSizeRel|Win32
		{8601DEF8-5080-4EC3-912F-89C43741BA56}.RelWithDebInfo|Win32.ActiveCfg = RelWithDebInfo|Win32
		{F702BF6F-4BD3-4912-B150-FEBB141E75F5}.Debug|Win32.ActiveCfg = Debug|Win32
		{F702BF6F-4BD3-4912-B150-FEBB141E75F5}.Debug|Win32.Build.0 = Debug|Win32
		{F702BF6F-4BD3-4912-B150-FEBB141E75F5}.Release|Win32.ActiveCfg = Release|Win32
		{F702BF6F-4BD3-4912-B150-FEBB141E75F5}.Release|Win32.Build.0 = Release|Win32
		{F702BF6F-4BD3-4912-B150-FEBB141E75F5}.MinSizeRel|Win32.ActiveCfg = MinSizeRel|Win32
		{F702BF6F-4BD3-4912-B150-FEBB141E75F5}.MinSizeRel|Win32.Build.0 = MinSizeRel|Win32
		{F702BF6F-4BD3-4912-B150-FEBB141E75F5}.RelWithDebInfo|Win32.ActiveCfg = RelWithDebInfo|Win32
		{F702BF6F-4BD3-4912-B150-FEBB141E75F5}.RelWithDebInfo|Win32.Build.0 = RelWithDebInfo|Win32
		{F5F0F5DF-8F78-4534-ACE0-A5E10FC41616}.Debug|Win32.ActiveCfg = Debug|Win32
		{F5F0F5DF-8F78-4534-ACE0-A5E10FC41616}.Debug|Win32.Build.0 = Debug|Win32
		{F5F0F5DF-8F78-4534-ACE0-A5E10FC41616}.Release|Win32.ActiveCfg = Release|Win32
		{F5F0F5DF-8F78-4534-ACE0-A5E10FC41616}.Release|Win32.Build.0 = Release|Win32
		{F5F0F5DF-8F78-4534-ACE0-A5E10FC41616}.MinSizeRel|Win32.ActiveCfg = MinSizeRel|Win32
		{F5F0F5DF-8F78-4534-ACE0-A5E10FC41616}.MinSizeRel|Win32.Build.0 = MinSizeRel|Win32
		{F5F0F5DF-8F78-4534-ACE0-A5E10FC41616}.RelWithDebInfo|Win32.ActiveCfg = RelWithDebInfo|Win32
		{F5F0F5DF-8F78-4534-ACE0-A5E10FC41616}.RelWithDebInfo|Win32.Build.0 = RelWithDebInfo|Win32
		{13722B3F-E8EF-404F-AD9A-13DEC381984C}.Debug|Win32.ActiveCfg = Debug|Win32
		{13722B3F-E8EF-404F-AD9A-13DEC381984C}.Debug|Win32.Build.0 = Debug|Win32
		{13722B3F-E8EF-404F-AD9A-13DEC381984C}.Release|Win32.ActiveCfg = Release|Win32
		{13722B3F-E8EF-404F-AD9A-13DEC381984C}.Release|Win32.Build.0 = Release|Win32
		{13722B3F-E8EF-404F-AD9A-13DEC381984C}.MinSizeRel|Win32.ActiveCfg = MinSizeRel|Win32
		{13722B3F-E8EF-404F-AD9A-13DEC381984C}.MinSizeRel|Win32.Build.0 = MinSizeRel|Win32
		{13722B3F-E8EF-404F-AD9A-13DEC381984C}.RelWithDebInfo|Win32.ActiveCfg = RelWithDebInfo|Win32
		{13722B3F-E8EF-404F-AD9A-13DEC381984C}.RelWithDebInfo|Win32.Build.0 = RelWithDebInfo|Win32
		{95AA8F7B-F85F-4AE4-AD03-9F0A363B7A9E}.Debug|Win32.ActiveCfg = Debug|Win32
		{95AA8F7B-F85F-4AE4-AD03-9F0A363B7A9E}.Debug|Win32.Build.0 = Debug|Win32
		{95AA8F7B-F85F-4AE4-AD03-9F0A363B7A9E}.Release|Win32.ActiveCfg = Release|Win32
		{95AA8F7B-F85F-4AE4-AD03-9F0A363B7A9E}.Release|Win32.Build.0 = Release|Win32
		{95AA8F7B-F85F-4AE4-AD03-9F0A363B7A9E}.MinSizeRel|Win32.ActiveCfg = MinSizeRel|Win32
		{95AA8F7B-F85F-4AE4-AD03-9F0A363B7A9E}.MinSizeRel|Win32.Build.0 = MinSizeRel|Win32
		{95AA8F7B-F85F-4AE4-AD03-9F0A363B7A9E}.RelWithDebInfo|Win32.ActiveCfg = RelWithDebInfo|Win32
		{95AA8F7B-F85F-4AE4-AD03-9F0A363B7A9E}.RelWithDebInfo|Win32.Build.0 = RelWithDebInfo|Win32
		{DC116AC4-B90F-4E66-873A-2055503DCB04}.Debug|Win32.ActiveCfg = Debug|Win32
		{DC116AC4-B90F-4E66-873A-2055503DCB04}.Debug|Win32.Build.0 = Debug|Win32
		{DC116AC4-B90F-4E66-873A-2055503DCB04}.Release|Win32.ActiveCfg = Release|Win32
		{DC116AC4-B90F-4E66-873A-2055503DCB04}.Release|Win32.Build.0 = Release|Win32
		{DC116AC4-B90F-4E66-873A-2055503DCB04}.MinSizeRel|Win32.ActiveCfg = MinSizeRel|Win32
		{DC116AC4-B90F-4E66-873A-2055503DCB04}.MinSizeRel|Win32.Build.0 = MinSizeRel|Win32
		{DC116AC4-B90F-4E66-873A-2055503DCB04}.RelWithDebInfo|Win32.ActiveCfg = RelWithDebInfo|Win32
		{DC116AC4-B90F-4E66-873A-2055503DCB04}.RelWithDebInfo|Win32.Build.0 = RelWithDebInfo|Win32
		{83C7B727-01EF-48C8-8D56-78154CF90623}.Debug|Win32.ActiveCfg = Debug|Win32
		{83C7B727-01EF-48C8-8D56-78154CF90623}.Debug|Win32.Build.0 = Debug|Win32
		{83C7B727-01EF-48C8-8D56-78154CF90623}.Release|Win32.ActiveCfg = Release|Win32
		{83C7B727-01EF-48C8-8D56-78154CF90623}.Release|Win32.Build.0 = Release|Win32
		{83C7B727-01EF-48C8-8D56-78154CF90623}.MinSizeRel|Win32.ActiveCfg = MinSizeRel|Win32
		{83C7B727-01EF-48C8-8D56-78154CF90623}.MinSizeRel|Win32.Build.0 = MinSizeRel|Win32
		{83C7B727-01EF-48C8-8D56-78154CF90623}.RelWithDebInfo|Win32.ActiveCfg = RelWithDebInfo|Win32
		{83C7B727-01EF-48C8-8D56-78154CF90623}.RelWithDebInfo|Win32.Build.0 = RelWithDebInfo|Win32
		{FFE47B40-9E6D-4C24-A336-8C04DBDB1EFA}.Debug|Win32.ActiveCfg = Debug|Win32
		{FFE47B40-9E6D-4C24-A336-8C04DBDB1EFA}.Debug|Win32.Build.0 = Debug|Win32
		{FFE47B40-9E6D-4C24-A336-8C04DBDB1EFA}.Release|Win32.ActiveCfg = Release|Win32
		{FFE47B40-9E6D-4C24-A336-8C04DBDB1EFA}.Release|Win32.Build.0 = Release|Win32
		{FFE47B40-9E6D-4C24-A336-8C04DBDB1EFA}.MinSizeRel|Win32.ActiveCfg = MinSizeRel|Win32
		{FFE47B40-9E6D-4C24-A336-8C04DBDB1EFA}.MinSizeRel|Win32.Build.0 = MinSizeRel|Win32
		{FFE47B40-9E6D-4C24-A336-8C04DBDB1EFA}.RelWithDebInfo|Win32.ActiveCfg = RelWithDebInfo|Win32
		{FFE47B40-9E6D-4C24-A336-8C04DBDB1EFA}.RelWithDebInfo|Win32.Build.0 = RelWithDebInfo|Win32
		{0501360A-39C7-4F37-B246-F47AB445F06A}.Debug|Win32.ActiveCfg = Debug|Win32
		{0501360A-39C7-4F37-B246-F47AB445F06A}.Debug|Win32.Build.0 = Debug|Win32
		{0501360A-39C7-4F37-B246-F47AB445F06A}.Release|Win32.ActiveCfg = Release|Win32
		{0501360A-39C7-4F37-B246-F47AB445F06A}.Release|Win32.Build.0 = Release|Win32
		{0501360A-39C7-4F37-B246-F47AB445F06A}.MinSizeRel|Win32.ActiveCfg = MinSizeRel|Win32
		{0501360A-39C7-4F37-B246-F47AB445F06A}.MinSizeRel|Win32.Build.0 = MinSizeRel|Win32
		{0501360A-39C7-4F37-B246-F47AB445F06A}.RelWithDebInfo|Win32.ActiveCfg = RelWithDebInfo|Win32
		{0501360A-39C7-4F37-B246-F47AB445F06A}.RelWithDebInfo|Win32.Build.0 = RelWithDebInfo|Win32
		{2363F47C-D4ED-4285-8670-024B2A84F5C6}.Debug|Win32.ActiveCfg = Debug|Win32
		{2363F47C-D4ED-4285-8670-024B2A84F5C6}.Debug|Win32.Build.0 = Debug|Win32
		{2363F47C-D4ED-4285-8670-024B2A84F5C6}.Release|Win32.ActiveCfg = Release|Win32
		{2363F47C-D4ED-4285-8670-024B2A84F5C6}.Release|Win32.Build.0 = Release|Win32
		{2363F47C-D4ED-4285-8670-024B2A84F5C6}.MinSizeRel|Win32.ActiveCfg = MinSizeRel|Win32
		{2363F47C-D4ED-4285-8670-024B2A84F5C6}.MinSizeRel|Win32.Build.0 = MinSizeRel|Win32
		{2363F47C-D4ED-4285-8670-024B2A84F5C6}.RelWithDebInfo|Win32.ActiveCfg = RelWithDebInfo|Win32
		{2363F47C-D4ED-4285-8670-024B2A84F5C6}.RelWithDebInfo|Win32.Build.0 = RelWithDebInfo|Win32
		{622027F7-A6E0-4E0A-A723-4651E7A9C626}.Debug|Win32.ActiveCfg = Debug|Win32
		{622027F7-A6E0-4E0A-A723-4651E7A9C626}.Debug|Win32.Build.0 = Debug|Win32
		{622027F7-A6E0-4E0A-A723-4651E7A9C626}.Release|Win32.ActiveCfg = Release|Win32
		{622027F7-A6E0-4E0A-A723-4651E7A9C626}.Release|Win32.Build.0 = Release|Win32
		{622027F7-A6E0-4E0A-A723-4651E7A9C626}.MinSizeRel|Win32.ActiveCfg = MinSizeRel|Win32
		{622027F7-A6E0-4E0A-A723-4651E7A9C626}.MinSizeRel|Win32.Build.0 = MinSizeRel|Win32
		{622027F7-A6E0-4E0A-A723-4651E7A9C626}.RelWithDebInfo|Win32.ActiveCfg = RelWithDebInfo|Win32
		{622027F7-A6E0-4E0A-A723-4651E7A9C626}.RelWithDebInfo|Win32.Build.0 = RelWithDebInfo|Win32
		{A6DF9470-E615-4DB4-A683-962CE17BDB0A}.Debug|Win32.ActiveCfg = Debug|Win32
		{A6DF9470-E615-4DB4-A683-962CE17BDB0A}.Debug|Win32.Build.0 = Debug|Win32
		{A6DF9470-E615-4DB4-A683-962CE17BDB0A}.Release|Win32.ActiveCfg = Release|Win32
		{A6DF9470-E615-4DB4-A683-962CE17BDB0A}.Release|Win32.Build.0 = Release|Win32
		{A6DF9470-E615-4DB4-A683-962CE17BDB0A}.MinSizeRel|Win32.ActiveCfg = MinSizeRel|Win32
		{A6DF9470-E615-4DB4-A683-962CE17BDB0A}.MinSizeRel|Win32.Build.0 = MinSizeRel|Win32
		{A6DF9470-E615-4DB4-A683-962CE17BDB0A}.RelWithDebInfo|Win32.ActiveCfg = RelWithDebInfo|Win32
		{A6DF9470-E615-4DB4-A683-962CE17BDB0A}.RelWithDebInfo|Win32.Build.0 = RelWithDebInfo|Win32
		{59C513D1-DDFA-48EB-A011-D4151CC23E34}.Debug|Win32.ActiveCfg = Debug|Win32
		{59C513D1-DDFA-48EB-A011-D4151CC23E34}.Debug|Win32.Build.0 = Debug|Win32
		{59C513D1-DDFA-48EB-A011-D4151CC23E34}.Release|Win32.ActiveCfg = Release|Win32
		{59C513D1-DDFA-48EB-A011-D4151CC23E34}.Release|Win32.Build.0 = Release|Win32
		{59C513D1-DDFA-48EB-A011-D4151CC23E34}.MinSizeRel|Win32.ActiveCfg = MinSizeRel|Win32
		{59C513D1-DDFA-48EB-A011-D4151CC23E34}.MinSizeRel|Win32.Build.0 = MinSizeRel|Win32
		{59C513D1-DDFA-48EB-A011-D4151CC23E34}.RelWithDebInfo|Win32.ActiveCfg = RelWithDebInfo|Win32
		{59C513D1-DDFA-48EB-A011-D4151CC23E34}.RelWithDebInfo|Win32.Build.0 = RelWithDebInfo|Win32
		{F662EBF9-C4BC-4F45-944A-523915E00B62}.Debug|Win32.ActiveCfg = Debug|Win32
		{F662EBF9-C4BC-4F45-944A-523915E00B62}.Debug|Win32.Build.0 = Debug|Win32
		{F662EBF9-C4BC-4F45-944A-523915E00B62}.Release|Win32.ActiveCfg = Release|Win32
		{F662EBF9-C4BC-4F45-944A-523915E00B62}.Release|Win32.Build.0 = Release|Win32
		{F662EBF9-C4BC-4F45-944A-523915E00B62}.MinSizeRel|Win32.ActiveCfg = MinSizeRel|Win32
		{F662EBF9-C4BC-4F45-944A-523915E00B62}.MinSizeRel|Win32.Build.0 = MinSizeRel|Win32
		{F662EBF9-C4BC-4F45-944A-523915E00B62}.RelWithDebInfo|Win32.ActiveCfg = RelWithDebInfo|Win32
		{F662EBF9-C4BC-4F45-944A-523915E00B62}.RelWithDebInfo|Win32.Build.0 = RelWithDebInfo|Win32
		{DE4B043D-426F-4015-9991-4E6F74F14C4C}.Debug|Win32.ActiveCfg = Debug|Win32
		{DE4B043D-426F-4015-9991-4E6F74F14C4C}.Debug|Win32.Build.0 = Debug|Win32
		{DE4B043D-426F-4015-9991-4E6F74F14C4C}.Release|Win32.ActiveCfg = Release|Win32
		{DE4B043D-426F-4015-9991-4E6F74F14C4C}.Release|Win32.Build.0 = Release|Win32
		{DE4B043D-426F-4015-9991-4E6F74F14C4C}.MinSizeRel|Win32.ActiveCfg = MinSizeRel|Win32
		{DE4B043D-426F-4015-9991-4E6F74F14C4C}.MinSizeRel|Win32.Build.0 = MinSizeRel|Win32
		{DE4B043D-426F-4015-9991-4E6F74F14C4C}.RelWithDebInfo|Win32.ActiveCfg = RelWithDebInfo|Win32
		{DE4B043D-426F-4015-9991-4E6F74F14C4C}.RelWithDebInfo|Win32.Build.0 = RelWithDebInfo|Win32
		{76997C97-88E0-4A7F-B537-8125F59BDC4E}.Debug|Win32.ActiveCfg = Debug|Win32
		{76997C97-88E0-4A7F-B537-8125F59BDC4E}.Debug|Win32.Build.0 = Debug|Win32
		{76997C97-88E0-4A7F-B537-8125F59BDC4E}.Release|Win32.ActiveCfg = Release|Win32
		{76997C97-88E0-4A7F-B537-8125F59BDC4E}.Release|Win32.Build.0 = Release|Win32
		{76997C97-88E0-4A7F-B537-8125F59BDC4E}.MinSizeRel|Win32.ActiveCfg = MinSizeRel|Win32
		{76997C97-88E0-4A7F-B537-8125F59BDC4E}.MinSizeRel|Win32.Build.0 = MinSizeRel|Win32
		{76997C97-88E0-4A7F-B537-8125F59BDC4E}.RelWithDebInfo|Win32.ActiveCfg = RelWithDebInfo|Win32
		{76997C97-88E0-4A7F-B537-8125F59BDC4E}.RelWithDebInfo|Win32.Build.0 = RelWithDebInfo|Win32
		{A6A6180E-83A9-481E-AA6A-8F11B3B27DDD}.Debug|Win32.ActiveCfg = Debug|Win32
		{A6A6180E-83A9-481E-AA6A-8F11B3B27DDD}.Debug|Win32.Build.0 = Debug|Win32
		{A6A6180E-83A9-481E-AA6A-8F11B3B27DDD}.Release|Win32.ActiveCfg = Release|Win32
		{A6A6180E-83A9-481E-AA6A-8F11B3B27DDD}.Release|Win32.Build.0 = Release|Win32
		{A6A6180E-83A9-481E-AA6A-8F11B3B27DDD}.MinSizeRel|Win32.ActiveCfg = MinSizeRel|Win32
		{A6A6180E-83A9-481E-AA6A-8F11B3B27DDD}.MinSizeRel|Win32.Build.0 = MinSizeRel|Win32
		{A6A6180E-83A9-481E-AA6A-8F11B3B27DDD}.RelWithDebInfo|Win32.ActiveCfg = RelWithDebInfo|Win32
		{A6A6180E-83A9-481E-AA6A-8F11B3B27DDD}.RelWithDebInfo|Win32.Build.0 = RelWithDebInfo|Win32
		{09D21315-6C07-4846-80C6-A29D09EFA654}.Debug|Win32.ActiveCfg = Debug|Win32
		{09D21315-6C07-4846-80C6-A29D09EFA654}.Debug|Win32.Build.0 = Debug|Win32
		{09D21315-6C07-4846-80C6-A29D09EFA654}.Release|Win32.ActiveCfg = Release|Win32
		{09D21315-6C07-4846-80C6-A29D09EFA654}.Release|Win32.Build.0 = Release|Win32
		{09D21315-6C07-4846-80C6-A29D09EFA654}.MinSizeRel|Win32.ActiveCfg = MinSizeRel|Win32
		{09D21315-6C07-4846-80C6-A29D09EFA654}.MinSizeRel|Win32.Build.0 = MinSizeRel|Win32
		{09D21315-6C07-4846-80C6-A29D09EFA654}.RelWithDebInfo|Win32.ActiveCfg = RelWithDebInfo|Win32
		{09D21315-6C07-4846-80C6-A29D09EFA654}.RelWithDebInfo|Win32.Build.0 = RelWithDebInfo|Win32
		{451F45F9-886E-443B-AA59-6E19A9766200}.Debug|Win32.ActiveCfg = Debug|Win32
		{451F45F9-886E-443B-AA59-6E19A9766200}.Debug|Win32.Build.0 = Debug|Win32
		{451F45F9-886E-443B-AA59-6E19A9766200}.Release|Win32.ActiveCfg = Release|Win32
		{451F45F9-886E-443B-AA59-6E19A9766200}.Release|Win32.Build.0 = Release|Win32
		{451F45F9-886E-443B-AA59-6E19A9766200}.MinSizeRel|Win32.ActiveCfg = MinSizeRel|Win32
		{451F45F9-886E-443B-AA59-6E19A9766200}.MinSizeRel|Win32.Build.0 = MinSizeRel|Win32
		{451F45F9-886E-443B-AA59-6E19A9766200}.RelWithDebInfo|Win32.ActiveCfg = RelWithDebInfo|Win32
		{451F45F9-886E-443B-AA59-6E19A9766200}.RelWithDebInfo|Win32.Build.0 = RelWithDebInfo|Win32
		{85DE3B47-8D84-4B49-92AF-FF07CD00DAA8}.Debug|Win32.ActiveCfg = Debug|Win32
		{85DE3B47-8D84-4B49-92AF-FF07CD00DAA8}.Debug|Win32.Build.0 = Debug|Win32
		{85DE3B47-8D84-4B49-92AF-FF07CD00DAA8}.Release|Win32.ActiveCfg = Release|Win32
		{85DE3B47-8D84-4B49-92AF-FF07CD00DAA8}.Release|Win32.Build.0 = Release|Win32
		{85DE3B47-8D84-4B49-92AF-FF07CD00DAA8}.MinSizeRel|Win32.ActiveCfg = MinSizeRel|Win32
		{85DE3B47-8D84-4B49-92AF-FF07CD00DAA8}.MinSizeRel|Win32.Build.0 = MinSizeRel|Win32
		{85DE3B47-8D84-4B49-92AF-FF07CD00DAA8}.RelWithDebInfo|Win32.ActiveCfg = RelWithDebInfo|Win32
		{85DE3B47-8D84-4B49-92AF-FF07CD00DAA8}.RelWithDebInfo|Win32.Build.0 = RelWithDebInfo|Win32
		{059062E1-5325-42B2-B066-593DD1901584}.Debug|Win32.ActiveCfg = Debug|Win32
		{059062E1-5325-42B2-B066-593DD1901584}.Debug|Win32.Build.0 = Debug|Win32
		{059062E1-5325-42B2-B066-593DD1901584}.Release|Win32.ActiveCfg = Release|Win32
		{059062E1-5325-42B2-B066-593DD1901584}.Release|Win32.Build.0 = Release|Win32
		{059062E1-5325-42B2-B066-593DD1901584}.MinSizeRel|Win32.ActiveCfg = MinSizeRel|Win32
		{059062E1-5325-42B2-B066-593DD1901584}.MinSizeRel|Win32.Build.0 = MinSizeRel|Win32
		{059062E1-5325-42B2-B066-593DD1901584}.RelWithDebInfo|Win32.ActiveCfg = RelWithDebInfo|Win32
		{059062E1-5325-42B2-B066-593DD1901584}.RelWithDebInfo|Win32.Build.0 = RelWithDebInfo|Win32
		{1EBB0040-9783-4267-92B2-0E1A48AC6DC5}.Debug|Win32.ActiveCfg = Debug|Win32
		{1EBB0040-9783-4267-92B2-0E1A48AC6DC5}.Debug|Win32.Build.0 = Debug|Win32
		{1EBB0040-9783-4267-92B2-0E1A48AC6DC5}.Release|Win32.ActiveCfg = Release|Win32
		{1EBB0040-9783-4267-92B2-0E1A48AC6DC5}.Release|Win32.Build.0 = Release|Win32
		{1EBB0040-9783-4267-92B2-0E1A48AC6DC5}.MinSizeRel|Win32.ActiveCfg = MinSizeRel|Win32
		{1EBB0040-9783-4267-92B2-0E1A48AC6DC5}.MinSizeRel|Win32.Build.0 = MinSizeRel|Win32
		{1EBB0040-9783-4267-92B2-0E1A48AC6DC5}.RelWithDebInfo|Win32.ActiveCfg = RelWithDebInfo|Win32
		{1EBB0040-9783-4267-92B2-0E1A48AC6DC5}.RelWithDebInfo|Win32.Build.0 = RelWithDebInfo|Win32
		{2164528E-D715-4ACC-BD03-F0DD6D7A72E3}.Debug|Win32.ActiveCfg = Debug|Win32
		{2164528E-D715-4ACC-BD03-F0DD6D7A72E3}.Debug|Win32.Build.0 = Debug|Win32
		{2164528E-D715-4ACC-BD03-F0DD6D7A72E3}.Release|Win32.ActiveCfg = Release|Win32
		{2164528E-D715-4ACC-BD03-F0DD6D7A72E3}.Release|Win32.Build.0 = Release|Win32
		{2164528E-D715-4ACC-BD03-F0DD6D7A72E3}.MinSizeRel|Win32.ActiveCfg = MinSizeRel|Win32
		{2164528E-D715-4ACC-BD03-F0DD6D7A72E3}.MinSizeRel|Win32.Build.0 = MinSizeRel|Win32
		{2164528E-D715-4ACC-BD03-F0DD6D7A72E3}.RelWithDebInfo|Win32.ActiveCfg = RelWithDebInfo|Win32
		{2164528E-D715-4ACC-BD03-F0DD6D7A72E3}.RelWithDebInfo|Win32.Build.0 = RelWithDebInfo|Win32
		{B188ACF3-9048-4D0E-94D2-AC5A9CBD6D22}.Debug|Win32.ActiveCfg = Debug|Win32
		{B188ACF3-9048-4D0E-94D2-AC5A9CBD6D22}.Debug|Win32.Build.0 = Debug|Win32
		{B188ACF3-9048-4D0E-94D2-AC5A9CBD6D22}.Release|Win32.ActiveCfg = Release|Win32
		{B188ACF3-9048-4D0E-94D2-AC5A9CBD6D22}.Release|Win32.Build.0 = Release|Win32
		{B188ACF3-9048-4D0E-94D2-AC5A9CBD6D22}.MinSizeRel|Win32.ActiveCfg = MinSizeRel|Win32
		{B188ACF3-9048-4D0E-94D2-AC5A9CBD6D22}.MinSizeRel|Win32.Build.0 = MinSizeRel|Win32
		{B188ACF3-9048-4D0E-94D2-AC5A9CBD6D22}.RelWithDebInfo|Win32.ActiveCfg = RelWithDebInfo|Win32
		{B188ACF3-9048-4D0E-94D2-AC5A9CBD6D22}.RelWithDebInfo|Win32.Build.0 = RelWithDebInfo|Win32
		{3F7A1981-982F-4111-8F67-57ED21CABD87}.Debug|Win32.ActiveCfg = Debug|Win32
		{3F7A1981-982F-4111-8F67-57ED21CABD87}.Debug|Win32.Build.0 = Debug|Win32
		{3F7A1981-982F-4111-8F67-57ED21CABD87}.Release|Win32.ActiveCfg = Release|Win32
		{3F7A1981-982F-4111-8F67-57ED21CABD87}.Release|Win32.Build.0 = Release|Win32
		{3F7A1981-982F-4111-8F67-57ED21CABD87}.MinSizeRel|Win32.ActiveCfg = MinSizeRel|Win32
		{3F7A1981-982F-4111-8F67-57ED21CABD87}.MinSizeRel|Win32.Build.0 = MinSizeRel|Win32
		{3F7A1981-982F-4111-8F67-57ED21CABD87}.RelWithDebInfo|Win32.ActiveCfg = RelWithDebInfo|Win32
		{3F7A1981-982F-4111-8F67-57ED21CABD87}.RelWithDebInfo|Win32.Build.0 = RelWithDebInfo|Win32
		{60693D51-F427-493A-82F4-BF30C1EA6473}.Debug|Win32.ActiveCfg = Debug|Win32
		{60693D51-F427-493A-82F4-BF30C1EA6473}.Debug|Win32.Build.0 = Debug|Win32
		{60693D51-F427-493A-82F4-BF30C1EA6473}.Release|Win32.ActiveCfg = Release|Win32
		{60693D51-F427-493A-82F4-BF30C1EA6473}.Release|Win32.Build.0 = Release|Win32
		{60693D51-F427-493A-82F4-BF30C1EA6473}.MinSizeRel|Win32.ActiveCfg = MinSizeRel|Win32
		{60693D51-F427-493A-82F4-BF30C1EA6473}.MinSizeRel|Win32.Build.0 = MinSizeRel|Win32
		{60693D51-F427-493A-82F4-BF30C1EA6473}.RelWithDebInfo|Win32.ActiveCfg = RelWithDebInfo|Win32
		{60693D51-F427-493A-82F4-BF30C1EA6473}.RelWithDebInfo|Win32.Build.0 = RelWithDebInfo|Win32
		{7AB49292-8B41-43AE-9A9B-59E117ECADF1}.Debug|Win32.ActiveCfg = Debug|Win32
		{7AB49292-8B41-43AE-9A9B-59E117ECADF1}.Debug|Win32.Build.0 = Debug|Win32
		{7AB49292-8B41-43AE-9A9B-59E117ECADF1}.Release|Win32.ActiveCfg = Release|Win32
		{7AB49292-8B41-43AE-9A9B-59E117ECADF1}.Release|Win32.Build.0 = Release|Win32
		{7AB49292-8B41-43AE-9A9B-59E117ECADF1}.MinSizeRel|Win32.ActiveCfg = MinSizeRel|Win32
		{7AB49292-8B41-43AE-9A9B-59E117ECADF1}.MinSizeRel|Win32.Build.0 = MinSizeRel|Win32
		{7AB49292-8B41-43AE-9A9B-59E117ECADF1}.RelWithDebInfo|Win32.ActiveCfg = RelWithDebInfo|Win32
		{7AB49292-8B41-43AE-9A9B-59E117ECADF1}.RelWithDebInfo|Win32.Build.0 = RelWithDebInfo|Win32
		{E015BCB1-AAE0-4635-BF2C-87EEE7541148}.Debug|Win32.ActiveCfg = Debug|Win32
		{E015BCB1-AAE0-4635-BF2C-87EEE7541148}.Debug|Win32.Build.0 = Debug|Win32
		{E015BCB1-AAE0-4635-BF2C-87EEE7541148}.Release|Win32.ActiveCfg = Release|Win32
		{E015BCB1-AAE0-4635-BF2C-87EEE7541148}.Release|Win32.Build.0 = Release|Win32
		{E015BCB1-AAE0-4635-BF2C-87EEE7541148}.MinSizeRel|Win32.ActiveCfg = MinSizeRel|Win32
		{E015BCB1-AAE0-4635-BF2C-87EEE7541148}.MinSizeRel|Win32.Build.0 = MinSizeRel|Win32
		{E015BCB1-AAE0-4635-BF2C-87EEE7541148}.RelWithDebInfo|Win32.ActiveCfg = RelWithDebInfo|Win32
		{E015BCB1-AAE0-4635-BF2C-87EEE7541148}.RelWithDebInfo|Win32.Build.0 = RelWithDebInfo|Win32
		{E4FD8266-798B-4C66-AD6D-0B771340D188}.Debug|Win32.ActiveCfg = Debug|Win32
		{E4FD8266-798B-4C66-AD6D-0B771340D188}.Debug|Win32.Build.0 = Debug|Win32
		{E4FD8266-798B-4C66-AD6D-0B771340D188}.Release|Win32.ActiveCfg = Release|Win32
		{E4FD8266-798B-4C66-AD6D-0B771340D188}.Release|Win32.Build.0 = Release|Win32
		{E4FD8266-798B-4C66-AD6D-0B771340D188}.MinSizeRel|Win32.ActiveCfg = MinSizeRel|Win32
		{E4FD8266-798B-4C66-AD6D-0B771340D188}.MinSizeRel|Win32.Build.0 = MinSizeRel|Win32
		{E4FD8266-798B-4C66-AD6D-0B771340D188}.RelWithDebInfo|Win32.ActiveCfg = RelWithDebInfo|Win32
		{E4FD8266-798B-4C66-AD6D-0B771340D188}.RelWithDebInfo|Win32.Build.0 = RelWithDebInfo|Win32
		{790FA9D9-3259-4316-B5E4-C6C442A241D9}.Debug|Win32.ActiveCfg = Debug|Win32
		{790FA9D9-3259-4316-B5E4-C6C442A241D9}.Debug|Win32.Build.0 = Debug|Win32
		{790FA9D9-3259-4316-B5E4-C6C442A241D9}.Release|Win32.ActiveCfg = Release|Win32
		{790FA9D9-3259-4316-B5E4-C6C442A241D9}.Release|Win32.Build.0 = Release|Win32
		{790FA9D9-3259-4316-B5E4-C6C442A241D9}.MinSizeRel|Win32.ActiveCfg = MinSizeRel|Win32
		{790FA9D9-3259-4316-B5E4-C6C442A241D9}.MinSizeRel|Win32.Build.0 = MinSizeRel|Win32
		{790FA9D9-3259-4316-B5E4-C6C442A241D9}.RelWithDebInfo|Win32.ActiveCfg = RelWithDebInfo|Win32
		{790FA9D9-3259-4316-B5E4-C6C442A241D9}.RelWithDebInfo|Win32.Build.0 = RelWithDebInfo|Win32
		{DDDB4ACE-7114-472D-A0EB-E8D833EDFC47}.Debug|Win32.ActiveCfg = Debug|Win32
		{DDDB4ACE-7114-472D-A0EB-E8D833EDFC47}.Debug|Win32.Build.0 = Debug|Win32
		{DDDB4ACE-7114-472D-A0EB-E8D833EDFC47}.Release|Win32.ActiveCfg = Release|Win32
		{DDDB4ACE-7114-472D-A0EB-E8D833EDFC47}.Release|Win32.Build.0 = Release|Win32
		{DDDB4ACE-7114-472D-A0EB-E8D833EDFC47}.MinSizeRel|Win32.ActiveCfg = MinSizeRel|Win32
		{DDDB4ACE-7114-472D-A0EB-E8D833EDFC47}.MinSizeRel|Win32.Build.0 = MinSizeRel|Win32
		{DDDB4ACE-7114-472D-A0EB-E8D833EDFC47}.RelWithDebInfo|Win32.ActiveCfg = RelWithDebInfo|Win32
		{DDDB4ACE-7114-472D-A0EB-E8D833EDFC47}.RelWithDebInfo|Win32.Build.0 = RelWithDebInfo|Win32
		{DC9F2541-42BE-401C-9E3B-7570B3A5EC11}.Debug|Win32.ActiveCfg = Debug|Win32
		{DC9F2541-42BE-401C-9E3B-7570B3A5EC11}.Debug|Win32.Build.0 = Debug|Win32
		{DC9F2541-42BE-401C-9E3B-7570B3A5EC11}.Release|Win32.ActiveCfg = Release|Win32
		{DC9F2541-42BE-401C-9E3B-7570B3A5EC11}.Release|Win32.Build.0 = Release|Win32
		{DC9F2541-42BE-401C-9E3B-7570B3A5EC11}.MinSizeRel|Win32.ActiveCfg = MinSizeRel|Win32
		{DC9F2541-42BE-401C-9E3B-7570B3A5EC11}.MinSizeRel|Win32.Build.0 = MinSizeRel|Win32
		{DC9F2541-42BE-401C-9E3B-7570B3A5EC11}.RelWithDebInfo|Win32.ActiveCfg = RelWithDebInfo|Win32
		{DC9F2541-42BE-401C-9E3B-7570B3A5EC11}.RelWithDebInfo|Win32.Build.0 = RelWithDebInfo|Win32
		{18935A34-5D42-4C66-82A8-B9FE7163D21B}.Debug|Win32.ActiveCfg = Debug|Win32
		{18935A34-5D42-4C66-82A8-B9FE7163D21B}.Debug|Win32.Build.0 = Debug|Win32
		{18935A34-5D42-4C66-82A8-B9FE7163D21B}.Release|Win32.ActiveCfg = Release|Win32
		{18935A34-5D42-4C66-82A8-B9FE7163D21B}.Release|Win32.Build.0 = Release|Win32
		{18935A34-5D42-4C66-82A8-B9FE7163D21B}.MinSizeRel|Win32.ActiveCfg = MinSizeRel|Win32
		{18935A34-5D42-4C66-82A8-B9FE7163D21B}.MinSizeRel|Win32.Build.0 = MinSizeRel|Win32
		{18935A34-5D42-4C66-82A8-B9FE7163D21B}.RelWithDebInfo|Win32.ActiveCfg = RelWithDebInfo|Win32
		{18935A34-5D42-4C66-82A8-B9FE7163D21B}.RelWithDebInfo|Win32.Build.0 = RelWithDebInfo|Win32
		{4954AE85-935A-48BC-9974-9311BF313D61}.Debug|Win32.ActiveCfg = Debug|Win32
		{4954AE85-935A-48BC-9974-9311BF313D61}.Debug|Win32.Build.0 = Debug|Win32
		{4954AE85-935A-48BC-9974-9311BF313D61}.Release|Win32.ActiveCfg = Release|Win32
		{4954AE85-935A-48BC-9974-9311BF313D61}.Release|Win32.Build.0 = Release|Win32
		{4954AE85-935A-48BC-9974-9311BF313D61}.MinSizeRel|Win32.ActiveCfg = MinSizeRel|Win32
		{4954AE85-935A-48BC-9974-9311BF313D61}.MinSizeRel|Win32.Build.0 = MinSizeRel|Win32
		{4954AE85-935A-48BC-9974-9311BF313D61}.RelWithDebInfo|Win32.ActiveCfg = RelWithDebInfo|Win32
		{4954AE85-935A-48BC-9974-9311BF313D61}.RelWithDebInfo|Win32.Build.0 = RelWithDebInfo|Win32
		{615BFC68-E241-4729-A51E-A7C3AC4A7978}.Debug|Win32.ActiveCfg = Debug|Win32
		{615BFC68-E241-4729-A51E-A7C3AC4A7978}.Debug|Win32.Build.0 = Debug|Win32
		{615BFC68-E241-4729-A51E-A7C3AC4A7978}.Release|Win32.ActiveCfg = Release|Win32
		{615BFC68-E241-4729-A51E-A7C3AC4A7978}.Release|Win32.Build.0 = Release|Win32
		{615BFC68-E241-4729-A51E-A7C3AC4A7978}.MinSizeRel|Win32.ActiveCfg = MinSizeRel|Win32
		{615BFC68-E241-4729-A51E-A7C3AC4A7978}.MinSizeRel|Win32.Build.0 = MinSizeRel|Win32
		{615BFC68-E241-4729-A51E-A7C3AC4A7978}.RelWithDebInfo|Win32.ActiveCfg = RelWithDebInfo|Win32
		{615BFC68-E241-4729-A51E-A7C3AC4A7978}.RelWithDebInfo|Win32.Build.0 = RelWithDebInfo|Win32
		{B57C42B5-29A9-416F-9BC2-17C95E3C00A8}.Debug|Win32.ActiveCfg = Debug|Win32
		{B57C42B5-29A9-416F-9BC2-17C95E3C00A8}.Debug|Win32.Build.0 = Debug|Win32
		{B57C42B5-29A9-416F-9BC2-17C95E3C00A8}.Release|Win32.ActiveCfg = Release|Win32
		{B57C42B5-29A9-416F-9BC2-17C95E3C00A8}.Release|Win32.Build.0 = Release|Win32
		{B57C42B5-29A9-416F-9BC2-17C95E3C00A8}.MinSizeRel|Win32.ActiveCfg = MinSizeRel|Win32
		{B57C42B5-29A9-416F-9BC2-17C95E3C00A8}.MinSizeRel|Win32.Build.0 = MinSizeRel|Win32
		{B57C42B5-29A9-416F-9BC2-17C95E3C00A8}.RelWithDebInfo|Win32.ActiveCfg = RelWithDebInfo|Win32
		{B57C42B5-29A9-416F-9BC2-17C95E3C00A8}.RelWithDebInfo|Win32.Build.0 = RelWithDebInfo|Win32
		{04DFCAE3-9F62-4C8D-A923-9E644935E82D}.Debug|Win32.ActiveCfg = Debug|Win32
		{04DFCAE3-9F62-4C8D-A923-9E644935E82D}.Debug|Win32.Build.0 = Debug|Win32
		{04DFCAE3-9F62-4C8D-A923-9E644935E82D}.Release|Win32.ActiveCfg = Release|Win32
		{04DFCAE3-9F62-4C8D-A923-9E644935E82D}.Release|Win32.Build.0 = Release|Win32
		{04DFCAE3-9F62-4C8D-A923-9E644935E82D}.MinSizeRel|Win32.ActiveCfg = MinSizeRel|Win32
		{04DFCAE3-9F62-4C8D-A923-9E644935E82D}.MinSizeRel|Win32.Build.0 = MinSizeRel|Win32
		{04DFCAE3-9F62-4C8D-A923-9E644935E82D}.RelWithDebInfo|Win32.ActiveCfg = RelWithDebInfo|Win32
		{04DFCAE3-9F62-4C8D-A923-9E644935E82D}.RelWithDebInfo|Win32.Build.0 = RelWithDebInfo|Win32
		{5B421E49-C96F-4D42-9ED1-D373E13DFC98}.Debug|Win32.ActiveCfg = Debug|Win32
		{5B421E49-C96F-4D42-9ED1-D373E13DFC98}.Debug|Win32.Build.0 = Debug|Win32
		{5B421E49-C96F-4D42-9ED1-D373E13DFC98}.Release|Win32.ActiveCfg = Release|Win32
		{5B421E49-C96F-4D42-9ED1-D373E13DFC98}.Release|Win32.Build.0 = Release|Win32
		{5B421E49-C96F-4D42-9ED1-D373E13DFC98}.MinSizeRel|Win32.ActiveCfg = MinSizeRel|Win32
		{5B421E49-C96F-4D42-9ED1-D373E13DFC98}.MinSizeRel|Win32.Build.0 = MinSizeRel|Win32
		{5B421E49-C96F-4D42-9ED1-D373E13DFC98}.RelWithDebInfo|Win32.ActiveCfg = RelWithDebInfo|Win32
		{5B421E49-C96F-4D42-9ED1-D373E13DFC98}.RelWithDebInfo|Win32.Build.0 = RelWithDebInfo|Win32
		{F1B1F545-FB43-4CA7-9C56-B7ECAC1144B9}.Debug|Win32.ActiveCfg = Debug|Win32
		{F1B1F545-FB43-4CA7-9C56-B7ECAC1144B9}.Debug|Win32.Build.0 = Debug|Win32
		{F1B1F545-FB43-4CA7-9C56-B7ECAC1144B9}.Release|Win32.ActiveCfg = Release|Win32
		{F1B1F545-FB43-4CA7-9C56-B7ECAC1144B9}.Release|Win32.Build.0 = Release|Win32
		{F1B1F545-FB43-4CA7-9C56-B7ECAC1144B9}.MinSizeRel|Win32.ActiveCfg = MinSizeRel|Win32
		{F1B1F545-FB43-4CA7-9C56-B7ECAC1144B9}.MinSizeRel|Win32.Build.0 = MinSizeRel|Win32
		{F1B1F545-FB43-4CA7-9C56-B7ECAC1144B9}.RelWithDebInfo|Win32.ActiveCfg = RelWithDebInfo|Win32
		{F1B1F545-FB43-4CA7-9C56-B7ECAC1144B9}.RelWithDebInfo|Win32.Build.0 = RelWithDebInfo|Win32
		{4A006FDF-1C7A-47E0-B4D9-61EC564EB07B}.Debug|Win32.ActiveCfg = Debug|Win32
		{4A006FDF-1C7A-47E0-B4D9-61EC564EB07B}.Debug|Win32.Build.0 = Debug|Win32
		{4A006FDF-1C7A-47E0-B4D9-61EC564EB07B}.Release|Win32.ActiveCfg = Release|Win32
		{4A006FDF-1C7A-47E0-B4D9-61EC564EB07B}.Release|Win32.Build.0 = Release|Win32
		{4A006FDF-1C7A-47E0-B4D9-61EC564EB07B}.MinSizeRel|Win32.ActiveCfg = MinSizeRel|Win32
		{4A006FDF-1C7A-47E0-B4D9-61EC564EB07B}.MinSizeRel|Win32.Build.0 = MinSizeRel|Win32
		{4A006FDF-1C7A-47E0-B4D9-61EC564EB07B}.RelWithDebInfo|Win32.ActiveCfg = RelWithDebInfo|Win32
		{4A006FDF-1C7A-47E0-B4D9-61EC564EB07B}.RelWithDebInfo|Win32.Build.0 = RelWithDebInfo|Win32
		{629BDE99-34DE-4C22-9FE3-DD03DC15DE70}.Debug|Win32.ActiveCfg = Debug|Win32
		{629BDE99-34DE-4C22-9FE3-DD03DC15DE70}.Debug|Win32.Build.0 = Debug|Win32
		{629BDE99-34DE-4C22-9FE3-DD03DC15DE70}.Release|Win32.ActiveCfg = Release|Win32
		{629BDE99-34DE-4C22-9FE3-DD03DC15DE70}.Release|Win32.Build.0 = Release|Win32
		{629BDE99-34DE-4C22-9FE3-DD03DC15DE70}.MinSizeRel|Win32.ActiveCfg = MinSizeRel|Win32
		{629BDE99-34DE-4C22-9FE3-DD03DC15DE70}.MinSizeRel|Win32.Build.0 = MinSizeRel|Win32
		{629BDE99-34DE-4C22-9FE3-DD03DC15DE70}.RelWithDebInfo|Win32.ActiveCfg = RelWithDebInfo|Win32
		{629BDE99-34DE-4C22-9FE3-DD03DC15DE70}.RelWithDebInfo|Win32.Build.0 = RelWithDebInfo|Win32
	EndGlobalSection
	GlobalSection(ExtensibilityGlobals) = postSolution
	EndGlobalSection
	GlobalSection(ExtensibilityAddIns) = postSolution
	EndGlobalSection
EndGlobal
