<?xml version="1.0" encoding="Windows-1252"?>
<Project ToolsVersion="12.0" xmlns="http://schemas.microsoft.com/developer/msbuild/2003">
  <ItemGroup>
    <ClCompile Include="C:\projects\rb-chrome\nanomsg-0.5-beta\tests\pubsub.c">
      <Filter>Source Files</Filter>
    </ClCompile>
  </ItemGroup>
  <ItemGroup>
    <CustomBuild Include="C:\projects\rb-chrome\nanomsg-0.5-beta\CMakeLists.txt" />
  </ItemGroup>
  <ItemGroup>
    <Filter Include="Source Files">
      <UniqueIdentifier>{CE21F2E7-4739-4B28-9E0F-DE7E73D36FB3}</UniqueIdentifier>
    </Filter>
  </ItemGroup>
</Project>
