Microsoft Visual Studio Solution File, Format Version 12.00
# Visual Studio Express 2013 for Windows Desktop
Project("{8BC9CEB8-8B4A-11D0-8D11-00A0C91BC942}") = "ALL_BUILD", "ALL_BUILD.vcxproj", "{3DBBC2AB-18A9-43D5-BBB6-45385B8C57D6}"
	ProjectSection(ProjectDependencies) = postProject
		{723ABC87-1B2E-4A55-B4C9-31447F79DA40} = {723ABC87-1B2E-4A55-B4C9-31447F79DA40}
		{477A3F56-2EE0-4D3C-8100-B8EDE09CD0F0} = {477A3F56-2EE0-4D3C-8100-B8EDE09CD0F0}
		{47004AF7-89B5-4C1A-A2DB-DFC757FDC9FA} = {47004AF7-89B5-4C1A-A2DB-DFC757FDC9FA}
		{AF658233-FE66-4ADF-828B-40ABE2C6E4E9} = {AF658233-FE66-4ADF-828B-40ABE2C6E4E9}
		{D93957BD-5E7E-4FBA-921A-C41161AFA7B4} = {D93957BD-5E7E-4FBA-921A-C41161AFA7B4}
		{5FAF7248-91F9-48FF-80C8-D53EF6773C19} = {5FAF7248-91F9-48FF-80C8-D53EF6773C19}
		{D5FC8CC8-DD66-4D3F-A1C2-8CB5FC4C66E8} = {D5FC8CC8-DD66-4D3F-A1C2-8CB5FC4C66E8}
	EndProjectSection
EndProject
Project("{8BC9CEB8-8B4A-11D0-8D11-00A0C91BC942}") = "INSTALL", "INSTALL.vcxproj", "{FCF2DA48-1BF6-41EE-B8CE-0FA66DBD6CD5}"
	ProjectSection(ProjectDependencies) = postProject
		{3DBBC2AB-18A9-43D5-BBB6-45385B8C57D6} = {3DBBC2AB-18A9-43D5-BBB6-45385B8C57D6}
	EndProjectSection
EndProject
Project("{8BC9CEB8-8B4A-11D0-8D11-00A0C91BC942}") = "ZERO_CHECK", "ZERO_CHECK.vcxproj", "{723ABC87-1B2E-4A55-B4C9-31447F79DA40}"
	ProjectSection(ProjectDependencies) = postProject
	EndProjectSection
EndProject
Project("{8BC9CEB8-8B4A-11D0-8D11-00A0C91BC942}") = "apr-1", "apr-1.vcxproj", "{477A3F56-2EE0-4D3C-8100-B8EDE09CD0F0}"
	ProjectSection(ProjectDependencies) = postProject
		{723ABC87-1B2E-4A55-B4C9-31447F79DA40} = {723ABC87-1B2E-4A55-B4C9-31447F79DA40}
		{D5FC8CC8-DD66-4D3F-A1C2-8CB5FC4C66E8} = {D5FC8CC8-DD66-4D3F-A1C2-8CB5FC4C66E8}
	EndProjectSection
EndProject
Project("{8BC9CEB8-8B4A-11D0-8D11-00A0C91BC942}") = "aprapp-1", "aprapp-1.vcxproj", "{47004AF7-89B5-4C1A-A2DB-DFC757FDC9FA}"
	ProjectSection(ProjectDependencies) = postProject
		{723ABC87-1B2E-4A55-B4C9-31447F79DA40} = {723ABC87-1B2E-4A55-B4C9-31447F79DA40}
	EndProjectSection
EndProject
Project("{8BC9CEB8-8B4A-11D0-8D11-00A0C91BC942}") = "gen_test_char", "gen_test_char.vcxproj", "{AF658233-FE66-4ADF-828B-40ABE2C6E4E9}"
	ProjectSection(ProjectDependencies) = postProject
		{723ABC87-1B2E-4A55-B4C9-31447F79DA40} = {723ABC87-1B2E-4A55-B4C9-31447F79DA40}
	EndProjectSection
EndProject
Project("{8BC9CEB8-8B4A-11D0-8D11-00A0C91BC942}") = "libapr-1", "libapr-1.vcxproj", "{D93957BD-5E7E-4FBA-921A-C41161AFA7B4}"
	ProjectSection(ProjectDependencies) = postProject
		{723ABC87-1B2E-4A55-B4C9-31447F79DA40} = {723ABC87-1B2E-4A55-B4C9-31447F79DA40}
		{D5FC8CC8-DD66-4D3F-A1C2-8CB5FC4C66E8} = {D5FC8CC8-DD66-4D3F-A1C2-8CB5FC4C66E8}
	EndProjectSection
EndProject
Project("{8BC9CEB8-8B4A-11D0-8D11-00A0C91BC942}") = "libaprapp-1", "libaprapp-1.vcxproj", "{5FAF7248-91F9-48FF-80C8-D53EF6773C19}"
	ProjectSection(ProjectDependencies) = postProject
		{723ABC87-1B2E-4A55-B4C9-31447F79DA40} = {723ABC87-1B2E-4A55-B4C9-31447F79DA40}
	EndProjectSection
EndProject
Project("{8BC9CEB8-8B4A-11D0-8D11-00A0C91BC942}") = "test_char_header", "test_char_header.vcxproj", "{D5FC8CC8-DD66-4D3F-A1C2-8CB5FC4C66E8}"
	ProjectSection(ProjectDependencies) = postProject
		{723ABC87-1B2E-4A55-B4C9-31447F79DA40} = {723ABC87-1B2E-4A55-B4C9-31447F79DA40}
		{AF658233-FE66-4ADF-828B-40ABE2C6E4E9} = {AF658233-FE66-4ADF-828B-40ABE2C6E4E9}
	EndProjectSection
EndProject
Global
	GlobalSection(SolutionConfigurationPlatforms) = preSolution
		Debug|Win32 = Debug|Win32
		Release|Win32 = Release|Win32
		MinSizeRel|Win32 = MinSizeRel|Win32
		RelWithDebInfo|Win32 = RelWithDebInfo|Win32
	EndGlobalSection
	GlobalSection(ProjectConfigurationPlatforms) = postSolution
		{3DBBC2AB-18A9-43D5-BBB6-45385B8C57D6}.Debug|Win32.ActiveCfg = Debug|Win32
		{3DBBC2AB-18A9-43D5-BBB6-45385B8C57D6}.Debug|Win32.Build.0 = Debug|Win32
		{3DBBC2AB-18A9-43D5-BBB6-45385B8C57D6}.Release|Win32.ActiveCfg = Release|Win32
		{3DBBC2AB-18A9-43D5-BBB6-45385B8C57D6}.Release|Win32.Build.0 = Release|Win32
		{3DBBC2AB-18A9-43D5-BBB6-45385B8C57D6}.MinSizeRel|Win32.ActiveCfg = MinSizeRel|Win32
		{3DBBC2AB-18A9-43D5-BBB6-45385B8C57D6}.MinSizeRel|Win32.Build.0 = MinSizeRel|Win32
		{3DBBC2AB-18A9-43D5-BBB6-45385B8C57D6}.RelWithDebInfo|Win32.ActiveCfg = RelWithDebInfo|Win32
		{3DBBC2AB-18A9-43D5-BBB6-45385B8C57D6}.RelWithDebInfo|Win32.Build.0 = RelWithDebInfo|Win32
		{FCF2DA48-1BF6-41EE-B8CE-0FA66DBD6CD5}.Debug|Win32.ActiveCfg = Debug|Win32
		{FCF2DA48-1BF6-41EE-B8CE-0FA66DBD6CD5}.Release|Win32.ActiveCfg = Release|Win32
		{FCF2DA48-1BF6-41EE-B8CE-0FA66DBD6CD5}.MinSizeRel|Win32.ActiveCfg = MinSizeRel|Win32
		{FCF2DA48-1BF6-41EE-B8CE-0FA66DBD6CD5}.RelWithDebInfo|Win32.ActiveCfg = RelWithDebInfo|Win32
		{723ABC87-1B2E-4A55-B4C9-31447F79DA40}.Debug|Win32.ActiveCfg = Debug|Win32
		{723ABC87-1B2E-4A55-B4C9-31447F79DA40}.Debug|Win32.Build.0 = Debug|Win32
		{723ABC87-1B2E-4A55-B4C9-31447F79DA40}.Release|Win32.ActiveCfg = Release|Win32
		{723ABC87-1B2E-4A55-B4C9-31447F79DA40}.Release|Win32.Build.0 = Release|Win32
		{723ABC87-1B2E-4A55-B4C9-31447F79DA40}.MinSizeRel|Win32.ActiveCfg = MinSizeRel|Win32
		{723ABC87-1B2E-4A55-B4C9-31447F79DA40}.MinSizeRel|Win32.Build.0 = MinSizeRel|Win32
		{723ABC87-1B2E-4A55-B4C9-31447F79DA40}.RelWithDebInfo|Win32.ActiveCfg = RelWithDebInfo|Win32
		{723ABC87-1B2E-4A55-B4C9-31447F79DA40}.RelWithDebInfo|Win32.Build.0 = RelWithDebInfo|Win32
		{477A3F56-2EE0-4D3C-8100-B8EDE09CD0F0}.Debug|Win32.ActiveCfg = Debug|Win32
		{477A3F56-2EE0-4D3C-8100-B8EDE09CD0F0}.Debug|Win32.Build.0 = Debug|Win32
		{477A3F56-2EE0-4D3C-8100-B8EDE09CD0F0}.Release|Win32.ActiveCfg = Release|Win32
		{477A3F56-2EE0-4D3C-8100-B8EDE09CD0F0}.Release|Win32.Build.0 = Release|Win32
		{477A3F56-2EE0-4D3C-8100-B8EDE09CD0F0}.MinSizeRel|Win32.ActiveCfg = MinSizeRel|Win32
		{477A3F56-2EE0-4D3C-8100-B8EDE09CD0F0}.MinSizeRel|Win32.Build.0 = MinSizeRel|Win32
		{477A3F56-2EE0-4D3C-8100-B8EDE09CD0F0}.RelWithDebInfo|Win32.ActiveCfg = RelWithDebInfo|Win32
		{477A3F56-2EE0-4D3C-8100-B8EDE09CD0F0}.RelWithDebInfo|Win32.Build.0 = RelWithDebInfo|Win32
		{47004AF7-89B5-4C1A-A2DB-DFC757FDC9FA}.Debug|Win32.ActiveCfg = Debug|Win32
		{47004AF7-89B5-4C1A-A2DB-DFC757FDC9FA}.Debug|Win32.Build.0 = Debug|Win32
		{47004AF7-89B5-4C1A-A2DB-DFC757FDC9FA}.Release|Win32.ActiveCfg = Release|Win32
		{47004AF7-89B5-4C1A-A2DB-DFC757FDC9FA}.Release|Win32.Build.0 = Release|Win32
		{47004AF7-89B5-4C1A-A2DB-DFC757FDC9FA}.MinSizeRel|Win32.ActiveCfg = MinSizeRel|Win32
		{47004AF7-89B5-4C1A-A2DB-DFC757FDC9FA}.MinSizeRel|Win32.Build.0 = MinSizeRel|Win32
		{47004AF7-89B5-4C1A-A2DB-DFC757FDC9FA}.RelWithDebInfo|Win32.ActiveCfg = RelWithDebInfo|Win32
		{47004AF7-89B5-4C1A-A2DB-DFC757FDC9FA}.RelWithDebInfo|Win32.Build.0 = RelWithDebInfo|Win32
		{AF658233-FE66-4ADF-828B-40ABE2C6E4E9}.Debug|Win32.ActiveCfg = Debug|Win32
		{AF658233-FE66-4ADF-828B-40ABE2C6E4E9}.Debug|Win32.Build.0 = Debug|Win32
		{AF658233-FE66-4ADF-828B-40ABE2C6E4E9}.Release|Win32.ActiveCfg = Release|Win32
		{AF658233-FE66-4ADF-828B-40ABE2C6E4E9}.Release|Win32.Build.0 = Release|Win32
		{AF658233-FE66-4ADF-828B-40ABE2C6E4E9}.MinSizeRel|Win32.ActiveCfg = MinSizeRel|Win32
		{AF658233-FE66-4ADF-828B-40ABE2C6E4E9}.MinSizeRel|Win32.Build.0 = MinSizeRel|Win32
		{AF658233-FE66-4ADF-828B-40ABE2C6E4E9}.RelWithDebInfo|Win32.ActiveCfg = RelWithDebInfo|Win32
		{AF658233-FE66-4ADF-828B-40ABE2C6E4E9}.RelWithDebInfo|Win32.Build.0 = RelWithDebInfo|Win32
		{D93957BD-5E7E-4FBA-921A-C41161AFA7B4}.Debug|Win32.ActiveCfg = Debug|Win32
		{D93957BD-5E7E-4FBA-921A-C41161AFA7B4}.Debug|Win32.Build.0 = Debug|Win32
		{D93957BD-5E7E-4FBA-921A-C41161AFA7B4}.Release|Win32.ActiveCfg = Release|Win32
		{D93957BD-5E7E-4FBA-921A-C41161AFA7B4}.Release|Win32.Build.0 = Release|Win32
		{D93957BD-5E7E-4FBA-921A-C41161AFA7B4}.MinSizeRel|Win32.ActiveCfg = MinSizeRel|Win32
		{D93957BD-5E7E-4FBA-921A-C41161AFA7B4}.MinSizeRel|Win32.Build.0 = MinSizeRel|Win32
		{D93957BD-5E7E-4FBA-921A-C41161AFA7B4}.RelWithDebInfo|Win32.ActiveCfg = RelWithDebInfo|Win32
		{D93957BD-5E7E-4FBA-921A-C41161AFA7B4}.RelWithDebInfo|Win32.Build.0 = RelWithDebInfo|Win32
		{5FAF7248-91F9-48FF-80C8-D53EF6773C19}.Debug|Win32.ActiveCfg = Debug|Win32
		{5FAF7248-91F9-48FF-80C8-D53EF6773C19}.Debug|Win32.Build.0 = Debug|Win32
		{5FAF7248-91F9-48FF-80C8-D53EF6773C19}.Release|Win32.ActiveCfg = Release|Win32
		{5FAF7248-91F9-48FF-80C8-D53EF6773C19}.Release|Win32.Build.0 = Release|Win32
		{5FAF7248-91F9-48FF-80C8-D53EF6773C19}.MinSizeRel|Win32.ActiveCfg = MinSizeRel|Win32
		{5FAF7248-91F9-48FF-80C8-D53EF6773C19}.MinSizeRel|Win32.Build.0 = MinSizeRel|Win32
		{5FAF7248-91F9-48FF-80C8-D53EF6773C19}.RelWithDebInfo|Win32.ActiveCfg = RelWithDebInfo|Win32
		{5FAF7248-91F9-48FF-80C8-D53EF6773C19}.RelWithDebInfo|Win32.Build.0 = RelWithDebInfo|Win32
		{D5FC8CC8-DD66-4D3F-A1C2-8CB5FC4C66E8}.Debug|Win32.ActiveCfg = Debug|Win32
		{D5FC8CC8-DD66-4D3F-A1C2-8CB5FC4C66E8}.Debug|Win32.Build.0 = Debug|Win32
		{D5FC8CC8-DD66-4D3F-A1C2-8CB5FC4C66E8}.Release|Win32.ActiveCfg = Release|Win32
		{D5FC8CC8-DD66-4D3F-A1C2-8CB5FC4C66E8}.Release|Win32.Build.0 = Release|Win32
		{D5FC8CC8-DD66-4D3F-A1C2-8CB5FC4C66E8}.MinSizeRel|Win32.ActiveCfg = MinSizeRel|Win32
		{D5FC8CC8-DD66-4D3F-A1C2-8CB5FC4C66E8}.MinSizeRel|Win32.Build.0 = MinSizeRel|Win32
		{D5FC8CC8-DD66-4D3F-A1C2-8CB5FC4C66E8}.RelWithDebInfo|Win32.ActiveCfg = RelWithDebInfo|Win32
		{D5FC8CC8-DD66-4D3F-A1C2-8CB5FC4C66E8}.RelWithDebInfo|Win32.Build.0 = RelWithDebInfo|Win32
	EndGlobalSection
	GlobalSection(ExtensibilityGlobals) = postSolution
	EndGlobalSection
	GlobalSection(ExtensibilityAddIns) = postSolution
	EndGlobalSection
EndGlobal
