Microsoft Visual Studio Solution File, Format Version 12.00
# Visual Studio Express 2013 for Windows Desktop
Project("{8BC9CEB8-8B4A-11D0-8D11-00A0C91BC942}") = "ALL_BUILD", "ALL_BUILD.vcxproj", "{2EC76DC9-F8BF-4A95-B27C-0F4168A921A1}"
	ProjectSection(ProjectDependencies) = postProject
		{57B0CBAF-1BD2-424C-8B88-66961C3C25AE} = {57B0CBAF-1BD2-424C-8B88-66961C3C25AE}
		{28E29033-C72B-4A14-A98E-A37EB601E6C4} = {28E29033-C72B-4A14-A98E-A37EB601E6C4}
		{A62CB243-BBF6-4B64-BAB2-756E69134F24} = {A62CB243-BBF6-4B64-BAB2-756E69134F24}
		{CD58C6F9-9D6A-44A4-8327-BCDF597C370E} = {CD58C6F9-9D6A-44A4-8327-BCDF597C370E}
		{732F5266-FB02-4A61-9F70-D9E12FE41085} = {732F5266-FB02-4A61-9F70-D9E12FE41085}
		{E17BFDE1-F110-4B1A-A364-E47B76655CAB} = {E17BFDE1-F110-4B1A-A364-E47B76655CAB}
		{E0AE578C-192D-4CE8-8EEC-65AC2105D22F} = {E0AE578C-192D-4CE8-8EEC-65AC2105D22F}
	EndProjectSection
EndProject
Project("{8BC9CEB8-8B4A-11D0-8D11-00A0C91BC942}") = "INSTALL", "INSTALL.vcxproj", "{2460BE88-6630-4A62-8146-442561D86E78}"
	ProjectSection(ProjectDependencies) = postProject
		{2EC76DC9-F8BF-4A95-B27C-0F4168A921A1} = {2EC76DC9-F8BF-4A95-B27C-0F4168A921A1}
	EndProjectSection
EndProject
Project("{8BC9CEB8-8B4A-11D0-8D11-00A0C91BC942}") = "ZERO_CHECK", "ZERO_CHECK.vcxproj", "{57B0CBAF-1BD2-424C-8B88-66961C3C25AE}"
	ProjectSection(ProjectDependencies) = postProject
	EndProjectSection
EndProject
Project("{8BC9CEB8-8B4A-11D0-8D11-00A0C91BC942}") = "apr-1", "apr-1.vcxproj", "{28E29033-C72B-4A14-A98E-A37EB601E6C4}"
	ProjectSection(ProjectDependencies) = postProject
		{57B0CBAF-1BD2-424C-8B88-66961C3C25AE} = {57B0CBAF-1BD2-424C-8B88-66961C3C25AE}
		{E0AE578C-192D-4CE8-8EEC-65AC2105D22F} = {E0AE578C-192D-4CE8-8EEC-65AC2105D22F}
	EndProjectSection
EndProject
Project("{8BC9CEB8-8B4A-11D0-8D11-00A0C91BC942}") = "aprapp-1", "aprapp-1.vcxproj", "{A62CB243-BBF6-4B64-BAB2-756E69134F24}"
	ProjectSection(ProjectDependencies) = postProject
		{57B0CBAF-1BD2-424C-8B88-66961C3C25AE} = {57B0CBAF-1BD2-424C-8B88-66961C3C25AE}
	EndProjectSection
EndProject
Project("{8BC9CEB8-8B4A-11D0-8D11-00A0C91BC942}") = "gen_test_char", "gen_test_char.vcxproj", "{CD58C6F9-9D6A-44A4-8327-BCDF597C370E}"
	ProjectSection(ProjectDependencies) = postProject
		{57B0CBAF-1BD2-424C-8B88-66961C3C25AE} = {57B0CBAF-1BD2-424C-8B88-66961C3C25AE}
	EndProjectSection
EndProject
Project("{8BC9CEB8-8B4A-11D0-8D11-00A0C91BC942}") = "libapr-1", "libapr-1.vcxproj", "{732F5266-FB02-4A61-9F70-D9E12FE41085}"
	ProjectSection(ProjectDependencies) = postProject
		{57B0CBAF-1BD2-424C-8B88-66961C3C25AE} = {57B0CBAF-1BD2-424C-8B88-66961C3C25AE}
		{E0AE578C-192D-4CE8-8EEC-65AC2105D22F} = {E0AE578C-192D-4CE8-8EEC-65AC2105D22F}
	EndProjectSection
EndProject
Project("{8BC9CEB8-8B4A-11D0-8D11-00A0C91BC942}") = "libaprapp-1", "libaprapp-1.vcxproj", "{E17BFDE1-F110-4B1A-A364-E47B76655CAB}"
	ProjectSection(ProjectDependencies) = postProject
		{57B0CBAF-1BD2-424C-8B88-66961C3C25AE} = {57B0CBAF-1BD2-424C-8B88-66961C3C25AE}
	EndProjectSection
EndProject
Project("{8BC9CEB8-8B4A-11D0-8D11-00A0C91BC942}") = "test_char_header", "test_char_header.vcxproj", "{E0AE578C-192D-4CE8-8EEC-65AC2105D22F}"
	ProjectSection(ProjectDependencies) = postProject
		{57B0CBAF-1BD2-424C-8B88-66961C3C25AE} = {57B0CBAF-1BD2-424C-8B88-66961C3C25AE}
		{CD58C6F9-9D6A-44A4-8327-BCDF597C370E} = {CD58C6F9-9D6A-44A4-8327-BCDF597C370E}
	EndProjectSection
EndProject
Global
	GlobalSection(SolutionConfigurationPlatforms) = preSolution
		Debug|Win32 = Debug|Win32
		Release|Win32 = Release|Win32
		MinSizeRel|Win32 = MinSizeRel|Win32
		RelWithDebInfo|Win32 = RelWithDebInfo|Win32
	EndGlobalSection
	GlobalSection(ProjectConfigurationPlatforms) = postSolution
		{2EC76DC9-F8BF-4A95-B27C-0F4168A921A1}.Debug|Win32.ActiveCfg = Debug|Win32
		{2EC76DC9-F8BF-4A95-B27C-0F4168A921A1}.Debug|Win32.Build.0 = Debug|Win32
		{2EC76DC9-F8BF-4A95-B27C-0F4168A921A1}.Release|Win32.ActiveCfg = Release|Win32
		{2EC76DC9-F8BF-4A95-B27C-0F4168A921A1}.Release|Win32.Build.0 = Release|Win32
		{2EC76DC9-F8BF-4A95-B27C-0F4168A921A1}.MinSizeRel|Win32.ActiveCfg = MinSizeRel|Win32
		{2EC76DC9-F8BF-4A95-B27C-0F4168A921A1}.MinSizeRel|Win32.Build.0 = MinSizeRel|Win32
		{2EC76DC9-F8BF-4A95-B27C-0F4168A921A1}.RelWithDebInfo|Win32.ActiveCfg = RelWithDebInfo|Win32
		{2EC76DC9-F8BF-4A95-B27C-0F4168A921A1}.RelWithDebInfo|Win32.Build.0 = RelWithDebInfo|Win32
		{2460BE88-6630-4A62-8146-442561D86E78}.Debug|Win32.ActiveCfg = Debug|Win32
		{2460BE88-6630-4A62-8146-442561D86E78}.Release|Win32.ActiveCfg = Release|Win32
		{2460BE88-6630-4A62-8146-442561D86E78}.MinSizeRel|Win32.ActiveCfg = MinSizeRel|Win32
		{2460BE88-6630-4A62-8146-442561D86E78}.RelWithDebInfo|Win32.ActiveCfg = RelWithDebInfo|Win32
		{57B0CBAF-1BD2-424C-8B88-66961C3C25AE}.Debug|Win32.ActiveCfg = Debug|Win32
		{57B0CBAF-1BD2-424C-8B88-66961C3C25AE}.Debug|Win32.Build.0 = Debug|Win32
		{57B0CBAF-1BD2-424C-8B88-66961C3C25AE}.Release|Win32.ActiveCfg = Release|Win32
		{57B0CBAF-1BD2-424C-8B88-66961C3C25AE}.Release|Win32.Build.0 = Release|Win32
		{57B0CBAF-1BD2-424C-8B88-66961C3C25AE}.MinSizeRel|Win32.ActiveCfg = MinSizeRel|Win32
		{57B0CBAF-1BD2-424C-8B88-66961C3C25AE}.MinSizeRel|Win32.Build.0 = MinSizeRel|Win32
		{57B0CBAF-1BD2-424C-8B88-66961C3C25AE}.RelWithDebInfo|Win32.ActiveCfg = RelWithDebInfo|Win32
		{57B0CBAF-1BD2-424C-8B88-66961C3C25AE}.RelWithDebInfo|Win32.Build.0 = RelWithDebInfo|Win32
		{28E29033-C72B-4A14-A98E-A37EB601E6C4}.Debug|Win32.ActiveCfg = Debug|Win32
		{28E29033-C72B-4A14-A98E-A37EB601E6C4}.Debug|Win32.Build.0 = Debug|Win32
		{28E29033-C72B-4A14-A98E-A37EB601E6C4}.Release|Win32.ActiveCfg = Release|Win32
		{28E29033-C72B-4A14-A98E-A37EB601E6C4}.Release|Win32.Build.0 = Release|Win32
		{28E29033-C72B-4A14-A98E-A37EB601E6C4}.MinSizeRel|Win32.ActiveCfg = MinSizeRel|Win32
		{28E29033-C72B-4A14-A98E-A37EB601E6C4}.MinSizeRel|Win32.Build.0 = MinSizeRel|Win32
		{28E29033-C72B-4A14-A98E-A37EB601E6C4}.RelWithDebInfo|Win32.ActiveCfg = RelWithDebInfo|Win32
		{28E29033-C72B-4A14-A98E-A37EB601E6C4}.RelWithDebInfo|Win32.Build.0 = RelWithDebInfo|Win32
		{A62CB243-BBF6-4B64-BAB2-756E69134F24}.Debug|Win32.ActiveCfg = Debug|Win32
		{A62CB243-BBF6-4B64-BAB2-756E69134F24}.Debug|Win32.Build.0 = Debug|Win32
		{A62CB243-BBF6-4B64-BAB2-756E69134F24}.Release|Win32.ActiveCfg = Release|Win32
		{A62CB243-BBF6-4B64-BAB2-756E69134F24}.Release|Win32.Build.0 = Release|Win32
		{A62CB243-BBF6-4B64-BAB2-756E69134F24}.MinSizeRel|Win32.ActiveCfg = MinSizeRel|Win32
		{A62CB243-BBF6-4B64-BAB2-756E69134F24}.MinSizeRel|Win32.Build.0 = MinSizeRel|Win32
		{A62CB243-BBF6-4B64-BAB2-756E69134F24}.RelWithDebInfo|Win32.ActiveCfg = RelWithDebInfo|Win32
		{A62CB243-BBF6-4B64-BAB2-756E69134F24}.RelWithDebInfo|Win32.Build.0 = RelWithDebInfo|Win32
		{CD58C6F9-9D6A-44A4-8327-BCDF597C370E}.Debug|Win32.ActiveCfg = Debug|Win32
		{CD58C6F9-9D6A-44A4-8327-BCDF597C370E}.Debug|Win32.Build.0 = Debug|Win32
		{CD58C6F9-9D6A-44A4-8327-BCDF597C370E}.Release|Win32.ActiveCfg = Release|Win32
		{CD58C6F9-9D6A-44A4-8327-BCDF597C370E}.Release|Win32.Build.0 = Release|Win32
		{CD58C6F9-9D6A-44A4-8327-BCDF597C370E}.MinSizeRel|Win32.ActiveCfg = MinSizeRel|Win32
		{CD58C6F9-9D6A-44A4-8327-BCDF597C370E}.MinSizeRel|Win32.Build.0 = MinSizeRel|Win32
		{CD58C6F9-9D6A-44A4-8327-BCDF597C370E}.RelWithDebInfo|Win32.ActiveCfg = RelWithDebInfo|Win32
		{CD58C6F9-9D6A-44A4-8327-BCDF597C370E}.RelWithDebInfo|Win32.Build.0 = RelWithDebInfo|Win32
		{732F5266-FB02-4A61-9F70-D9E12FE41085}.Debug|Win32.ActiveCfg = Debug|Win32
		{732F5266-FB02-4A61-9F70-D9E12FE41085}.Debug|Win32.Build.0 = Debug|Win32
		{732F5266-FB02-4A61-9F70-D9E12FE41085}.Release|Win32.ActiveCfg = Release|Win32
		{732F5266-FB02-4A61-9F70-D9E12FE41085}.Release|Win32.Build.0 = Release|Win32
		{732F5266-FB02-4A61-9F70-D9E12FE41085}.MinSizeRel|Win32.ActiveCfg = MinSizeRel|Win32
		{732F5266-FB02-4A61-9F70-D9E12FE41085}.MinSizeRel|Win32.Build.0 = MinSizeRel|Win32
		{732F5266-FB02-4A61-9F70-D9E12FE41085}.RelWithDebInfo|Win32.ActiveCfg = RelWithDebInfo|Win32
		{732F5266-FB02-4A61-9F70-D9E12FE41085}.RelWithDebInfo|Win32.Build.0 = RelWithDebInfo|Win32
		{E17BFDE1-F110-4B1A-A364-E47B76655CAB}.Debug|Win32.ActiveCfg = Debug|Win32
		{E17BFDE1-F110-4B1A-A364-E47B76655CAB}.Debug|Win32.Build.0 = Debug|Win32
		{E17BFDE1-F110-4B1A-A364-E47B76655CAB}.Release|Win32.ActiveCfg = Release|Win32
		{E17BFDE1-F110-4B1A-A364-E47B76655CAB}.Release|Win32.Build.0 = Release|Win32
		{E17BFDE1-F110-4B1A-A364-E47B76655CAB}.MinSizeRel|Win32.ActiveCfg = MinSizeRel|Win32
		{E17BFDE1-F110-4B1A-A364-E47B76655CAB}.MinSizeRel|Win32.Build.0 = MinSizeRel|Win32
		{E17BFDE1-F110-4B1A-A364-E47B76655CAB}.RelWithDebInfo|Win32.ActiveCfg = RelWithDebInfo|Win32
		{E17BFDE1-F110-4B1A-A364-E47B76655CAB}.RelWithDebInfo|Win32.Build.0 = RelWithDebInfo|Win32
		{E0AE578C-192D-4CE8-8EEC-65AC2105D22F}.Debug|Win32.ActiveCfg = Debug|Win32
		{E0AE578C-192D-4CE8-8EEC-65AC2105D22F}.Debug|Win32.Build.0 = Debug|Win32
		{E0AE578C-192D-4CE8-8EEC-65AC2105D22F}.Release|Win32.ActiveCfg = Release|Win32
		{E0AE578C-192D-4CE8-8EEC-65AC2105D22F}.Release|Win32.Build.0 = Release|Win32
		{E0AE578C-192D-4CE8-8EEC-65AC2105D22F}.MinSizeRel|Win32.ActiveCfg = MinSizeRel|Win32
		{E0AE578C-192D-4CE8-8EEC-65AC2105D22F}.MinSizeRel|Win32.Build.0 = MinSizeRel|Win32
		{E0AE578C-192D-4CE8-8EEC-65AC2105D22F}.RelWithDebInfo|Win32.ActiveCfg = RelWithDebInfo|Win32
		{E0AE578C-192D-4CE8-8EEC-65AC2105D22F}.RelWithDebInfo|Win32.Build.0 = RelWithDebInfo|Win32
	EndGlobalSection
	GlobalSection(ExtensibilityGlobals) = postSolution
	EndGlobalSection
	GlobalSection(ExtensibilityAddIns) = postSolution
	EndGlobalSection
EndGlobal
